// !$*UTF8*$!
{
	archiveVersion = 1;
	classes = {
	};
	objectVersion = 46;
	objects = {

/* Begin PBXAggregateTarget section */
		4947D90F1698754A008971EF /* LibTiffUniversal */ = {
			isa = PBXAggregateTarget;
			buildConfigurationList = 4947D9101698754A008971EF /* Build configuration list for PBXAggregateTarget "LibTiffUniversal" */;
			buildPhases = (
				4947D9131698755F008971EF /* ShellScript */,
			);
			dependencies = (
			);
			name = LibTiffUniversal;
			productName = LibTiffUniversal;
		};
/* End PBXAggregateTarget section */

/* Begin PBXBuildFile section */
		4947D89F16987405008971EF /* tif_aux.c in Sources */ = {isa = PBXBuildFile; fileRef = 499D514D155C59A3006F6E28 /* tif_aux.c */; };
		4947D8A016987405008971EF /* tif_close.c in Sources */ = {isa = PBXBuildFile; fileRef = 499D514E155C59A3006F6E28 /* tif_close.c */; };
		4947D8A116987405008971EF /* tif_codec.c in Sources */ = {isa = PBXBuildFile; fileRef = 499D514F155C59A3006F6E28 /* tif_codec.c */; };
		4947D8A216987405008971EF /* tif_color.c in Sources */ = {isa = PBXBuildFile; fileRef = 499D5150155C59A3006F6E28 /* tif_color.c */; };
		4947D8A316987405008971EF /* tif_compress.c in Sources */ = {isa = PBXBuildFile; fileRef = 499D5151155C59A3006F6E28 /* tif_compress.c */; };
		4947D8A416987405008971EF /* tif_dir.c in Sources */ = {isa = PBXBuildFile; fileRef = 499D5153155C59A3006F6E28 /* tif_dir.c */; };
		4947D8A516987405008971EF /* tif_dirinfo.c in Sources */ = {isa = PBXBuildFile; fileRef = 499D5155155C59A3006F6E28 /* tif_dirinfo.c */; };
		4947D8A616987405008971EF /* tif_dirread.c in Sources */ = {isa = PBXBuildFile; fileRef = 499D5156155C59A3006F6E28 /* tif_dirread.c */; };
		4947D8A716987405008971EF /* tif_dirwrite.c in Sources */ = {isa = PBXBuildFile; fileRef = 499D5157155C59A3006F6E28 /* tif_dirwrite.c */; };
		4947D8A816987405008971EF /* tif_dumpmode.c in Sources */ = {isa = PBXBuildFile; fileRef = 499D5158155C59A3006F6E28 /* tif_dumpmode.c */; };
		4947D8A916987405008971EF /* tif_error.c in Sources */ = {isa = PBXBuildFile; fileRef = 499D5159155C59A3006F6E28 /* tif_error.c */; };
		4947D8AA16987405008971EF /* tif_extension.c in Sources */ = {isa = PBXBuildFile; fileRef = 499D515A155C59A3006F6E28 /* tif_extension.c */; };
		4947D8AB16987405008971EF /* tif_fax3.c in Sources */ = {isa = PBXBuildFile; fileRef = 499D515B155C59A3006F6E28 /* tif_fax3.c */; };
		4947D8AC16987405008971EF /* tif_fax3sm.c in Sources */ = {isa = PBXBuildFile; fileRef = 499D515D155C59A3006F6E28 /* tif_fax3sm.c */; };
		4947D8AD16987405008971EF /* tif_flush.c in Sources */ = {isa = PBXBuildFile; fileRef = 499D515E155C59A3006F6E28 /* tif_flush.c */; };
		4947D8AE16987405008971EF /* tif_getimage.c in Sources */ = {isa = PBXBuildFile; fileRef = 499D515F155C59A3006F6E28 /* tif_getimage.c */; };
		4947D8AF16987405008971EF /* tif_jbig.c in Sources */ = {isa = PBXBuildFile; fileRef = 499D5160155C59A3006F6E28 /* tif_jbig.c */; };
		4947D8B016987405008971EF /* tif_jpeg.c in Sources */ = {isa = PBXBuildFile; fileRef = 499D5161155C59A3006F6E28 /* tif_jpeg.c */; };
		4947D8B116987405008971EF /* tif_luv.c in Sources */ = {isa = PBXBuildFile; fileRef = 499D5162155C59A3006F6E28 /* tif_luv.c */; };
		4947D8B216987405008971EF /* tif_lzw.c in Sources */ = {isa = PBXBuildFile; fileRef = 499D5163155C59A3006F6E28 /* tif_lzw.c */; };
		4947D8B316987405008971EF /* tif_next.c in Sources */ = {isa = PBXBuildFile; fileRef = 499D5164155C59A3006F6E28 /* tif_next.c */; };
		4947D8B416987405008971EF /* tif_ojpeg.c in Sources */ = {isa = PBXBuildFile; fileRef = 499D5165155C59A3006F6E28 /* tif_ojpeg.c */; };
		4947D8B516987405008971EF /* tif_open.c in Sources */ = {isa = PBXBuildFile; fileRef = 499D5166155C59A3006F6E28 /* tif_open.c */; };
		4947D8B616987405008971EF /* tif_packbits.c in Sources */ = {isa = PBXBuildFile; fileRef = 499D5167155C59A3006F6E28 /* tif_packbits.c */; };
		4947D8B716987405008971EF /* tif_pixarlog.c in Sources */ = {isa = PBXBuildFile; fileRef = 499D5168155C59A3006F6E28 /* tif_pixarlog.c */; };
		4947D8B816987405008971EF /* tif_predict.c in Sources */ = {isa = PBXBuildFile; fileRef = 499D5169155C59A3006F6E28 /* tif_predict.c */; };
		4947D8B916987405008971EF /* tif_print.c in Sources */ = {isa = PBXBuildFile; fileRef = 499D516B155C59A3006F6E28 /* tif_print.c */; };
		4947D8BA16987405008971EF /* tif_read.c in Sources */ = {isa = PBXBuildFile; fileRef = 499D516C155C59A3006F6E28 /* tif_read.c */; };
		4947D8BB16987405008971EF /* tif_strip.c in Sources */ = {isa = PBXBuildFile; fileRef = 499D516E155C59A3006F6E28 /* tif_strip.c */; };
		4947D8BC16987405008971EF /* tif_swab.c in Sources */ = {isa = PBXBuildFile; fileRef = 499D516F155C59A3006F6E28 /* tif_swab.c */; };
		4947D8BD16987405008971EF /* tif_thunder.c in Sources */ = {isa = PBXBuildFile; fileRef = 499D5170155C59A3006F6E28 /* tif_thunder.c */; };
		4947D8BE16987405008971EF /* tif_tile.c in Sources */ = {isa = PBXBuildFile; fileRef = 499D5171155C59A3006F6E28 /* tif_tile.c */; };
		4947D8BF16987405008971EF /* tif_unix.c in Sources */ = {isa = PBXBuildFile; fileRef = 499D5172155C59A3006F6E28 /* tif_unix.c */; };
		4947D8C016987405008971EF /* tif_version.c in Sources */ = {isa = PBXBuildFile; fileRef = 499D5173155C59A3006F6E28 /* tif_version.c */; };
		4947D8C116987405008971EF /* tif_warning.c in Sources */ = {isa = PBXBuildFile; fileRef = 499D5174155C59A3006F6E28 /* tif_warning.c */; };
		4947D8C216987405008971EF /* tif_write.c in Sources */ = {isa = PBXBuildFile; fileRef = 499D5175155C59A3006F6E28 /* tif_write.c */; };
		4947D8C316987405008971EF /* tif_zip.c in Sources */ = {isa = PBXBuildFile; fileRef = 499D5176155C59A3006F6E28 /* tif_zip.c */; };
		4947D8C416987413008971EF /* t4.h in Headers */ = {isa = PBXBuildFile; fileRef = 499D514C155C59A3006F6E28 /* t4.h */; };
		4947D8C516987413008971EF /* tif_config.h in Headers */ = {isa = PBXBuildFile; fileRef = 499D5152155C59A3006F6E28 /* tif_config.h */; };
		4947D8C616987413008971EF /* tif_dir.h in Headers */ = {isa = PBXBuildFile; fileRef = 499D5154155C59A3006F6E28 /* tif_dir.h */; };
		4947D8C716987413008971EF /* tif_fax3.h in Headers */ = {isa = PBXBuildFile; fileRef = 499D515C155C59A3006F6E28 /* tif_fax3.h */; };
		4947D8C816987413008971EF /* tif_predict.h in Headers */ = {isa = PBXBuildFile; fileRef = 499D516A155C59A3006F6E28 /* tif_predict.h */; };
		4947D8C916987413008971EF /* tiff.h in Headers */ = {isa = PBXBuildFile; fileRef = 499D5177155C59A3006F6E28 /* tiff.h */; };
		4947D8CA16987413008971EF /* tiffconf.h in Headers */ = {isa = PBXBuildFile; fileRef = 499D5178155C59A3006F6E28 /* tiffconf.h */; };
		4947D8CB16987413008971EF /* tiffio.h in Headers */ = {isa = PBXBuildFile; fileRef = 499D5179155C59A3006F6E28 /* tiffio.h */; };
		4947D8CC16987413008971EF /* tiffiop.h in Headers */ = {isa = PBXBuildFile; fileRef = 499D517B155C59A3006F6E28 /* tiffiop.h */; };
		4947D8CD1698741F008971EF /* tiffio.hxx in Headers */ = {isa = PBXBuildFile; fileRef = 499D517A155C59A3006F6E28 /* tiffio.hxx */; };
		4947D8DF169874B6008971EF /* tif_aux.c in Sources */ = {isa = PBXBuildFile; fileRef = 499D514D155C59A3006F6E28 /* tif_aux.c */; };
		4947D8E0169874B6008971EF /* tif_close.c in Sources */ = {isa = PBXBuildFile; fileRef = 499D514E155C59A3006F6E28 /* tif_close.c */; };
		4947D8E1169874B6008971EF /* tif_codec.c in Sources */ = {isa = PBXBuildFile; fileRef = 499D514F155C59A3006F6E28 /* tif_codec.c */; };
		4947D8E2169874B6008971EF /* tif_color.c in Sources */ = {isa = PBXBuildFile; fileRef = 499D5150155C59A3006F6E28 /* tif_color.c */; };
		4947D8E3169874B6008971EF /* tif_compress.c in Sources */ = {isa = PBXBuildFile; fileRef = 499D5151155C59A3006F6E28 /* tif_compress.c */; };
		4947D8E4169874B6008971EF /* tif_dir.c in Sources */ = {isa = PBXBuildFile; fileRef = 499D5153155C59A3006F6E28 /* tif_dir.c */; };
		4947D8E5169874B6008971EF /* tif_dirinfo.c in Sources */ = {isa = PBXBuildFile; fileRef = 499D5155155C59A3006F6E28 /* tif_dirinfo.c */; };
		4947D8E6169874B6008971EF /* tif_dirread.c in Sources */ = {isa = PBXBuildFile; fileRef = 499D5156155C59A3006F6E28 /* tif_dirread.c */; };
		4947D8E7169874B6008971EF /* tif_dirwrite.c in Sources */ = {isa = PBXBuildFile; fileRef = 499D5157155C59A3006F6E28 /* tif_dirwrite.c */; };
		4947D8E8169874B6008971EF /* tif_dumpmode.c in Sources */ = {isa = PBXBuildFile; fileRef = 499D5158155C59A3006F6E28 /* tif_dumpmode.c */; };
		4947D8E9169874B6008971EF /* tif_error.c in Sources */ = {isa = PBXBuildFile; fileRef = 499D5159155C59A3006F6E28 /* tif_error.c */; };
		4947D8EA169874B6008971EF /* tif_extension.c in Sources */ = {isa = PBXBuildFile; fileRef = 499D515A155C59A3006F6E28 /* tif_extension.c */; };
		4947D8EB169874B6008971EF /* tif_fax3.c in Sources */ = {isa = PBXBuildFile; fileRef = 499D515B155C59A3006F6E28 /* tif_fax3.c */; };
		4947D8EC169874B6008971EF /* tif_fax3sm.c in Sources */ = {isa = PBXBuildFile; fileRef = 499D515D155C59A3006F6E28 /* tif_fax3sm.c */; };
		4947D8ED169874B6008971EF /* tif_flush.c in Sources */ = {isa = PBXBuildFile; fileRef = 499D515E155C59A3006F6E28 /* tif_flush.c */; };
		4947D8EE169874B6008971EF /* tif_getimage.c in Sources */ = {isa = PBXBuildFile; fileRef = 499D515F155C59A3006F6E28 /* tif_getimage.c */; };
		4947D8EF169874B6008971EF /* tif_jbig.c in Sources */ = {isa = PBXBuildFile; fileRef = 499D5160155C59A3006F6E28 /* tif_jbig.c */; };
		4947D8F0169874B6008971EF /* tif_jpeg.c in Sources */ = {isa = PBXBuildFile; fileRef = 499D5161155C59A3006F6E28 /* tif_jpeg.c */; };
		4947D8F1169874B6008971EF /* tif_luv.c in Sources */ = {isa = PBXBuildFile; fileRef = 499D5162155C59A3006F6E28 /* tif_luv.c */; };
		4947D8F2169874B6008971EF /* tif_lzw.c in Sources */ = {isa = PBXBuildFile; fileRef = 499D5163155C59A3006F6E28 /* tif_lzw.c */; };
		4947D8F3169874B6008971EF /* tif_next.c in Sources */ = {isa = PBXBuildFile; fileRef = 499D5164155C59A3006F6E28 /* tif_next.c */; };
		4947D8F4169874B6008971EF /* tif_ojpeg.c in Sources */ = {isa = PBXBuildFile; fileRef = 499D5165155C59A3006F6E28 /* tif_ojpeg.c */; };
		4947D8F5169874B6008971EF /* tif_open.c in Sources */ = {isa = PBXBuildFile; fileRef = 499D5166155C59A3006F6E28 /* tif_open.c */; };
		4947D8F6169874B6008971EF /* tif_packbits.c in Sources */ = {isa = PBXBuildFile; fileRef = 499D5167155C59A3006F6E28 /* tif_packbits.c */; };
		4947D8F7169874B6008971EF /* tif_pixarlog.c in Sources */ = {isa = PBXBuildFile; fileRef = 499D5168155C59A3006F6E28 /* tif_pixarlog.c */; };
		4947D8F8169874B6008971EF /* tif_predict.c in Sources */ = {isa = PBXBuildFile; fileRef = 499D5169155C59A3006F6E28 /* tif_predict.c */; };
		4947D8F9169874B6008971EF /* tif_print.c in Sources */ = {isa = PBXBuildFile; fileRef = 499D516B155C59A3006F6E28 /* tif_print.c */; };
		4947D8FA169874B6008971EF /* tif_read.c in Sources */ = {isa = PBXBuildFile; fileRef = 499D516C155C59A3006F6E28 /* tif_read.c */; };
		4947D8FB169874B6008971EF /* tif_strip.c in Sources */ = {isa = PBXBuildFile; fileRef = 499D516E155C59A3006F6E28 /* tif_strip.c */; };
		4947D8FC169874B6008971EF /* tif_swab.c in Sources */ = {isa = PBXBuildFile; fileRef = 499D516F155C59A3006F6E28 /* tif_swab.c */; };
		4947D8FD169874B6008971EF /* tif_thunder.c in Sources */ = {isa = PBXBuildFile; fileRef = 499D5170155C59A3006F6E28 /* tif_thunder.c */; };
		4947D8FE169874B6008971EF /* tif_tile.c in Sources */ = {isa = PBXBuildFile; fileRef = 499D5171155C59A3006F6E28 /* tif_tile.c */; };
		4947D8FF169874B6008971EF /* tif_unix.c in Sources */ = {isa = PBXBuildFile; fileRef = 499D5172155C59A3006F6E28 /* tif_unix.c */; };
		4947D900169874B6008971EF /* tif_version.c in Sources */ = {isa = PBXBuildFile; fileRef = 499D5173155C59A3006F6E28 /* tif_version.c */; };
		4947D901169874B6008971EF /* tif_warning.c in Sources */ = {isa = PBXBuildFile; fileRef = 499D5174155C59A3006F6E28 /* tif_warning.c */; };
		4947D902169874B6008971EF /* tif_write.c in Sources */ = {isa = PBXBuildFile; fileRef = 499D5175155C59A3006F6E28 /* tif_write.c */; };
		4947D903169874B6008971EF /* tif_zip.c in Sources */ = {isa = PBXBuildFile; fileRef = 499D5176155C59A3006F6E28 /* tif_zip.c */; };
		4947D905169874C8008971EF /* t4.h in Headers */ = {isa = PBXBuildFile; fileRef = 499D514C155C59A3006F6E28 /* t4.h */; };
		4947D906169874C8008971EF /* tif_config.h in Headers */ = {isa = PBXBuildFile; fileRef = 499D5152155C59A3006F6E28 /* tif_config.h */; };
		4947D907169874C8008971EF /* tif_dir.h in Headers */ = {isa = PBXBuildFile; fileRef = 499D5154155C59A3006F6E28 /* tif_dir.h */; };
		4947D908169874C8008971EF /* tif_fax3.h in Headers */ = {isa = PBXBuildFile; fileRef = 499D515C155C59A3006F6E28 /* tif_fax3.h */; };
		4947D909169874C8008971EF /* tif_predict.h in Headers */ = {isa = PBXBuildFile; fileRef = 499D516A155C59A3006F6E28 /* tif_predict.h */; };
		4947D90A169874C8008971EF /* tiff.h in Headers */ = {isa = PBXBuildFile; fileRef = 499D5177155C59A3006F6E28 /* tiff.h */; };
		4947D90B169874C8008971EF /* tiffconf.h in Headers */ = {isa = PBXBuildFile; fileRef = 499D5178155C59A3006F6E28 /* tiffconf.h */; };
		4947D90C169874C8008971EF /* tiffio.h in Headers */ = {isa = PBXBuildFile; fileRef = 499D5179155C59A3006F6E28 /* tiffio.h */; };
		4947D90D169874C8008971EF /* tiffiop.h in Headers */ = {isa = PBXBuildFile; fileRef = 499D517B155C59A3006F6E28 /* tiffiop.h */; };
		4947D90E169874D0008971EF /* tiffio.hxx in Headers */ = {isa = PBXBuildFile; fileRef = 499D517A155C59A3006F6E28 /* tiffio.hxx */; };
		499D517C155C59A3006F6E28 /* t4.h in Headers */ = {isa = PBXBuildFile; fileRef = 499D514C155C59A3006F6E28 /* t4.h */; };
		499D517D155C59A3006F6E28 /* tif_aux.c in Sources */ = {isa = PBXBuildFile; fileRef = 499D514D155C59A3006F6E28 /* tif_aux.c */; };
		499D517E155C59A3006F6E28 /* tif_close.c in Sources */ = {isa = PBXBuildFile; fileRef = 499D514E155C59A3006F6E28 /* tif_close.c */; };
		499D517F155C59A3006F6E28 /* tif_codec.c in Sources */ = {isa = PBXBuildFile; fileRef = 499D514F155C59A3006F6E28 /* tif_codec.c */; };
		499D5180155C59A3006F6E28 /* tif_color.c in Sources */ = {isa = PBXBuildFile; fileRef = 499D5150155C59A3006F6E28 /* tif_color.c */; };
		499D5181155C59A3006F6E28 /* tif_compress.c in Sources */ = {isa = PBXBuildFile; fileRef = 499D5151155C59A3006F6E28 /* tif_compress.c */; };
		499D5182155C59A3006F6E28 /* tif_config.h in Headers */ = {isa = PBXBuildFile; fileRef = 499D5152155C59A3006F6E28 /* tif_config.h */; };
		499D5183155C59A3006F6E28 /* tif_dir.c in Sources */ = {isa = PBXBuildFile; fileRef = 499D5153155C59A3006F6E28 /* tif_dir.c */; };
		499D5184155C59A3006F6E28 /* tif_dir.h in Headers */ = {isa = PBXBuildFile; fileRef = 499D5154155C59A3006F6E28 /* tif_dir.h */; };
		499D5185155C59A3006F6E28 /* tif_dirinfo.c in Sources */ = {isa = PBXBuildFile; fileRef = 499D5155155C59A3006F6E28 /* tif_dirinfo.c */; };
		499D5186155C59A3006F6E28 /* tif_dirread.c in Sources */ = {isa = PBXBuildFile; fileRef = 499D5156155C59A3006F6E28 /* tif_dirread.c */; };
		499D5187155C59A3006F6E28 /* tif_dirwrite.c in Sources */ = {isa = PBXBuildFile; fileRef = 499D5157155C59A3006F6E28 /* tif_dirwrite.c */; };
		499D5188155C59A3006F6E28 /* tif_dumpmode.c in Sources */ = {isa = PBXBuildFile; fileRef = 499D5158155C59A3006F6E28 /* tif_dumpmode.c */; };
		499D5189155C59A3006F6E28 /* tif_error.c in Sources */ = {isa = PBXBuildFile; fileRef = 499D5159155C59A3006F6E28 /* tif_error.c */; };
		499D518A155C59A3006F6E28 /* tif_extension.c in Sources */ = {isa = PBXBuildFile; fileRef = 499D515A155C59A3006F6E28 /* tif_extension.c */; };
		499D518B155C59A3006F6E28 /* tif_fax3.c in Sources */ = {isa = PBXBuildFile; fileRef = 499D515B155C59A3006F6E28 /* tif_fax3.c */; };
		499D518C155C59A3006F6E28 /* tif_fax3.h in Headers */ = {isa = PBXBuildFile; fileRef = 499D515C155C59A3006F6E28 /* tif_fax3.h */; };
		499D518D155C59A3006F6E28 /* tif_fax3sm.c in Sources */ = {isa = PBXBuildFile; fileRef = 499D515D155C59A3006F6E28 /* tif_fax3sm.c */; };
		499D518E155C59A3006F6E28 /* tif_flush.c in Sources */ = {isa = PBXBuildFile; fileRef = 499D515E155C59A3006F6E28 /* tif_flush.c */; };
		499D518F155C59A3006F6E28 /* tif_getimage.c in Sources */ = {isa = PBXBuildFile; fileRef = 499D515F155C59A3006F6E28 /* tif_getimage.c */; };
		499D5190155C59A3006F6E28 /* tif_jbig.c in Sources */ = {isa = PBXBuildFile; fileRef = 499D5160155C59A3006F6E28 /* tif_jbig.c */; };
		499D5191155C59A3006F6E28 /* tif_jpeg.c in Sources */ = {isa = PBXBuildFile; fileRef = 499D5161155C59A3006F6E28 /* tif_jpeg.c */; };
		499D5192155C59A3006F6E28 /* tif_luv.c in Sources */ = {isa = PBXBuildFile; fileRef = 499D5162155C59A3006F6E28 /* tif_luv.c */; };
		499D5193155C59A3006F6E28 /* tif_lzw.c in Sources */ = {isa = PBXBuildFile; fileRef = 499D5163155C59A3006F6E28 /* tif_lzw.c */; };
		499D5194155C59A3006F6E28 /* tif_next.c in Sources */ = {isa = PBXBuildFile; fileRef = 499D5164155C59A3006F6E28 /* tif_next.c */; };
		499D5195155C59A3006F6E28 /* tif_ojpeg.c in Sources */ = {isa = PBXBuildFile; fileRef = 499D5165155C59A3006F6E28 /* tif_ojpeg.c */; };
		499D5196155C59A3006F6E28 /* tif_open.c in Sources */ = {isa = PBXBuildFile; fileRef = 499D5166155C59A3006F6E28 /* tif_open.c */; };
		499D5197155C59A3006F6E28 /* tif_packbits.c in Sources */ = {isa = PBXBuildFile; fileRef = 499D5167155C59A3006F6E28 /* tif_packbits.c */; };
		499D5198155C59A3006F6E28 /* tif_pixarlog.c in Sources */ = {isa = PBXBuildFile; fileRef = 499D5168155C59A3006F6E28 /* tif_pixarlog.c */; };
		499D5199155C59A3006F6E28 /* tif_predict.c in Sources */ = {isa = PBXBuildFile; fileRef = 499D5169155C59A3006F6E28 /* tif_predict.c */; };
		499D519A155C59A3006F6E28 /* tif_predict.h in Headers */ = {isa = PBXBuildFile; fileRef = 499D516A155C59A3006F6E28 /* tif_predict.h */; };
		499D519B155C59A3006F6E28 /* tif_print.c in Sources */ = {isa = PBXBuildFile; fileRef = 499D516B155C59A3006F6E28 /* tif_print.c */; };
		499D519C155C59A3006F6E28 /* tif_read.c in Sources */ = {isa = PBXBuildFile; fileRef = 499D516C155C59A3006F6E28 /* tif_read.c */; };
		499D519D155C59A3006F6E28 /* tif_stream.cxx in Sources */ = {isa = PBXBuildFile; fileRef = 499D516D155C59A3006F6E28 /* tif_stream.cxx */; };
		499D519E155C59A3006F6E28 /* tif_strip.c in Sources */ = {isa = PBXBuildFile; fileRef = 499D516E155C59A3006F6E28 /* tif_strip.c */; };
		499D519F155C59A3006F6E28 /* tif_swab.c in Sources */ = {isa = PBXBuildFile; fileRef = 499D516F155C59A3006F6E28 /* tif_swab.c */; };
		499D51A0155C59A3006F6E28 /* tif_thunder.c in Sources */ = {isa = PBXBuildFile; fileRef = 499D5170155C59A3006F6E28 /* tif_thunder.c */; };
		499D51A1155C59A3006F6E28 /* tif_tile.c in Sources */ = {isa = PBXBuildFile; fileRef = 499D5171155C59A3006F6E28 /* tif_tile.c */; };
		499D51A2155C59A3006F6E28 /* tif_unix.c in Sources */ = {isa = PBXBuildFile; fileRef = 499D5172155C59A3006F6E28 /* tif_unix.c */; };
		499D51A3155C59A3006F6E28 /* tif_version.c in Sources */ = {isa = PBXBuildFile; fileRef = 499D5173155C59A3006F6E28 /* tif_version.c */; };
		499D51A4155C59A3006F6E28 /* tif_warning.c in Sources */ = {isa = PBXBuildFile; fileRef = 499D5174155C59A3006F6E28 /* tif_warning.c */; };
		499D51A5155C59A3006F6E28 /* tif_write.c in Sources */ = {isa = PBXBuildFile; fileRef = 499D5175155C59A3006F6E28 /* tif_write.c */; };
		499D51A6155C59A3006F6E28 /* tif_zip.c in Sources */ = {isa = PBXBuildFile; fileRef = 499D5176155C59A3006F6E28 /* tif_zip.c */; };
		499D51A7155C59A3006F6E28 /* tiff.h in Headers */ = {isa = PBXBuildFile; fileRef = 499D5177155C59A3006F6E28 /* tiff.h */; };
		499D51A8155C59A3006F6E28 /* tiffconf.h in Headers */ = {isa = PBXBuildFile; fileRef = 499D5178155C59A3006F6E28 /* tiffconf.h */; };
		499D51A9155C59A3006F6E28 /* tiffio.h in Headers */ = {isa = PBXBuildFile; fileRef = 499D5179155C59A3006F6E28 /* tiffio.h */; };
		499D51AA155C59A3006F6E28 /* tiffio.hxx in Headers */ = {isa = PBXBuildFile; fileRef = 499D517A155C59A3006F6E28 /* tiffio.hxx */; };
		499D51AB155C59A3006F6E28 /* tiffiop.h in Headers */ = {isa = PBXBuildFile; fileRef = 499D517B155C59A3006F6E28 /* tiffiop.h */; };
/* End PBXBuildFile section */

/* Begin PBXCopyFilesBuildPhase section */
		4947D88F1698734F008971EF /* CopyFiles */ = {
			isa = PBXCopyFilesBuildPhase;
			buildActionMask = 2147483647;
			dstPath = "include/${PRODUCT_NAME}";
			dstSubfolderSpec = 16;
			files = (
			);
			runOnlyForDeploymentPostprocessing = 0;
		};
		4947D8D016987439008971EF /* CopyFiles */ = {
			isa = PBXCopyFilesBuildPhase;
			buildActionMask = 2147483647;
			dstPath = "include/${PRODUCT_NAME}";
			dstSubfolderSpec = 16;
			files = (
			);
			runOnlyForDeploymentPostprocessing = 0;
		};
/* End PBXCopyFilesBuildPhase section */

/* Begin PBXFileReference section */
		4947D8911698734F008971EF /* libLibTiff-iphonesimulator.a */ = {isa = PBXFileReference; explicitFileType = archive.ar; includeInIndex = 0; path = "libLibTiff-iphonesimulator.a"; sourceTree = BUILT_PRODUCTS_DIR; };
		4947D8D216987439008971EF /* libLibTiff-iphoneos.a */ = {isa = PBXFileReference; explicitFileType = archive.ar; includeInIndex = 0; path = "libLibTiff-iphoneos.a"; sourceTree = BUILT_PRODUCTS_DIR; };
		497D1EA115484C5900530DBB /* libLibTiff.a */ = {isa = PBXFileReference; explicitFileType = archive.ar; includeInIndex = 0; path = libLibTiff.a; sourceTree = BUILT_PRODUCTS_DIR; };
		499D514C155C59A3006F6E28 /* t4.h */ = {isa = PBXFileReference; fileEncoding = 4; lastKnownFileType = sourcecode.c.h; name = t4.h; path = ../LibTiff/t4.h; sourceTree = "<group>"; };
		499D514D155C59A3006F6E28 /* tif_aux.c */ = {isa = PBXFileReference; fileEncoding = 4; lastKnownFileType = sourcecode.c.c; name = tif_aux.c; path = ../LibTiff/tif_aux.c; sourceTree = "<group>"; };
		499D514E155C59A3006F6E28 /* tif_close.c */ = {isa = PBXFileReference; fileEncoding = 4; lastKnownFileType = sourcecode.c.c; name = tif_close.c; path = ../LibTiff/tif_close.c; sourceTree = "<group>"; };
		499D514F155C59A3006F6E28 /* tif_codec.c */ = {isa = PBXFileReference; fileEncoding = 4; lastKnownFileType = sourcecode.c.c; name = tif_codec.c; path = ../LibTiff/tif_codec.c; sourceTree = "<group>"; };
		499D5150155C59A3006F6E28 /* tif_color.c */ = {isa = PBXFileReference; fileEncoding = 4; lastKnownFileType = sourcecode.c.c; name = tif_color.c; path = ../LibTiff/tif_color.c; sourceTree = "<group>"; };
		499D5151155C59A3006F6E28 /* tif_compress.c */ = {isa = PBXFileReference; fileEncoding = 4; lastKnownFileType = sourcecode.c.c; name = tif_compress.c; path = ../LibTiff/tif_compress.c; sourceTree = "<group>"; };
		499D5152155C59A3006F6E28 /* tif_config.h */ = {isa = PBXFileReference; fileEncoding = 4; lastKnownFileType = sourcecode.c.h; name = tif_config.h; path = ../LibTiff/tif_config.h; sourceTree = "<group>"; };
		499D5153155C59A3006F6E28 /* tif_dir.c */ = {isa = PBXFileReference; fileEncoding = 4; lastKnownFileType = sourcecode.c.c; name = tif_dir.c; path = ../LibTiff/tif_dir.c; sourceTree = "<group>"; };
		499D5154155C59A3006F6E28 /* tif_dir.h */ = {isa = PBXFileReference; fileEncoding = 4; lastKnownFileType = sourcecode.c.h; name = tif_dir.h; path = ../LibTiff/tif_dir.h; sourceTree = "<group>"; };
		499D5155155C59A3006F6E28 /* tif_dirinfo.c */ = {isa = PBXFileReference; fileEncoding = 4; lastKnownFileType = sourcecode.c.c; name = tif_dirinfo.c; path = ../LibTiff/tif_dirinfo.c; sourceTree = "<group>"; };
		499D5156155C59A3006F6E28 /* tif_dirread.c */ = {isa = PBXFileReference; fileEncoding = 4; lastKnownFileType = sourcecode.c.c; name = tif_dirread.c; path = ../LibTiff/tif_dirread.c; sourceTree = "<group>"; };
		499D5157155C59A3006F6E28 /* tif_dirwrite.c */ = {isa = PBXFileReference; fileEncoding = 4; lastKnownFileType = sourcecode.c.c; name = tif_dirwrite.c; path = ../LibTiff/tif_dirwrite.c; sourceTree = "<group>"; };
		499D5158155C59A3006F6E28 /* tif_dumpmode.c */ = {isa = PBXFileReference; fileEncoding = 4; lastKnownFileType = sourcecode.c.c; name = tif_dumpmode.c; path = ../LibTiff/tif_dumpmode.c; sourceTree = "<group>"; };
		499D5159155C59A3006F6E28 /* tif_error.c */ = {isa = PBXFileReference; fileEncoding = 4; lastKnownFileType = sourcecode.c.c; name = tif_error.c; path = ../LibTiff/tif_error.c; sourceTree = "<group>"; };
		499D515A155C59A3006F6E28 /* tif_extension.c */ = {isa = PBXFileReference; fileEncoding = 4; lastKnownFileType = sourcecode.c.c; name = tif_extension.c; path = ../LibTiff/tif_extension.c; sourceTree = "<group>"; };
		499D515B155C59A3006F6E28 /* tif_fax3.c */ = {isa = PBXFileReference; fileEncoding = 4; lastKnownFileType = sourcecode.c.c; name = tif_fax3.c; path = ../LibTiff/tif_fax3.c; sourceTree = "<group>"; };
		499D515C155C59A3006F6E28 /* tif_fax3.h */ = {isa = PBXFileReference; fileEncoding = 4; lastKnownFileType = sourcecode.c.h; name = tif_fax3.h; path = ../LibTiff/tif_fax3.h; sourceTree = "<group>"; };
		499D515D155C59A3006F6E28 /* tif_fax3sm.c */ = {isa = PBXFileReference; fileEncoding = 4; lastKnownFileType = sourcecode.c.c; name = tif_fax3sm.c; path = ../LibTiff/tif_fax3sm.c; sourceTree = "<group>"; };
		499D515E155C59A3006F6E28 /* tif_flush.c */ = {isa = PBXFileReference; fileEncoding = 4; lastKnownFileType = sourcecode.c.c; name = tif_flush.c; path = ../LibTiff/tif_flush.c; sourceTree = "<group>"; };
		499D515F155C59A3006F6E28 /* tif_getimage.c */ = {isa = PBXFileReference; fileEncoding = 4; lastKnownFileType = sourcecode.c.c; name = tif_getimage.c; path = ../LibTiff/tif_getimage.c; sourceTree = "<group>"; };
		499D5160155C59A3006F6E28 /* tif_jbig.c */ = {isa = PBXFileReference; fileEncoding = 4; lastKnownFileType = sourcecode.c.c; name = tif_jbig.c; path = ../LibTiff/tif_jbig.c; sourceTree = "<group>"; };
		499D5161155C59A3006F6E28 /* tif_jpeg.c */ = {isa = PBXFileReference; fileEncoding = 4; lastKnownFileType = sourcecode.c.c; name = tif_jpeg.c; path = ../LibTiff/tif_jpeg.c; sourceTree = "<group>"; };
		499D5162155C59A3006F6E28 /* tif_luv.c */ = {isa = PBXFileReference; fileEncoding = 4; lastKnownFileType = sourcecode.c.c; name = tif_luv.c; path = ../LibTiff/tif_luv.c; sourceTree = "<group>"; };
		499D5163155C59A3006F6E28 /* tif_lzw.c */ = {isa = PBXFileReference; fileEncoding = 4; lastKnownFileType = sourcecode.c.c; name = tif_lzw.c; path = ../LibTiff/tif_lzw.c; sourceTree = "<group>"; };
		499D5164155C59A3006F6E28 /* tif_next.c */ = {isa = PBXFileReference; fileEncoding = 4; lastKnownFileType = sourcecode.c.c; name = tif_next.c; path = ../LibTiff/tif_next.c; sourceTree = "<group>"; };
		499D5165155C59A3006F6E28 /* tif_ojpeg.c */ = {isa = PBXFileReference; fileEncoding = 4; lastKnownFileType = sourcecode.c.c; name = tif_ojpeg.c; path = ../LibTiff/tif_ojpeg.c; sourceTree = "<group>"; };
		499D5166155C59A3006F6E28 /* tif_open.c */ = {isa = PBXFileReference; fileEncoding = 4; lastKnownFileType = sourcecode.c.c; name = tif_open.c; path = ../LibTiff/tif_open.c; sourceTree = "<group>"; };
		499D5167155C59A3006F6E28 /* tif_packbits.c */ = {isa = PBXFileReference; fileEncoding = 4; lastKnownFileType = sourcecode.c.c; name = tif_packbits.c; path = ../LibTiff/tif_packbits.c; sourceTree = "<group>"; };
		499D5168155C59A3006F6E28 /* tif_pixarlog.c */ = {isa = PBXFileReference; fileEncoding = 4; lastKnownFileType = sourcecode.c.c; name = tif_pixarlog.c; path = ../LibTiff/tif_pixarlog.c; sourceTree = "<group>"; };
		499D5169155C59A3006F6E28 /* tif_predict.c */ = {isa = PBXFileReference; fileEncoding = 4; lastKnownFileType = sourcecode.c.c; name = tif_predict.c; path = ../LibTiff/tif_predict.c; sourceTree = "<group>"; };
		499D516A155C59A3006F6E28 /* tif_predict.h */ = {isa = PBXFileReference; fileEncoding = 4; lastKnownFileType = sourcecode.c.h; name = tif_predict.h; path = ../LibTiff/tif_predict.h; sourceTree = "<group>"; };
		499D516B155C59A3006F6E28 /* tif_print.c */ = {isa = PBXFileReference; fileEncoding = 4; lastKnownFileType = sourcecode.c.c; name = tif_print.c; path = ../LibTiff/tif_print.c; sourceTree = "<group>"; };
		499D516C155C59A3006F6E28 /* tif_read.c */ = {isa = PBXFileReference; fileEncoding = 4; lastKnownFileType = sourcecode.c.c; name = tif_read.c; path = ../LibTiff/tif_read.c; sourceTree = "<group>"; };
		499D516D155C59A3006F6E28 /* tif_stream.cxx */ = {isa = PBXFileReference; fileEncoding = 4; lastKnownFileType = sourcecode.cpp.cpp; name = tif_stream.cxx; path = ../LibTiff/tif_stream.cxx; sourceTree = "<group>"; };
		499D516E155C59A3006F6E28 /* tif_strip.c */ = {isa = PBXFileReference; fileEncoding = 4; lastKnownFileType = sourcecode.c.c; name = tif_strip.c; path = ../LibTiff/tif_strip.c; sourceTree = "<group>"; };
		499D516F155C59A3006F6E28 /* tif_swab.c */ = {isa = PBXFileReference; fileEncoding = 4; lastKnownFileType = sourcecode.c.c; name = tif_swab.c; path = ../LibTiff/tif_swab.c; sourceTree = "<group>"; };
		499D5170155C59A3006F6E28 /* tif_thunder.c */ = {isa = PBXFileReference; fileEncoding = 4; lastKnownFileType = sourcecode.c.c; name = tif_thunder.c; path = ../LibTiff/tif_thunder.c; sourceTree = "<group>"; };
		499D5171155C59A3006F6E28 /* tif_tile.c */ = {isa = PBXFileReference; fileEncoding = 4; lastKnownFileType = sourcecode.c.c; name = tif_tile.c; path = ../LibTiff/tif_tile.c; sourceTree = "<group>"; };
		499D5172155C59A3006F6E28 /* tif_unix.c */ = {isa = PBXFileReference; fileEncoding = 4; lastKnownFileType = sourcecode.c.c; name = tif_unix.c; path = ../LibTiff/tif_unix.c; sourceTree = "<group>"; };
		499D5173155C59A3006F6E28 /* tif_version.c */ = {isa = PBXFileReference; fileEncoding = 4; lastKnownFileType = sourcecode.c.c; name = tif_version.c; path = ../LibTiff/tif_version.c; sourceTree = "<group>"; };
		499D5174155C59A3006F6E28 /* tif_warning.c */ = {isa = PBXFileReference; fileEncoding = 4; lastKnownFileType = sourcecode.c.c; name = tif_warning.c; path = ../LibTiff/tif_warning.c; sourceTree = "<group>"; };
		499D5175155C59A3006F6E28 /* tif_write.c */ = {isa = PBXFileReference; fileEncoding = 4; lastKnownFileType = sourcecode.c.c; name = tif_write.c; path = ../LibTiff/tif_write.c; sourceTree = "<group>"; };
		499D5176155C59A3006F6E28 /* tif_zip.c */ = {isa = PBXFileReference; fileEncoding = 4; lastKnownFileType = sourcecode.c.c; name = tif_zip.c; path = ../LibTiff/tif_zip.c; sourceTree = "<group>"; };
		499D5177155C59A3006F6E28 /* tiff.h */ = {isa = PBXFileReference; fileEncoding = 4; lastKnownFileType = sourcecode.c.h; name = tiff.h; path = ../LibTiff/tiff.h; sourceTree = "<group>"; };
		499D5178155C59A3006F6E28 /* tiffconf.h */ = {isa = PBXFileReference; fileEncoding = 4; lastKnownFileType = sourcecode.c.h; name = tiffconf.h; path = ../LibTiff/tiffconf.h; sourceTree = "<group>"; };
		499D5179155C59A3006F6E28 /* tiffio.h */ = {isa = PBXFileReference; fileEncoding = 4; lastKnownFileType = sourcecode.c.h; name = tiffio.h; path = ../LibTiff/tiffio.h; sourceTree = "<group>"; };
		499D517A155C59A3006F6E28 /* tiffio.hxx */ = {isa = PBXFileReference; fileEncoding = 4; lastKnownFileType = sourcecode.cpp.h; name = tiffio.hxx; path = ../LibTiff/tiffio.hxx; sourceTree = "<group>"; };
		499D517B155C59A3006F6E28 /* tiffiop.h */ = {isa = PBXFileReference; fileEncoding = 4; lastKnownFileType = sourcecode.c.h; name = tiffiop.h; path = ../LibTiff/tiffiop.h; sourceTree = "<group>"; };
/* End PBXFileReference section */

/* Begin PBXFrameworksBuildPhase section */
		4947D88E1698734F008971EF /* Frameworks */ = {
			isa = PBXFrameworksBuildPhase;
			buildActionMask = 2147483647;
			files = (
			);
			runOnlyForDeploymentPostprocessing = 0;
		};
		4947D8CF16987439008971EF /* Frameworks */ = {
			isa = PBXFrameworksBuildPhase;
			buildActionMask = 2147483647;
			files = (
			);
			runOnlyForDeploymentPostprocessing = 0;
		};
		497D1E9E15484C5900530DBB /* Frameworks */ = {
			isa = PBXFrameworksBuildPhase;
			buildActionMask = 2147483647;
			files = (
			);
			runOnlyForDeploymentPostprocessing = 0;
		};
/* End PBXFrameworksBuildPhase section */

/* Begin PBXGroup section */
		493E05BA1691F30A0011CE7C /* Frameworks */ = {
			isa = PBXGroup;
			children = (
			);
			name = Frameworks;
			sourceTree = "<group>";
		};
		497D1E9615484C5900530DBB = {
			isa = PBXGroup;
			children = (
				497D1EA815484C6100530DBB /* Sources */,
				493E05BA1691F30A0011CE7C /* Frameworks */,
				497D1EA215484C5900530DBB /* Products */,
			);
			sourceTree = "<group>";
		};
		497D1EA215484C5900530DBB /* Products */ = {
			isa = PBXGroup;
			children = (
				497D1EA115484C5900530DBB /* libLibTiff.a */,
				4947D8911698734F008971EF /* libLibTiff-iphonesimulator.a */,
				4947D8D216987439008971EF /* libLibTiff-iphoneos.a */,
			);
			name = Products;
			sourceTree = "<group>";
		};
		497D1EA815484C6100530DBB /* Sources */ = {
			isa = PBXGroup;
			children = (
				499D514C155C59A3006F6E28 /* t4.h */,
				499D514D155C59A3006F6E28 /* tif_aux.c */,
				499D514E155C59A3006F6E28 /* tif_close.c */,
				499D514F155C59A3006F6E28 /* tif_codec.c */,
				499D5150155C59A3006F6E28 /* tif_color.c */,
				499D5151155C59A3006F6E28 /* tif_compress.c */,
				499D5152155C59A3006F6E28 /* tif_config.h */,
				499D5153155C59A3006F6E28 /* tif_dir.c */,
				499D5154155C59A3006F6E28 /* tif_dir.h */,
				499D5155155C59A3006F6E28 /* tif_dirinfo.c */,
				499D5156155C59A3006F6E28 /* tif_dirread.c */,
				499D5157155C59A3006F6E28 /* tif_dirwrite.c */,
				499D5158155C59A3006F6E28 /* tif_dumpmode.c */,
				499D5159155C59A3006F6E28 /* tif_error.c */,
				499D515A155C59A3006F6E28 /* tif_extension.c */,
				499D515B155C59A3006F6E28 /* tif_fax3.c */,
				499D515C155C59A3006F6E28 /* tif_fax3.h */,
				499D515D155C59A3006F6E28 /* tif_fax3sm.c */,
				499D515E155C59A3006F6E28 /* tif_flush.c */,
				499D515F155C59A3006F6E28 /* tif_getimage.c */,
				499D5160155C59A3006F6E28 /* tif_jbig.c */,
				499D5161155C59A3006F6E28 /* tif_jpeg.c */,
				499D5162155C59A3006F6E28 /* tif_luv.c */,
				499D5163155C59A3006F6E28 /* tif_lzw.c */,
				499D5164155C59A3006F6E28 /* tif_next.c */,
				499D5165155C59A3006F6E28 /* tif_ojpeg.c */,
				499D5166155C59A3006F6E28 /* tif_open.c */,
				499D5167155C59A3006F6E28 /* tif_packbits.c */,
				499D5168155C59A3006F6E28 /* tif_pixarlog.c */,
				499D5169155C59A3006F6E28 /* tif_predict.c */,
				499D516A155C59A3006F6E28 /* tif_predict.h */,
				499D516B155C59A3006F6E28 /* tif_print.c */,
				499D516C155C59A3006F6E28 /* tif_read.c */,
				499D516D155C59A3006F6E28 /* tif_stream.cxx */,
				499D516E155C59A3006F6E28 /* tif_strip.c */,
				499D516F155C59A3006F6E28 /* tif_swab.c */,
				499D5170155C59A3006F6E28 /* tif_thunder.c */,
				499D5171155C59A3006F6E28 /* tif_tile.c */,
				499D5172155C59A3006F6E28 /* tif_unix.c */,
				499D5173155C59A3006F6E28 /* tif_version.c */,
				499D5174155C59A3006F6E28 /* tif_warning.c */,
				499D5175155C59A3006F6E28 /* tif_write.c */,
				499D5176155C59A3006F6E28 /* tif_zip.c */,
				499D5177155C59A3006F6E28 /* tiff.h */,
				499D5178155C59A3006F6E28 /* tiffconf.h */,
				499D5179155C59A3006F6E28 /* tiffio.h */,
				499D517A155C59A3006F6E28 /* tiffio.hxx */,
				499D517B155C59A3006F6E28 /* tiffiop.h */,
			);
			name = Sources;
			sourceTree = "<group>";
		};
/* End PBXGroup section */

/* Begin PBXHeadersBuildPhase section */
		4947D89E169873F6008971EF /* Headers */ = {
			isa = PBXHeadersBuildPhase;
			buildActionMask = 2147483647;
			files = (
				4947D8CD1698741F008971EF /* tiffio.hxx in Headers */,
				4947D8C416987413008971EF /* t4.h in Headers */,
				4947D8C516987413008971EF /* tif_config.h in Headers */,
				4947D8C616987413008971EF /* tif_dir.h in Headers */,
				4947D8C716987413008971EF /* tif_fax3.h in Headers */,
				4947D8C816987413008971EF /* tif_predict.h in Headers */,
				4947D8C916987413008971EF /* tiff.h in Headers */,
				4947D8CA16987413008971EF /* tiffconf.h in Headers */,
				4947D8CB16987413008971EF /* tiffio.h in Headers */,
				4947D8CC16987413008971EF /* tiffiop.h in Headers */,
			);
			runOnlyForDeploymentPostprocessing = 0;
		};
		4947D904169874BF008971EF /* Headers */ = {
			isa = PBXHeadersBuildPhase;
			buildActionMask = 2147483647;
			files = (
				4947D90E169874D0008971EF /* tiffio.hxx in Headers */,
				4947D905169874C8008971EF /* t4.h in Headers */,
				4947D906169874C8008971EF /* tif_config.h in Headers */,
				4947D907169874C8008971EF /* tif_dir.h in Headers */,
				4947D908169874C8008971EF /* tif_fax3.h in Headers */,
				4947D909169874C8008971EF /* tif_predict.h in Headers */,
				4947D90A169874C8008971EF /* tiff.h in Headers */,
				4947D90B169874C8008971EF /* tiffconf.h in Headers */,
				4947D90C169874C8008971EF /* tiffio.h in Headers */,
				4947D90D169874C8008971EF /* tiffiop.h in Headers */,
			);
			runOnlyForDeploymentPostprocessing = 0;
		};
		497D1E9F15484C5900530DBB /* Headers */ = {
			isa = PBXHeadersBuildPhase;
			buildActionMask = 2147483647;
			files = (
				499D517C155C59A3006F6E28 /* t4.h in Headers */,
				499D5182155C59A3006F6E28 /* tif_config.h in Headers */,
				499D5184155C59A3006F6E28 /* tif_dir.h in Headers */,
				499D518C155C59A3006F6E28 /* tif_fax3.h in Headers */,
				499D519A155C59A3006F6E28 /* tif_predict.h in Headers */,
				499D51A7155C59A3006F6E28 /* tiff.h in Headers */,
				499D51A8155C59A3006F6E28 /* tiffconf.h in Headers */,
				499D51A9155C59A3006F6E28 /* tiffio.h in Headers */,
				499D51AA155C59A3006F6E28 /* tiffio.hxx in Headers */,
				499D51AB155C59A3006F6E28 /* tiffiop.h in Headers */,
			);
			runOnlyForDeploymentPostprocessing = 0;
		};
/* End PBXHeadersBuildPhase section */

/* Begin PBXNativeTarget section */
		4947D8901698734F008971EF /* LibTiff-iphonesimulator */ = {
			isa = PBXNativeTarget;
			buildConfigurationList = 4947D89C1698734F008971EF /* Build configuration list for PBXNativeTarget "LibTiff-iphonesimulator" */;
			buildPhases = (
				4947D88D1698734F008971EF /* Sources */,
				4947D88E1698734F008971EF /* Frameworks */,
				4947D88F1698734F008971EF /* CopyFiles */,
				4947D89E169873F6008971EF /* Headers */,
			);
			buildRules = (
			);
			dependencies = (
			);
			name = "LibTiff-iphonesimulator";
			productName = "LibTiff-iphonesimulator";
			productReference = 4947D8911698734F008971EF /* libLibTiff-iphonesimulator.a */;
			productType = "com.apple.product-type.library.static";
		};
		4947D8D116987439008971EF /* LibTiff-iphoneos */ = {
			isa = PBXNativeTarget;
			buildConfigurationList = 4947D8DC16987439008971EF /* Build configuration list for PBXNativeTarget "LibTiff-iphoneos" */;
			buildPhases = (
				4947D8CE16987439008971EF /* Sources */,
				4947D8CF16987439008971EF /* Frameworks */,
				4947D8D016987439008971EF /* CopyFiles */,
				4947D904169874BF008971EF /* Headers */,
			);
			buildRules = (
			);
			dependencies = (
			);
			name = "LibTiff-iphoneos";
			productName = "LibTiff-iphoneos";
			productReference = 4947D8D216987439008971EF /* libLibTiff-iphoneos.a */;
			productType = "com.apple.product-type.library.static";
		};
		497D1EA015484C5900530DBB /* LibTiff */ = {
			isa = PBXNativeTarget;
			buildConfigurationList = 497D1EA515484C5900530DBB /* Build configuration list for PBXNativeTarget "LibTiff" */;
			buildPhases = (
				497D1E9D15484C5900530DBB /* Sources */,
				497D1E9E15484C5900530DBB /* Frameworks */,
				497D1E9F15484C5900530DBB /* Headers */,
			);
			buildRules = (
			);
			dependencies = (
			);
			name = LibTiff;
			productName = LibTiff;
			productReference = 497D1EA115484C5900530DBB /* libLibTiff.a */;
			productType = "com.apple.product-type.library.static";
		};
/* End PBXNativeTarget section */

/* Begin PBXProject section */
		497D1E9815484C5900530DBB /* Project object */ = {
			isa = PBXProject;
			attributes = {
				LastUpgradeCheck = 0450;
				ORGANIZATIONNAME = "gal.kahana@hotmail.com";
			};
			buildConfigurationList = 497D1E9B15484C5900530DBB /* Build configuration list for PBXProject "LibTiff" */;
			compatibilityVersion = "Xcode 3.2";
			developmentRegion = English;
			hasScannedForEncodings = 0;
			knownRegions = (
				en,
			);
			mainGroup = 497D1E9615484C5900530DBB;
			productRefGroup = 497D1EA215484C5900530DBB /* Products */;
			projectDirPath = "";
			projectRoot = "";
			targets = (
				497D1EA015484C5900530DBB /* LibTiff */,
				4947D8901698734F008971EF /* LibTiff-iphonesimulator */,
				4947D8D116987439008971EF /* LibTiff-iphoneos */,
				4947D90F1698754A008971EF /* LibTiffUniversal */,
			);
		};
/* End PBXProject section */

/* Begin PBXShellScriptBuildPhase section */
		4947D9131698755F008971EF /* ShellScript */ = {
			isa = PBXShellScriptBuildPhase;
			buildActionMask = 2147483647;
			files = (
			);
			inputPaths = (
			);
			outputPaths = (
			);
			runOnlyForDeploymentPostprocessing = 0;
			shellPath = /bin/sh;
			shellScript = "rm -rf ${BUILT_PRODUCTS_DIR}/libLibTiffIOSUniversal.a\n\nlipo -create \"${BUILT_PRODUCTS_DIR}/../${CONFIGURATION}-iphonesimulator/libLibTiff-iphonesimulator.a\" \\\n\"${BUILT_PRODUCTS_DIR}/../${CONFIGURATION}-iphoneos/libLibTiff-iphoneos.a\" -output \\\n\"${BUILT_PRODUCTS_DIR}/libLibTiffIOSUniversal.a\"";
		};
/* End PBXShellScriptBuildPhase section */

/* Begin PBXSourcesBuildPhase section */
		4947D88D1698734F008971EF /* Sources */ = {
			isa = PBXSourcesBuildPhase;
			buildActionMask = 2147483647;
			files = (
				4947D89F16987405008971EF /* tif_aux.c in Sources */,
				4947D8A016987405008971EF /* tif_close.c in Sources */,
				4947D8A116987405008971EF /* tif_codec.c in Sources */,
				4947D8A216987405008971EF /* tif_color.c in Sources */,
				4947D8A316987405008971EF /* tif_compress.c in Sources */,
				4947D8A416987405008971EF /* tif_dir.c in Sources */,
				4947D8A516987405008971EF /* tif_dirinfo.c in Sources */,
				4947D8A616987405008971EF /* tif_dirread.c in Sources */,
				4947D8A716987405008971EF /* tif_dirwrite.c in Sources */,
				4947D8A816987405008971EF /* tif_dumpmode.c in Sources */,
				4947D8A916987405008971EF /* tif_error.c in Sources */,
				4947D8AA16987405008971EF /* tif_extension.c in Sources */,
				4947D8AB16987405008971EF /* tif_fax3.c in Sources */,
				4947D8AC16987405008971EF /* tif_fax3sm.c in Sources */,
				4947D8AD16987405008971EF /* tif_flush.c in Sources */,
				4947D8AE16987405008971EF /* tif_getimage.c in Sources */,
				4947D8AF16987405008971EF /* tif_jbig.c in Sources */,
				4947D8B016987405008971EF /* tif_jpeg.c in Sources */,
				4947D8B116987405008971EF /* tif_luv.c in Sources */,
				4947D8B216987405008971EF /* tif_lzw.c in Sources */,
				4947D8B316987405008971EF /* tif_next.c in Sources */,
				4947D8B416987405008971EF /* tif_ojpeg.c in Sources */,
				4947D8B516987405008971EF /* tif_open.c in Sources */,
				4947D8B616987405008971EF /* tif_packbits.c in Sources */,
				4947D8B716987405008971EF /* tif_pixarlog.c in Sources */,
				4947D8B816987405008971EF /* tif_predict.c in Sources */,
				4947D8B916987405008971EF /* tif_print.c in Sources */,
				4947D8BA16987405008971EF /* tif_read.c in Sources */,
				4947D8BB16987405008971EF /* tif_strip.c in Sources */,
				4947D8BC16987405008971EF /* tif_swab.c in Sources */,
				4947D8BD16987405008971EF /* tif_thunder.c in Sources */,
				4947D8BE16987405008971EF /* tif_tile.c in Sources */,
				4947D8BF16987405008971EF /* tif_unix.c in Sources */,
				4947D8C016987405008971EF /* tif_version.c in Sources */,
				4947D8C116987405008971EF /* tif_warning.c in Sources */,
				4947D8C216987405008971EF /* tif_write.c in Sources */,
				4947D8C316987405008971EF /* tif_zip.c in Sources */,
			);
			runOnlyForDeploymentPostprocessing = 0;
		};
		4947D8CE16987439008971EF /* Sources */ = {
			isa = PBXSourcesBuildPhase;
			buildActionMask = 2147483647;
			files = (
				4947D8DF169874B6008971EF /* tif_aux.c in Sources */,
				4947D8E0169874B6008971EF /* tif_close.c in Sources */,
				4947D8E1169874B6008971EF /* tif_codec.c in Sources */,
				4947D8E2169874B6008971EF /* tif_color.c in Sources */,
				4947D8E3169874B6008971EF /* tif_compress.c in Sources */,
				4947D8E4169874B6008971EF /* tif_dir.c in Sources */,
				4947D8E5169874B6008971EF /* tif_dirinfo.c in Sources */,
				4947D8E6169874B6008971EF /* tif_dirread.c in Sources */,
				4947D8E7169874B6008971EF /* tif_dirwrite.c in Sources */,
				4947D8E8169874B6008971EF /* tif_dumpmode.c in Sources */,
				4947D8E9169874B6008971EF /* tif_error.c in Sources */,
				4947D8EA169874B6008971EF /* tif_extension.c in Sources */,
				4947D8EB169874B6008971EF /* tif_fax3.c in Sources */,
				4947D8EC169874B6008971EF /* tif_fax3sm.c in Sources */,
				4947D8ED169874B6008971EF /* tif_flush.c in Sources */,
				4947D8EE169874B6008971EF /* tif_getimage.c in Sources */,
				4947D8EF169874B6008971EF /* tif_jbig.c in Sources */,
				4947D8F0169874B6008971EF /* tif_jpeg.c in Sources */,
				4947D8F1169874B6008971EF /* tif_luv.c in Sources */,
				4947D8F2169874B6008971EF /* tif_lzw.c in Sources */,
				4947D8F3169874B6008971EF /* tif_next.c in Sources */,
				4947D8F4169874B6008971EF /* tif_ojpeg.c in Sources */,
				4947D8F5169874B6008971EF /* tif_open.c in Sources */,
				4947D8F6169874B6008971EF /* tif_packbits.c in Sources */,
				4947D8F7169874B6008971EF /* tif_pixarlog.c in Sources */,
				4947D8F8169874B6008971EF /* tif_predict.c in Sources */,
				4947D8F9169874B6008971EF /* tif_print.c in Sources */,
				4947D8FA169874B6008971EF /* tif_read.c in Sources */,
				4947D8FB169874B6008971EF /* tif_strip.c in Sources */,
				4947D8FC169874B6008971EF /* tif_swab.c in Sources */,
				4947D8FD169874B6008971EF /* tif_thunder.c in Sources */,
				4947D8FE169874B6008971EF /* tif_tile.c in Sources */,
				4947D8FF169874B6008971EF /* tif_unix.c in Sources */,
				4947D900169874B6008971EF /* tif_version.c in Sources */,
				4947D901169874B6008971EF /* tif_warning.c in Sources */,
				4947D902169874B6008971EF /* tif_write.c in Sources */,
				4947D903169874B6008971EF /* tif_zip.c in Sources */,
			);
			runOnlyForDeploymentPostprocessing = 0;
		};
		497D1E9D15484C5900530DBB /* Sources */ = {
			isa = PBXSourcesBuildPhase;
			buildActionMask = 2147483647;
			files = (
				499D517D155C59A3006F6E28 /* tif_aux.c in Sources */,
				499D517E155C59A3006F6E28 /* tif_close.c in Sources */,
				499D517F155C59A3006F6E28 /* tif_codec.c in Sources */,
				499D5180155C59A3006F6E28 /* tif_color.c in Sources */,
				499D5181155C59A3006F6E28 /* tif_compress.c in Sources */,
				499D5183155C59A3006F6E28 /* tif_dir.c in Sources */,
				499D5185155C59A3006F6E28 /* tif_dirinfo.c in Sources */,
				499D5186155C59A3006F6E28 /* tif_dirread.c in Sources */,
				499D5187155C59A3006F6E28 /* tif_dirwrite.c in Sources */,
				499D5188155C59A3006F6E28 /* tif_dumpmode.c in Sources */,
				499D5189155C59A3006F6E28 /* tif_error.c in Sources */,
				499D518A155C59A3006F6E28 /* tif_extension.c in Sources */,
				499D518B155C59A3006F6E28 /* tif_fax3.c in Sources */,
				499D518D155C59A3006F6E28 /* tif_fax3sm.c in Sources */,
				499D518E155C59A3006F6E28 /* tif_flush.c in Sources */,
				499D518F155C59A3006F6E28 /* tif_getimage.c in Sources */,
				499D5190155C59A3006F6E28 /* tif_jbig.c in Sources */,
				499D5191155C59A3006F6E28 /* tif_jpeg.c in Sources */,
				499D5192155C59A3006F6E28 /* tif_luv.c in Sources */,
				499D5193155C59A3006F6E28 /* tif_lzw.c in Sources */,
				499D5194155C59A3006F6E28 /* tif_next.c in Sources */,
				499D5195155C59A3006F6E28 /* tif_ojpeg.c in Sources */,
				499D5196155C59A3006F6E28 /* tif_open.c in Sources */,
				499D5197155C59A3006F6E28 /* tif_packbits.c in Sources */,
				499D5198155C59A3006F6E28 /* tif_pixarlog.c in Sources */,
				499D5199155C59A3006F6E28 /* tif_predict.c in Sources */,
				499D519B155C59A3006F6E28 /* tif_print.c in Sources */,
				499D519C155C59A3006F6E28 /* tif_read.c in Sources */,
				499D519D155C59A3006F6E28 /* tif_stream.cxx in Sources */,
				499D519E155C59A3006F6E28 /* tif_strip.c in Sources */,
				499D519F155C59A3006F6E28 /* tif_swab.c in Sources */,
				499D51A0155C59A3006F6E28 /* tif_thunder.c in Sources */,
				499D51A1155C59A3006F6E28 /* tif_tile.c in Sources */,
				499D51A2155C59A3006F6E28 /* tif_unix.c in Sources */,
				499D51A3155C59A3006F6E28 /* tif_version.c in Sources */,
				499D51A4155C59A3006F6E28 /* tif_warning.c in Sources */,
				499D51A5155C59A3006F6E28 /* tif_write.c in Sources */,
				499D51A6155C59A3006F6E28 /* tif_zip.c in Sources */,
			);
			runOnlyForDeploymentPostprocessing = 0;
		};
/* End PBXSourcesBuildPhase section */

/* Begin XCBuildConfiguration section */
		4947D89A1698734F008971EF /* Debug */ = {
			isa = XCBuildConfiguration;
			buildSettings = {
				ARCHS = "$(ARCHS_STANDARD_32_BIT)";
				CLANG_CXX_LANGUAGE_STANDARD = "gnu++0x";
				CLANG_CXX_LIBRARY = "libc++";
				CLANG_WARN_EMPTY_BODY = YES;
				CLANG_WARN__DUPLICATE_METHOD_MATCH = YES;
				DSTROOT = /tmp/LibTiff_iphonesimulator.dst;
				GCC_PRECOMPILE_PREFIX_HEADER = NO;
				GCC_PREFIX_HEADER = "";
				IPHONEOS_DEPLOYMENT_TARGET = 6.0;
				OTHER_LDFLAGS = "-ObjC";
				PRODUCT_NAME = "$(TARGET_NAME)";
				SDKROOT = iphoneos;
				SKIP_INSTALL = YES;
				SUPPORTED_PLATFORMS = iphonesimulator;
			};
			name = Debug;
		};
		4947D89B1698734F008971EF /* Release */ = {
			isa = XCBuildConfiguration;
			buildSettings = {
				ARCHS = "$(ARCHS_STANDARD_32_BIT)";
				CLANG_CXX_LANGUAGE_STANDARD = "gnu++0x";
				CLANG_CXX_LIBRARY = "libc++";
				CLANG_WARN_EMPTY_BODY = YES;
				CLANG_WARN__DUPLICATE_METHOD_MATCH = YES;
				DSTROOT = /tmp/LibTiff_iphonesimulator.dst;
				GCC_PRECOMPILE_PREFIX_HEADER = NO;
				GCC_PREFIX_HEADER = "";
				IPHONEOS_DEPLOYMENT_TARGET = 6.0;
				OTHER_LDFLAGS = "-ObjC";
				PRODUCT_NAME = "$(TARGET_NAME)";
				SDKROOT = iphoneos;
				SKIP_INSTALL = YES;
				SUPPORTED_PLATFORMS = iphonesimulator;
				VALIDATE_PRODUCT = YES;
			};
			name = Release;
		};
		4947D8DD16987439008971EF /* Debug */ = {
			isa = XCBuildConfiguration;
			buildSettings = {
				ARCHS = "$(ARCHS_STANDARD_32_BIT)";
				CLANG_CXX_LANGUAGE_STANDARD = "gnu++0x";
				CLANG_CXX_LIBRARY = "libc++";
				CLANG_WARN_EMPTY_BODY = YES;
				CLANG_WARN__DUPLICATE_METHOD_MATCH = YES;
				DSTROOT = /tmp/LibTiff_iphoneos.dst;
				GCC_PRECOMPILE_PREFIX_HEADER = NO;
				GCC_PREFIX_HEADER = "";
				IPHONEOS_DEPLOYMENT_TARGET = 6.0;
				OTHER_LDFLAGS = "-ObjC";
				PRODUCT_NAME = "$(TARGET_NAME)";
				SDKROOT = iphoneos;
				SKIP_INSTALL = YES;
				SUPPORTED_PLATFORMS = iphoneos;
			};
			name = Debug;
		};
		4947D8DE16987439008971EF /* Release */ = {
			isa = XCBuildConfiguration;
			buildSettings = {
				ARCHS = "$(ARCHS_STANDARD_32_BIT)";
				CLANG_CXX_LANGUAGE_STANDARD = "gnu++0x";
				CLANG_CXX_LIBRARY = "libc++";
				CLANG_WARN_EMPTY_BODY = YES;
				CLANG_WARN__DUPLICATE_METHOD_MATCH = YES;
				DSTROOT = /tmp/LibTiff_iphoneos.dst;
				GCC_PRECOMPILE_PREFIX_HEADER = NO;
				GCC_PREFIX_HEADER = "";
				IPHONEOS_DEPLOYMENT_TARGET = 6.0;
				OTHER_LDFLAGS = "-ObjC";
				PRODUCT_NAME = "$(TARGET_NAME)";
				SDKROOT = iphoneos;
				SKIP_INSTALL = YES;
				SUPPORTED_PLATFORMS = iphoneos;
				VALIDATE_PRODUCT = YES;
			};
			name = Release;
		};
		4947D9111698754A008971EF /* Debug */ = {
			isa = XCBuildConfiguration;
			buildSettings = {
				ARCHS = "$(ARCHS_STANDARD_32_BIT)";
				PRODUCT_NAME = "$(TARGET_NAME)";
				SDKROOT = iphoneos;
			};
			name = Debug;
		};
		4947D9121698754A008971EF /* Release */ = {
			isa = XCBuildConfiguration;
			buildSettings = {
				ARCHS = "$(ARCHS_STANDARD_32_BIT)";
				PRODUCT_NAME = "$(TARGET_NAME)";
				SDKROOT = iphoneos;
			};
			name = Release;
		};
		497D1EA315484C5900530DBB /* Debug */ = {
			isa = XCBuildConfiguration;
			buildSettings = {
				ALWAYS_SEARCH_USER_PATHS = NO;
				ARCHS = "$(ARCHS_STANDARD_64_BIT)";
				CLANG_ENABLE_OBJC_ARC = YES;
				COPY_PHASE_STRIP = NO;
				GCC_C_LANGUAGE_STANDARD = gnu99;
				GCC_DYNAMIC_NO_PIC = NO;
				GCC_ENABLE_OBJC_EXCEPTIONS = YES;
				GCC_OPTIMIZATION_LEVEL = 0;
				GCC_PREPROCESSOR_DEFINITIONS = (
					"DEBUG=1",
					"$(inherited)",
				);
				GCC_SYMBOLS_PRIVATE_EXTERN = NO;
				GCC_VERSION = com.apple.compilers.llvm.clang.1_0;
				GCC_WARN_64_TO_32_BIT_CONVERSION = YES;
				GCC_WARN_ABOUT_RETURN_TYPE = YES;
				GCC_WARN_UNINITIALIZED_AUTOS = YES;
				GCC_WARN_UNUSED_VARIABLE = YES;
				MACOSX_DEPLOYMENT_TARGET = 10.7;
				ONLY_ACTIVE_ARCH = YES;
				SDKROOT = macosx;
			};
			name = Debug;
		};
		497D1EA415484C5900530DBB /* Release */ = {
			isa = XCBuildConfiguration;
			buildSettings = {
				ALWAYS_SEARCH_USER_PATHS = NO;
				ARCHS = "$(ARCHS_STANDARD_64_BIT)";
				CLANG_ENABLE_OBJC_ARC = YES;
				COPY_PHASE_STRIP = YES;
				DEBUG_INFORMATION_FORMAT = "dwarf-with-dsym";
				GCC_C_LANGUAGE_STANDARD = gnu99;
				GCC_ENABLE_OBJC_EXCEPTIONS = YES;
				GCC_VERSION = com.apple.compilers.llvm.clang.1_0;
				GCC_WARN_64_TO_32_BIT_CONVERSION = YES;
				GCC_WARN_ABOUT_RETURN_TYPE = YES;
				GCC_WARN_UNINITIALIZED_AUTOS = YES;
				GCC_WARN_UNUSED_VARIABLE = YES;
				MACOSX_DEPLOYMENT_TARGET = 10.7;
				ONLY_ACTIVE_ARCH = NO;
				SDKROOT = macosx;
			};
			name = Release;
		};
		497D1EA615484C5900530DBB /* Debug */ = {
			isa = XCBuildConfiguration;
			buildSettings = {
				COMBINE_HIDPI_IMAGES = YES;
				EXECUTABLE_PREFIX = lib;
				GCC_PREPROCESSOR_DEFINITIONS = (
					AVOID_WIN32_FILEIO,
					CHECK_JPEG_YCBCR_SUBSAMPLING,
					DEFAULT_EXTRASAMPLE_AS_ALPHA,
					"STRIPCHOP_DEFAULT=TIFF_STRIPCHOP",
					"STRIP_SIZE_DEFAULT=8192",
					PIXARLOG_SUPPORT,
					ZIP_SUPPORT,
					LOGLUV_SUPPORT,
					NEXT_SUPPORT,
					THUNDER_SUPPORT,
					LZW_SUPPORT,
					PACKBITS_SUPPORT,
					CCIT_SUPPORT,
					TIF_PLATFORM_CONSOLE,
					FILORDER_LSB2MSB,
				);
				PRODUCT_NAME = "$(TARGET_NAME)";
				USER_HEADER_SEARCH_PATHS = "";
			};
			name = Debug;
		};
		497D1EA715484C5900530DBB /* Release */ = {
			isa = XCBuildConfiguration;
			buildSettings = {
				COMBINE_HIDPI_IMAGES = YES;
				EXECUTABLE_PREFIX = lib;
				GCC_PREPROCESSOR_DEFINITIONS = (
					AVOID_WIN32_FILEIO,
					CHECK_JPEG_YCBCR_SUBSAMPLING,
					DEFAULT_EXTRASAMPLE_AS_ALPHA,
					"STRIPCHOP_DEFAULT=TIFF_STRIPCHOP",
					"STRIP_SIZE_DEFAULT=8192",
					PIXARLOG_SUPPORT,
					ZIP_SUPPORT,
					LOGLUV_SUPPORT,
					NEXT_SUPPORT,
					THUNDER_SUPPORT,
					LZW_SUPPORT,
					PACKBITS_SUPPORT,
					CCIT_SUPPORT,
					TIF_PLATFORM_CONSOLE,
					FILORDER_LSB2MSB,
				);
				ONLY_ACTIVE_ARCH = YES;
				PRODUCT_NAME = "$(TARGET_NAME)";
				USER_HEADER_SEARCH_PATHS = "";
			};
			name = Release;
		};
/* End XCBuildConfiguration section */

/* Begin XCConfigurationList section */
		4947D89C1698734F008971EF /* Build configuration list for PBXNativeTarget "LibTiff-iphonesimulator" */ = {
			isa = XCConfigurationList;
			buildConfigurations = (
				4947D89A1698734F008971EF /* Debug */,
				4947D89B1698734F008971EF /* Release */,
			);
			defaultConfigurationIsVisible = 0;
			defaultConfigurationName = Release;
		};
		4947D8DC16987439008971EF /* Build configuration list for PBXNativeTarget "LibTiff-iphoneos" */ = {
			isa = XCConfigurationList;
			buildConfigurations = (
				4947D8DD16987439008971EF /* Debug */,
				4947D8DE16987439008971EF /* Release */,
			);
			defaultConfigurationIsVisible = 0;
			defaultConfigurationName = Release;
		};
		4947D9101698754A008971EF /* Build configuration list for PBXAggregateTarget "LibTiffUniversal" */ = {
			isa = XCConfigurationList;
			buildConfigurations = (
				4947D9111698754A008971EF /* Debug */,
				4947D9121698754A008971EF /* Release */,
			);
			defaultConfigurationIsVisible = 0;
			defaultConfigurationName = Release;
		};
		497D1E9B15484C5900530DBB /* Build configuration list for PBXProject "LibTiff" */ = {
			isa = XCConfigurationList;
			buildConfigurations = (
				497D1EA315484C5900530DBB /* Debug */,
				497D1EA415484C5900530DBB /* Release */,
			);
			defaultConfigurationIsVisible = 0;
			defaultConfigurationName = Release;
		};
		497D1EA515484C5900530DBB /* Build configuration list for PBXNativeTarget "LibTiff" */ = {
			isa = XCConfigurationList;
			buildConfigurations = (
				497D1EA615484C5900530DBB /* Debug */,
				497D1EA715484C5900530DBB /* Release */,
			);
			defaultConfigurationIsVisible = 0;
			defaultConfigurationName = Release;
		};
/* End XCConfigurationList section */
	};
	rootObject = 497D1E9815484C5900530DBB /* Project object */;
}
