// !$*UTF8*$!
{
	archiveVersion = 1;
	classes = {
	};
	objectVersion = 46;
	objects = {

/* Begin PBXAggregateTarget section */
		4947D9E616987A15008971EF /* LibJpegIOSUniversal */ = {
			isa = PBXAggregateTarget;
			buildConfigurationList = 4947D9E716987A15008971EF /* Build configuration list for PBXAggregateTarget "LibJpegIOSUniversal" */;
			buildPhases = (
				4947D9EA16987A21008971EF /* ShellScript */,
			);
			dependencies = (
			);
			name = LibJpegIOSUniversal;
			productName = LibJpegIOSUniversal;
		};
/* End PBXAggregateTarget section */

/* Begin PBXBuildFile section */
		4947D9781698783A008971EF /* jaricom.c in Sources */ = {isa = PBXBuildFile; fileRef = 4947D91F169876FC008971EF /* jaricom.c */; };
		4947D9791698783A008971EF /* jcapimin.c in Sources */ = {isa = PBXBuildFile; fileRef = 4947D920169876FC008971EF /* jcapimin.c */; };
		4947D97A1698783A008971EF /* jcapistd.c in Sources */ = {isa = PBXBuildFile; fileRef = 4947D921169876FC008971EF /* jcapistd.c */; };
		4947D97B1698783A008971EF /* jcarith.c in Sources */ = {isa = PBXBuildFile; fileRef = 4947D922169876FC008971EF /* jcarith.c */; };
		4947D97C1698783A008971EF /* jccoefct.c in Sources */ = {isa = PBXBuildFile; fileRef = 4947D923169876FC008971EF /* jccoefct.c */; };
		4947D97D1698783A008971EF /* jccolor.c in Sources */ = {isa = PBXBuildFile; fileRef = 4947D924169876FC008971EF /* jccolor.c */; };
		4947D97E1698783A008971EF /* jcdctmgr.c in Sources */ = {isa = PBXBuildFile; fileRef = 4947D925169876FC008971EF /* jcdctmgr.c */; };
		4947D97F1698783A008971EF /* jchuff.c in Sources */ = {isa = PBXBuildFile; fileRef = 4947D926169876FC008971EF /* jchuff.c */; };
		4947D9801698783A008971EF /* jcinit.c in Sources */ = {isa = PBXBuildFile; fileRef = 4947D927169876FC008971EF /* jcinit.c */; };
		4947D9811698783A008971EF /* jcmainct.c in Sources */ = {isa = PBXBuildFile; fileRef = 4947D928169876FC008971EF /* jcmainct.c */; };
		4947D9821698783A008971EF /* jcmarker.c in Sources */ = {isa = PBXBuildFile; fileRef = 4947D929169876FC008971EF /* jcmarker.c */; };
		4947D9831698783A008971EF /* jcmaster.c in Sources */ = {isa = PBXBuildFile; fileRef = 4947D92A169876FC008971EF /* jcmaster.c */; };
		4947D9841698783A008971EF /* jcomapi.c in Sources */ = {isa = PBXBuildFile; fileRef = 4947D92B169876FC008971EF /* jcomapi.c */; };
		4947D9851698783A008971EF /* jcparam.c in Sources */ = {isa = PBXBuildFile; fileRef = 4947D92D169876FC008971EF /* jcparam.c */; };
		4947D9861698783A008971EF /* jcprepct.c in Sources */ = {isa = PBXBuildFile; fileRef = 4947D92E169876FC008971EF /* jcprepct.c */; };
		4947D9871698783A008971EF /* jcsample.c in Sources */ = {isa = PBXBuildFile; fileRef = 4947D92F169876FC008971EF /* jcsample.c */; };
		4947D9881698783A008971EF /* jctrans.c in Sources */ = {isa = PBXBuildFile; fileRef = 4947D930169876FC008971EF /* jctrans.c */; };
		4947D9891698783A008971EF /* jdapimin.c in Sources */ = {isa = PBXBuildFile; fileRef = 4947D931169876FC008971EF /* jdapimin.c */; };
		4947D98A1698783A008971EF /* jdapistd.c in Sources */ = {isa = PBXBuildFile; fileRef = 4947D932169876FC008971EF /* jdapistd.c */; };
		4947D98B1698783A008971EF /* jdarith.c in Sources */ = {isa = PBXBuildFile; fileRef = 4947D933169876FC008971EF /* jdarith.c */; };
		4947D98C1698783A008971EF /* jdatadst.c in Sources */ = {isa = PBXBuildFile; fileRef = 4947D934169876FC008971EF /* jdatadst.c */; };
		4947D98D1698783A008971EF /* jdatasrc.c in Sources */ = {isa = PBXBuildFile; fileRef = 4947D935169876FC008971EF /* jdatasrc.c */; };
		4947D98E1698783A008971EF /* jdcoefct.c in Sources */ = {isa = PBXBuildFile; fileRef = 4947D936169876FC008971EF /* jdcoefct.c */; };
		4947D98F1698783A008971EF /* jdcolor.c in Sources */ = {isa = PBXBuildFile; fileRef = 4947D937169876FC008971EF /* jdcolor.c */; };
		4947D9901698783A008971EF /* jddctmgr.c in Sources */ = {isa = PBXBuildFile; fileRef = 4947D939169876FC008971EF /* jddctmgr.c */; };
		4947D9911698783A008971EF /* jdhuff.c in Sources */ = {isa = PBXBuildFile; fileRef = 4947D93A169876FC008971EF /* jdhuff.c */; };
		4947D9921698783A008971EF /* jdinput.c in Sources */ = {isa = PBXBuildFile; fileRef = 4947D93B169876FC008971EF /* jdinput.c */; };
		4947D9931698783A008971EF /* jdmainct.c in Sources */ = {isa = PBXBuildFile; fileRef = 4947D93C169876FC008971EF /* jdmainct.c */; };
		4947D9941698783A008971EF /* jdmarker.c in Sources */ = {isa = PBXBuildFile; fileRef = 4947D93D169876FC008971EF /* jdmarker.c */; };
		4947D9951698783A008971EF /* jdmaster.c in Sources */ = {isa = PBXBuildFile; fileRef = 4947D93E169876FC008971EF /* jdmaster.c */; };
		4947D9961698783A008971EF /* jdmerge.c in Sources */ = {isa = PBXBuildFile; fileRef = 4947D93F169876FC008971EF /* jdmerge.c */; };
		4947D9971698783A008971EF /* jdpostct.c in Sources */ = {isa = PBXBuildFile; fileRef = 4947D940169876FC008971EF /* jdpostct.c */; };
		4947D9981698783A008971EF /* jdsample.c in Sources */ = {isa = PBXBuildFile; fileRef = 4947D941169876FC008971EF /* jdsample.c */; };
		4947D9991698783A008971EF /* jdtrans.c in Sources */ = {isa = PBXBuildFile; fileRef = 4947D942169876FC008971EF /* jdtrans.c */; };
		4947D99A1698783A008971EF /* jerror.c in Sources */ = {isa = PBXBuildFile; fileRef = 4947D943169876FC008971EF /* jerror.c */; };
		4947D99B1698783A008971EF /* jfdctflt.c in Sources */ = {isa = PBXBuildFile; fileRef = 4947D945169876FC008971EF /* jfdctflt.c */; };
		4947D99C1698783A008971EF /* jfdctfst.c in Sources */ = {isa = PBXBuildFile; fileRef = 4947D946169876FC008971EF /* jfdctfst.c */; };
		4947D99D1698783A008971EF /* jfdctint.c in Sources */ = {isa = PBXBuildFile; fileRef = 4947D947169876FC008971EF /* jfdctint.c */; };
		4947D99E1698783A008971EF /* jidctflt.c in Sources */ = {isa = PBXBuildFile; fileRef = 4947D948169876FC008971EF /* jidctflt.c */; };
		4947D99F1698783A008971EF /* jidctfst.c in Sources */ = {isa = PBXBuildFile; fileRef = 4947D949169876FC008971EF /* jidctfst.c */; };
		4947D9A01698783A008971EF /* jidctint.c in Sources */ = {isa = PBXBuildFile; fileRef = 4947D94A169876FC008971EF /* jidctint.c */; };
		4947D9A11698783A008971EF /* jmemmgr.c in Sources */ = {isa = PBXBuildFile; fileRef = 4947D94C169876FC008971EF /* jmemmgr.c */; };
		4947D9A21698783A008971EF /* jmemnobs.c in Sources */ = {isa = PBXBuildFile; fileRef = 4947D94D169876FC008971EF /* jmemnobs.c */; };
		4947D9A31698783A008971EF /* jquant1.c in Sources */ = {isa = PBXBuildFile; fileRef = 4947D952169876FC008971EF /* jquant1.c */; };
		4947D9A41698783A008971EF /* jquant2.c in Sources */ = {isa = PBXBuildFile; fileRef = 4947D953169876FC008971EF /* jquant2.c */; };
		4947D9A51698783A008971EF /* jutils.c in Sources */ = {isa = PBXBuildFile; fileRef = 4947D954169876FC008971EF /* jutils.c */; };
		4947D9A716987884008971EF /* jconfig.h in Headers */ = {isa = PBXBuildFile; fileRef = 4947D92C169876FC008971EF /* jconfig.h */; };
		4947D9A816987884008971EF /* jerror.h in Headers */ = {isa = PBXBuildFile; fileRef = 4947D944169876FC008971EF /* jerror.h */; };
		4947D9A916987884008971EF /* jmorecfg.h in Headers */ = {isa = PBXBuildFile; fileRef = 4947D94F169876FC008971EF /* jmorecfg.h */; };
		4947D9AA16987884008971EF /* jpeglib.h in Headers */ = {isa = PBXBuildFile; fileRef = 4947D951169876FC008971EF /* jpeglib.h */; };
		4947D9AD16987892008971EF /* jaricom.c in Sources */ = {isa = PBXBuildFile; fileRef = 4947D91F169876FC008971EF /* jaricom.c */; };
		4947D9AE16987892008971EF /* jcapimin.c in Sources */ = {isa = PBXBuildFile; fileRef = 4947D920169876FC008971EF /* jcapimin.c */; };
		4947D9AF16987892008971EF /* jcapistd.c in Sources */ = {isa = PBXBuildFile; fileRef = 4947D921169876FC008971EF /* jcapistd.c */; };
		4947D9B016987892008971EF /* jcarith.c in Sources */ = {isa = PBXBuildFile; fileRef = 4947D922169876FC008971EF /* jcarith.c */; };
		4947D9B116987892008971EF /* jccoefct.c in Sources */ = {isa = PBXBuildFile; fileRef = 4947D923169876FC008971EF /* jccoefct.c */; };
		4947D9B216987892008971EF /* jccolor.c in Sources */ = {isa = PBXBuildFile; fileRef = 4947D924169876FC008971EF /* jccolor.c */; };
		4947D9B316987892008971EF /* jcdctmgr.c in Sources */ = {isa = PBXBuildFile; fileRef = 4947D925169876FC008971EF /* jcdctmgr.c */; };
		4947D9B416987892008971EF /* jchuff.c in Sources */ = {isa = PBXBuildFile; fileRef = 4947D926169876FC008971EF /* jchuff.c */; };
		4947D9B516987892008971EF /* jcinit.c in Sources */ = {isa = PBXBuildFile; fileRef = 4947D927169876FC008971EF /* jcinit.c */; };
		4947D9B616987892008971EF /* jcmainct.c in Sources */ = {isa = PBXBuildFile; fileRef = 4947D928169876FC008971EF /* jcmainct.c */; };
		4947D9B716987892008971EF /* jcmarker.c in Sources */ = {isa = PBXBuildFile; fileRef = 4947D929169876FC008971EF /* jcmarker.c */; };
		4947D9B816987892008971EF /* jcmaster.c in Sources */ = {isa = PBXBuildFile; fileRef = 4947D92A169876FC008971EF /* jcmaster.c */; };
		4947D9B916987892008971EF /* jcomapi.c in Sources */ = {isa = PBXBuildFile; fileRef = 4947D92B169876FC008971EF /* jcomapi.c */; };
		4947D9BA16987892008971EF /* jcparam.c in Sources */ = {isa = PBXBuildFile; fileRef = 4947D92D169876FC008971EF /* jcparam.c */; };
		4947D9BB16987892008971EF /* jcprepct.c in Sources */ = {isa = PBXBuildFile; fileRef = 4947D92E169876FC008971EF /* jcprepct.c */; };
		4947D9BC16987892008971EF /* jcsample.c in Sources */ = {isa = PBXBuildFile; fileRef = 4947D92F169876FC008971EF /* jcsample.c */; };
		4947D9BD16987892008971EF /* jctrans.c in Sources */ = {isa = PBXBuildFile; fileRef = 4947D930169876FC008971EF /* jctrans.c */; };
		4947D9BE16987892008971EF /* jdapimin.c in Sources */ = {isa = PBXBuildFile; fileRef = 4947D931169876FC008971EF /* jdapimin.c */; };
		4947D9BF16987892008971EF /* jdapistd.c in Sources */ = {isa = PBXBuildFile; fileRef = 4947D932169876FC008971EF /* jdapistd.c */; };
		4947D9C016987892008971EF /* jdarith.c in Sources */ = {isa = PBXBuildFile; fileRef = 4947D933169876FC008971EF /* jdarith.c */; };
		4947D9C116987892008971EF /* jdatadst.c in Sources */ = {isa = PBXBuildFile; fileRef = 4947D934169876FC008971EF /* jdatadst.c */; };
		4947D9C216987892008971EF /* jdatasrc.c in Sources */ = {isa = PBXBuildFile; fileRef = 4947D935169876FC008971EF /* jdatasrc.c */; };
		4947D9C316987892008971EF /* jdcoefct.c in Sources */ = {isa = PBXBuildFile; fileRef = 4947D936169876FC008971EF /* jdcoefct.c */; };
		4947D9C416987892008971EF /* jdcolor.c in Sources */ = {isa = PBXBuildFile; fileRef = 4947D937169876FC008971EF /* jdcolor.c */; };
		4947D9C516987892008971EF /* jddctmgr.c in Sources */ = {isa = PBXBuildFile; fileRef = 4947D939169876FC008971EF /* jddctmgr.c */; };
		4947D9C616987892008971EF /* jdhuff.c in Sources */ = {isa = PBXBuildFile; fileRef = 4947D93A169876FC008971EF /* jdhuff.c */; };
		4947D9C716987892008971EF /* jdinput.c in Sources */ = {isa = PBXBuildFile; fileRef = 4947D93B169876FC008971EF /* jdinput.c */; };
		4947D9C816987892008971EF /* jdmainct.c in Sources */ = {isa = PBXBuildFile; fileRef = 4947D93C169876FC008971EF /* jdmainct.c */; };
		4947D9C916987892008971EF /* jdmarker.c in Sources */ = {isa = PBXBuildFile; fileRef = 4947D93D169876FC008971EF /* jdmarker.c */; };
		4947D9CA16987892008971EF /* jdmaster.c in Sources */ = {isa = PBXBuildFile; fileRef = 4947D93E169876FC008971EF /* jdmaster.c */; };
		4947D9CB16987892008971EF /* jdmerge.c in Sources */ = {isa = PBXBuildFile; fileRef = 4947D93F169876FC008971EF /* jdmerge.c */; };
		4947D9CC16987892008971EF /* jdpostct.c in Sources */ = {isa = PBXBuildFile; fileRef = 4947D940169876FC008971EF /* jdpostct.c */; };
		4947D9CD16987892008971EF /* jdsample.c in Sources */ = {isa = PBXBuildFile; fileRef = 4947D941169876FC008971EF /* jdsample.c */; };
		4947D9CE16987892008971EF /* jdtrans.c in Sources */ = {isa = PBXBuildFile; fileRef = 4947D942169876FC008971EF /* jdtrans.c */; };
		4947D9CF16987892008971EF /* jerror.c in Sources */ = {isa = PBXBuildFile; fileRef = 4947D943169876FC008971EF /* jerror.c */; };
		4947D9D016987892008971EF /* jfdctflt.c in Sources */ = {isa = PBXBuildFile; fileRef = 4947D945169876FC008971EF /* jfdctflt.c */; };
		4947D9D116987892008971EF /* jfdctfst.c in Sources */ = {isa = PBXBuildFile; fileRef = 4947D946169876FC008971EF /* jfdctfst.c */; };
		4947D9D216987892008971EF /* jfdctint.c in Sources */ = {isa = PBXBuildFile; fileRef = 4947D947169876FC008971EF /* jfdctint.c */; };
		4947D9D316987892008971EF /* jidctflt.c in Sources */ = {isa = PBXBuildFile; fileRef = 4947D948169876FC008971EF /* jidctflt.c */; };
		4947D9D416987892008971EF /* jidctfst.c in Sources */ = {isa = PBXBuildFile; fileRef = 4947D949169876FC008971EF /* jidctfst.c */; };
		4947D9D516987892008971EF /* jidctint.c in Sources */ = {isa = PBXBuildFile; fileRef = 4947D94A169876FC008971EF /* jidctint.c */; };
		4947D9D616987892008971EF /* jmemmgr.c in Sources */ = {isa = PBXBuildFile; fileRef = 4947D94C169876FC008971EF /* jmemmgr.c */; };
		4947D9D716987892008971EF /* jmemnobs.c in Sources */ = {isa = PBXBuildFile; fileRef = 4947D94D169876FC008971EF /* jmemnobs.c */; };
		4947D9D816987892008971EF /* jquant1.c in Sources */ = {isa = PBXBuildFile; fileRef = 4947D952169876FC008971EF /* jquant1.c */; };
		4947D9D916987892008971EF /* jquant2.c in Sources */ = {isa = PBXBuildFile; fileRef = 4947D953169876FC008971EF /* jquant2.c */; };
		4947D9DA16987892008971EF /* jutils.c in Sources */ = {isa = PBXBuildFile; fileRef = 4947D954169876FC008971EF /* jutils.c */; };
		4947D9DE16987892008971EF /* jconfig.h in Headers */ = {isa = PBXBuildFile; fileRef = 4947D92C169876FC008971EF /* jconfig.h */; };
		4947D9DF16987892008971EF /* jerror.h in Headers */ = {isa = PBXBuildFile; fileRef = 4947D944169876FC008971EF /* jerror.h */; };
		4947D9E016987892008971EF /* jmorecfg.h in Headers */ = {isa = PBXBuildFile; fileRef = 4947D94F169876FC008971EF /* jmorecfg.h */; };
		4947D9E116987892008971EF /* jpeglib.h in Headers */ = {isa = PBXBuildFile; fileRef = 4947D951169876FC008971EF /* jpeglib.h */; };
		4947D9FE16988AED008971EF /* jaricom.c in Sources */ = {isa = PBXBuildFile; fileRef = 4947D91F169876FC008971EF /* jaricom.c */; };
		4947D9FF16988AED008971EF /* jcapimin.c in Sources */ = {isa = PBXBuildFile; fileRef = 4947D920169876FC008971EF /* jcapimin.c */; };
		4947DA0016988AED008971EF /* jcapistd.c in Sources */ = {isa = PBXBuildFile; fileRef = 4947D921169876FC008971EF /* jcapistd.c */; };
		4947DA0116988AED008971EF /* jcarith.c in Sources */ = {isa = PBXBuildFile; fileRef = 4947D922169876FC008971EF /* jcarith.c */; };
		4947DA0216988AED008971EF /* jccoefct.c in Sources */ = {isa = PBXBuildFile; fileRef = 4947D923169876FC008971EF /* jccoefct.c */; };
		4947DA0316988AED008971EF /* jccolor.c in Sources */ = {isa = PBXBuildFile; fileRef = 4947D924169876FC008971EF /* jccolor.c */; };
		4947DA0416988AED008971EF /* jcdctmgr.c in Sources */ = {isa = PBXBuildFile; fileRef = 4947D925169876FC008971EF /* jcdctmgr.c */; };
		4947DA0516988AED008971EF /* jchuff.c in Sources */ = {isa = PBXBuildFile; fileRef = 4947D926169876FC008971EF /* jchuff.c */; };
		4947DA0616988AED008971EF /* jcinit.c in Sources */ = {isa = PBXBuildFile; fileRef = 4947D927169876FC008971EF /* jcinit.c */; };
		4947DA0716988AED008971EF /* jcmainct.c in Sources */ = {isa = PBXBuildFile; fileRef = 4947D928169876FC008971EF /* jcmainct.c */; };
		4947DA0816988AED008971EF /* jcmarker.c in Sources */ = {isa = PBXBuildFile; fileRef = 4947D929169876FC008971EF /* jcmarker.c */; };
		4947DA0916988AED008971EF /* jcmaster.c in Sources */ = {isa = PBXBuildFile; fileRef = 4947D92A169876FC008971EF /* jcmaster.c */; };
		4947DA0A16988AED008971EF /* jcomapi.c in Sources */ = {isa = PBXBuildFile; fileRef = 4947D92B169876FC008971EF /* jcomapi.c */; };
		4947DA0B16988AED008971EF /* jcparam.c in Sources */ = {isa = PBXBuildFile; fileRef = 4947D92D169876FC008971EF /* jcparam.c */; };
		4947DA0C16988AED008971EF /* jcprepct.c in Sources */ = {isa = PBXBuildFile; fileRef = 4947D92E169876FC008971EF /* jcprepct.c */; };
		4947DA0D16988AED008971EF /* jcsample.c in Sources */ = {isa = PBXBuildFile; fileRef = 4947D92F169876FC008971EF /* jcsample.c */; };
		4947DA0E16988AED008971EF /* jctrans.c in Sources */ = {isa = PBXBuildFile; fileRef = 4947D930169876FC008971EF /* jctrans.c */; };
		4947DA0F16988AED008971EF /* jdapimin.c in Sources */ = {isa = PBXBuildFile; fileRef = 4947D931169876FC008971EF /* jdapimin.c */; };
		4947DA1016988AED008971EF /* jdapistd.c in Sources */ = {isa = PBXBuildFile; fileRef = 4947D932169876FC008971EF /* jdapistd.c */; };
		4947DA1116988AED008971EF /* jdarith.c in Sources */ = {isa = PBXBuildFile; fileRef = 4947D933169876FC008971EF /* jdarith.c */; };
		4947DA1216988AED008971EF /* jdatadst.c in Sources */ = {isa = PBXBuildFile; fileRef = 4947D934169876FC008971EF /* jdatadst.c */; };
		4947DA1316988AED008971EF /* jdatasrc.c in Sources */ = {isa = PBXBuildFile; fileRef = 4947D935169876FC008971EF /* jdatasrc.c */; };
		4947DA1416988AED008971EF /* jdcoefct.c in Sources */ = {isa = PBXBuildFile; fileRef = 4947D936169876FC008971EF /* jdcoefct.c */; };
		4947DA1516988AED008971EF /* jdcolor.c in Sources */ = {isa = PBXBuildFile; fileRef = 4947D937169876FC008971EF /* jdcolor.c */; };
		4947DA1616988AED008971EF /* jddctmgr.c in Sources */ = {isa = PBXBuildFile; fileRef = 4947D939169876FC008971EF /* jddctmgr.c */; };
		4947DA1716988AED008971EF /* jdhuff.c in Sources */ = {isa = PBXBuildFile; fileRef = 4947D93A169876FC008971EF /* jdhuff.c */; };
		4947DA1816988AED008971EF /* jdinput.c in Sources */ = {isa = PBXBuildFile; fileRef = 4947D93B169876FC008971EF /* jdinput.c */; };
		4947DA1916988AED008971EF /* jdmainct.c in Sources */ = {isa = PBXBuildFile; fileRef = 4947D93C169876FC008971EF /* jdmainct.c */; };
		4947DA1A16988AED008971EF /* jdmarker.c in Sources */ = {isa = PBXBuildFile; fileRef = 4947D93D169876FC008971EF /* jdmarker.c */; };
		4947DA1B16988AED008971EF /* jdmaster.c in Sources */ = {isa = PBXBuildFile; fileRef = 4947D93E169876FC008971EF /* jdmaster.c */; };
		4947DA1C16988AED008971EF /* jdmerge.c in Sources */ = {isa = PBXBuildFile; fileRef = 4947D93F169876FC008971EF /* jdmerge.c */; };
		4947DA1D16988AED008971EF /* jdpostct.c in Sources */ = {isa = PBXBuildFile; fileRef = 4947D940169876FC008971EF /* jdpostct.c */; };
		4947DA1E16988AED008971EF /* jdsample.c in Sources */ = {isa = PBXBuildFile; fileRef = 4947D941169876FC008971EF /* jdsample.c */; };
		4947DA1F16988AED008971EF /* jdtrans.c in Sources */ = {isa = PBXBuildFile; fileRef = 4947D942169876FC008971EF /* jdtrans.c */; };
		4947DA2016988AED008971EF /* jerror.c in Sources */ = {isa = PBXBuildFile; fileRef = 4947D943169876FC008971EF /* jerror.c */; };
		4947DA2116988AED008971EF /* jfdctflt.c in Sources */ = {isa = PBXBuildFile; fileRef = 4947D945169876FC008971EF /* jfdctflt.c */; };
		4947DA2216988AED008971EF /* jfdctfst.c in Sources */ = {isa = PBXBuildFile; fileRef = 4947D946169876FC008971EF /* jfdctfst.c */; };
		4947DA2316988AED008971EF /* jfdctint.c in Sources */ = {isa = PBXBuildFile; fileRef = 4947D947169876FC008971EF /* jfdctint.c */; };
		4947DA2416988AED008971EF /* jidctflt.c in Sources */ = {isa = PBXBuildFile; fileRef = 4947D948169876FC008971EF /* jidctflt.c */; };
		4947DA2516988AED008971EF /* jidctfst.c in Sources */ = {isa = PBXBuildFile; fileRef = 4947D949169876FC008971EF /* jidctfst.c */; };
		4947DA2616988AED008971EF /* jidctint.c in Sources */ = {isa = PBXBuildFile; fileRef = 4947D94A169876FC008971EF /* jidctint.c */; };
		4947DA2716988AED008971EF /* jmemmgr.c in Sources */ = {isa = PBXBuildFile; fileRef = 4947D94C169876FC008971EF /* jmemmgr.c */; };
		4947DA2816988AED008971EF /* jmemnobs.c in Sources */ = {isa = PBXBuildFile; fileRef = 4947D94D169876FC008971EF /* jmemnobs.c */; };
		4947DA2916988AED008971EF /* jquant1.c in Sources */ = {isa = PBXBuildFile; fileRef = 4947D952169876FC008971EF /* jquant1.c */; };
		4947DA2A16988AED008971EF /* jquant2.c in Sources */ = {isa = PBXBuildFile; fileRef = 4947D953169876FC008971EF /* jquant2.c */; };
		4947DA2B16988AED008971EF /* jutils.c in Sources */ = {isa = PBXBuildFile; fileRef = 4947D954169876FC008971EF /* jutils.c */; };
		4947DA2C16988B11008971EF /* jconfig.h in Headers */ = {isa = PBXBuildFile; fileRef = 4947D92C169876FC008971EF /* jconfig.h */; };
		4947DA2D16988B11008971EF /* jerror.h in Headers */ = {isa = PBXBuildFile; fileRef = 4947D944169876FC008971EF /* jerror.h */; };
		4947DA2E16988B11008971EF /* jmorecfg.h in Headers */ = {isa = PBXBuildFile; fileRef = 4947D94F169876FC008971EF /* jmorecfg.h */; };
		4947DA2F16988B11008971EF /* jpeglib.h in Headers */ = {isa = PBXBuildFile; fileRef = 4947D951169876FC008971EF /* jpeglib.h */; };
/* End PBXBuildFile section */

/* Begin PBXCopyFilesBuildPhase section */
		4947D96A169877E6008971EF /* CopyFiles */ = {
			isa = PBXCopyFilesBuildPhase;
			buildActionMask = 2147483647;
			dstPath = "include/${PRODUCT_NAME}";
			dstSubfolderSpec = 16;
			files = (
			);
			runOnlyForDeploymentPostprocessing = 0;
		};
		4947D9DC16987892008971EF /* CopyFiles */ = {
			isa = PBXCopyFilesBuildPhase;
			buildActionMask = 2147483647;
			dstPath = "include/${PRODUCT_NAME}";
			dstSubfolderSpec = 16;
			files = (
			);
			runOnlyForDeploymentPostprocessing = 0;
		};
/* End PBXCopyFilesBuildPhase section */

/* Begin PBXFileReference section */
		4947D91F169876FC008971EF /* jaricom.c */ = {isa = PBXFileReference; lastKnownFileType = sourcecode.c.c; name = jaricom.c; path = ../LibJpeg/jaricom.c; sourceTree = "<group>"; };
		4947D920169876FC008971EF /* jcapimin.c */ = {isa = PBXFileReference; lastKnownFileType = sourcecode.c.c; name = jcapimin.c; path = ../LibJpeg/jcapimin.c; sourceTree = "<group>"; };
		4947D921169876FC008971EF /* jcapistd.c */ = {isa = PBXFileReference; lastKnownFileType = sourcecode.c.c; name = jcapistd.c; path = ../LibJpeg/jcapistd.c; sourceTree = "<group>"; };
		4947D922169876FC008971EF /* jcarith.c */ = {isa = PBXFileReference; lastKnownFileType = sourcecode.c.c; name = jcarith.c; path = ../LibJpeg/jcarith.c; sourceTree = "<group>"; };
		4947D923169876FC008971EF /* jccoefct.c */ = {isa = PBXFileReference; lastKnownFileType = sourcecode.c.c; name = jccoefct.c; path = ../LibJpeg/jccoefct.c; sourceTree = "<group>"; };
		4947D924169876FC008971EF /* jccolor.c */ = {isa = PBXFileReference; lastKnownFileType = sourcecode.c.c; name = jccolor.c; path = ../LibJpeg/jccolor.c; sourceTree = "<group>"; };
		4947D925169876FC008971EF /* jcdctmgr.c */ = {isa = PBXFileReference; lastKnownFileType = sourcecode.c.c; name = jcdctmgr.c; path = ../LibJpeg/jcdctmgr.c; sourceTree = "<group>"; };
		4947D926169876FC008971EF /* jchuff.c */ = {isa = PBXFileReference; lastKnownFileType = sourcecode.c.c; name = jchuff.c; path = ../LibJpeg/jchuff.c; sourceTree = "<group>"; };
		4947D927169876FC008971EF /* jcinit.c */ = {isa = PBXFileReference; lastKnownFileType = sourcecode.c.c; name = jcinit.c; path = ../LibJpeg/jcinit.c; sourceTree = "<group>"; };
		4947D928169876FC008971EF /* jcmainct.c */ = {isa = PBXFileReference; lastKnownFileType = sourcecode.c.c; name = jcmainct.c; path = ../LibJpeg/jcmainct.c; sourceTree = "<group>"; };
		4947D929169876FC008971EF /* jcmarker.c */ = {isa = PBXFileReference; lastKnownFileType = sourcecode.c.c; name = jcmarker.c; path = ../LibJpeg/jcmarker.c; sourceTree = "<group>"; };
		4947D92A169876FC008971EF /* jcmaster.c */ = {isa = PBXFileReference; lastKnownFileType = sourcecode.c.c; name = jcmaster.c; path = ../LibJpeg/jcmaster.c; sourceTree = "<group>"; };
		4947D92B169876FC008971EF /* jcomapi.c */ = {isa = PBXFileReference; lastKnownFileType = sourcecode.c.c; name = jcomapi.c; path = ../LibJpeg/jcomapi.c; sourceTree = "<group>"; };
		4947D92C169876FC008971EF /* jconfig.h */ = {isa = PBXFileReference; lastKnownFileType = sourcecode.c.h; name = jconfig.h; path = ../LibJpeg/jconfig.h; sourceTree = "<group>"; };
		4947D92D169876FC008971EF /* jcparam.c */ = {isa = PBXFileReference; lastKnownFileType = sourcecode.c.c; name = jcparam.c; path = ../LibJpeg/jcparam.c; sourceTree = "<group>"; };
		4947D92E169876FC008971EF /* jcprepct.c */ = {isa = PBXFileReference; lastKnownFileType = sourcecode.c.c; name = jcprepct.c; path = ../LibJpeg/jcprepct.c; sourceTree = "<group>"; };
		4947D92F169876FC008971EF /* jcsample.c */ = {isa = PBXFileReference; lastKnownFileType = sourcecode.c.c; name = jcsample.c; path = ../LibJpeg/jcsample.c; sourceTree = "<group>"; };
		4947D930169876FC008971EF /* jctrans.c */ = {isa = PBXFileReference; lastKnownFileType = sourcecode.c.c; name = jctrans.c; path = ../LibJpeg/jctrans.c; sourceTree = "<group>"; };
		4947D931169876FC008971EF /* jdapimin.c */ = {isa = PBXFileReference; lastKnownFileType = sourcecode.c.c; name = jdapimin.c; path = ../LibJpeg/jdapimin.c; sourceTree = "<group>"; };
		4947D932169876FC008971EF /* jdapistd.c */ = {isa = PBXFileReference; lastKnownFileType = sourcecode.c.c; name = jdapistd.c; path = ../LibJpeg/jdapistd.c; sourceTree = "<group>"; };
		4947D933169876FC008971EF /* jdarith.c */ = {isa = PBXFileReference; lastKnownFileType = sourcecode.c.c; name = jdarith.c; path = ../LibJpeg/jdarith.c; sourceTree = "<group>"; };
		4947D934169876FC008971EF /* jdatadst.c */ = {isa = PBXFileReference; lastKnownFileType = sourcecode.c.c; name = jdatadst.c; path = ../LibJpeg/jdatadst.c; sourceTree = "<group>"; };
		4947D935169876FC008971EF /* jdatasrc.c */ = {isa = PBXFileReference; lastKnownFileType = sourcecode.c.c; name = jdatasrc.c; path = ../LibJpeg/jdatasrc.c; sourceTree = "<group>"; };
		4947D936169876FC008971EF /* jdcoefct.c */ = {isa = PBXFileReference; lastKnownFileType = sourcecode.c.c; name = jdcoefct.c; path = ../LibJpeg/jdcoefct.c; sourceTree = "<group>"; };
		4947D937169876FC008971EF /* jdcolor.c */ = {isa = PBXFileReference; lastKnownFileType = sourcecode.c.c; name = jdcolor.c; path = ../LibJpeg/jdcolor.c; sourceTree = "<group>"; };
		4947D938169876FC008971EF /* jdct.h */ = {isa = PBXFileReference; lastKnownFileType = sourcecode.c.h; name = jdct.h; path = ../LibJpeg/jdct.h; sourceTree = "<group>"; };
		4947D939169876FC008971EF /* jddctmgr.c */ = {isa = PBXFileReference; lastKnownFileType = sourcecode.c.c; name = jddctmgr.c; path = ../LibJpeg/jddctmgr.c; sourceTree = "<group>"; };
		4947D93A169876FC008971EF /* jdhuff.c */ = {isa = PBXFileReference; lastKnownFileType = sourcecode.c.c; name = jdhuff.c; path = ../LibJpeg/jdhuff.c; sourceTree = "<group>"; };
		4947D93B169876FC008971EF /* jdinput.c */ = {isa = PBXFileReference; lastKnownFileType = sourcecode.c.c; name = jdinput.c; path = ../LibJpeg/jdinput.c; sourceTree = "<group>"; };
		4947D93C169876FC008971EF /* jdmainct.c */ = {isa = PBXFileReference; lastKnownFileType = sourcecode.c.c; name = jdmainct.c; path = ../LibJpeg/jdmainct.c; sourceTree = "<group>"; };
		4947D93D169876FC008971EF /* jdmarker.c */ = {isa = PBXFileReference; lastKnownFileType = sourcecode.c.c; name = jdmarker.c; path = ../LibJpeg/jdmarker.c; sourceTree = "<group>"; };
		4947D93E169876FC008971EF /* jdmaster.c */ = {isa = PBXFileReference; lastKnownFileType = sourcecode.c.c; name = jdmaster.c; path = ../LibJpeg/jdmaster.c; sourceTree = "<group>"; };
		4947D93F169876FC008971EF /* jdmerge.c */ = {isa = PBXFileReference; lastKnownFileType = sourcecode.c.c; name = jdmerge.c; path = ../LibJpeg/jdmerge.c; sourceTree = "<group>"; };
		4947D940169876FC008971EF /* jdpostct.c */ = {isa = PBXFileReference; lastKnownFileType = sourcecode.c.c; name = jdpostct.c; path = ../LibJpeg/jdpostct.c; sourceTree = "<group>"; };
		4947D941169876FC008971EF /* jdsample.c */ = {isa = PBXFileReference; lastKnownFileType = sourcecode.c.c; name = jdsample.c; path = ../LibJpeg/jdsample.c; sourceTree = "<group>"; };
		4947D942169876FC008971EF /* jdtrans.c */ = {isa = PBXFileReference; lastKnownFileType = sourcecode.c.c; name = jdtrans.c; path = ../LibJpeg/jdtrans.c; sourceTree = "<group>"; };
		4947D943169876FC008971EF /* jerror.c */ = {isa = PBXFileReference; lastKnownFileType = sourcecode.c.c; name = jerror.c; path = ../LibJpeg/jerror.c; sourceTree = "<group>"; };
		4947D944169876FC008971EF /* jerror.h */ = {isa = PBXFileReference; lastKnownFileType = sourcecode.c.h; name = jerror.h; path = ../LibJpeg/jerror.h; sourceTree = "<group>"; };
		4947D945169876FC008971EF /* jfdctflt.c */ = {isa = PBXFileReference; lastKnownFileType = sourcecode.c.c; name = jfdctflt.c; path = ../LibJpeg/jfdctflt.c; sourceTree = "<group>"; };
		4947D946169876FC008971EF /* jfdctfst.c */ = {isa = PBXFileReference; lastKnownFileType = sourcecode.c.c; name = jfdctfst.c; path = ../LibJpeg/jfdctfst.c; sourceTree = "<group>"; };
		4947D947169876FC008971EF /* jfdctint.c */ = {isa = PBXFileReference; lastKnownFileType = sourcecode.c.c; name = jfdctint.c; path = ../LibJpeg/jfdctint.c; sourceTree = "<group>"; };
		4947D948169876FC008971EF /* jidctflt.c */ = {isa = PBXFileReference; lastKnownFileType = sourcecode.c.c; name = jidctflt.c; path = ../LibJpeg/jidctflt.c; sourceTree = "<group>"; };
		4947D949169876FC008971EF /* jidctfst.c */ = {isa = PBXFileReference; lastKnownFileType = sourcecode.c.c; name = jidctfst.c; path = ../LibJpeg/jidctfst.c; sourceTree = "<group>"; };
		4947D94A169876FC008971EF /* jidctint.c */ = {isa = PBXFileReference; lastKnownFileType = sourcecode.c.c; name = jidctint.c; path = ../LibJpeg/jidctint.c; sourceTree = "<group>"; };
		4947D94B169876FC008971EF /* jinclude.h */ = {isa = PBXFileReference; lastKnownFileType = sourcecode.c.h; name = jinclude.h; path = ../LibJpeg/jinclude.h; sourceTree = "<group>"; };
		4947D94C169876FC008971EF /* jmemmgr.c */ = {isa = PBXFileReference; lastKnownFileType = sourcecode.c.c; name = jmemmgr.c; path = ../LibJpeg/jmemmgr.c; sourceTree = "<group>"; };
		4947D94D169876FC008971EF /* jmemnobs.c */ = {isa = PBXFileReference; lastKnownFileType = sourcecode.c.c; name = jmemnobs.c; path = ../LibJpeg/jmemnobs.c; sourceTree = "<group>"; };
		4947D94E169876FC008971EF /* jmemsys.h */ = {isa = PBXFileReference; lastKnownFileType = sourcecode.c.h; name = jmemsys.h; path = ../LibJpeg/jmemsys.h; sourceTree = "<group>"; };
		4947D94F169876FC008971EF /* jmorecfg.h */ = {isa = PBXFileReference; lastKnownFileType = sourcecode.c.h; name = jmorecfg.h; path = ../LibJpeg/jmorecfg.h; sourceTree = "<group>"; };
		4947D950169876FC008971EF /* jpegint.h */ = {isa = PBXFileReference; lastKnownFileType = sourcecode.c.h; name = jpegint.h; path = ../LibJpeg/jpegint.h; sourceTree = "<group>"; };
		4947D951169876FC008971EF /* jpeglib.h */ = {isa = PBXFileReference; lastKnownFileType = sourcecode.c.h; name = jpeglib.h; path = ../LibJpeg/jpeglib.h; sourceTree = "<group>"; };
		4947D952169876FC008971EF /* jquant1.c */ = {isa = PBXFileReference; lastKnownFileType = sourcecode.c.c; name = jquant1.c; path = ../LibJpeg/jquant1.c; sourceTree = "<group>"; };
		4947D953169876FC008971EF /* jquant2.c */ = {isa = PBXFileReference; lastKnownFileType = sourcecode.c.c; name = jquant2.c; path = ../LibJpeg/jquant2.c; sourceTree = "<group>"; };
		4947D954169876FC008971EF /* jutils.c */ = {isa = PBXFileReference; lastKnownFileType = sourcecode.c.c; name = jutils.c; path = ../LibJpeg/jutils.c; sourceTree = "<group>"; };
		4947D955169876FC008971EF /* jversion.h */ = {isa = PBXFileReference; lastKnownFileType = sourcecode.c.h; name = jversion.h; path = ../LibJpeg/jversion.h; sourceTree = "<group>"; };
		4947D96C169877E6008971EF /* libLibJpeg-iphonesimulator.a */ = {isa = PBXFileReference; explicitFileType = archive.ar; includeInIndex = 0; path = "libLibJpeg-iphonesimulator.a"; sourceTree = BUILT_PRODUCTS_DIR; };
		4947D9E516987892008971EF /* libLibJpeg-iphonesimulator copy.a */ = {isa = PBXFileReference; explicitFileType = archive.ar; includeInIndex = 0; name = "libLibJpeg-iphonesimulator copy.a"; path = "libLibJpeg-iphoneos.a"; sourceTree = BUILT_PRODUCTS_DIR; };
		4947D9F916988AD5008971EF /* libLibJpeg.a */ = {isa = PBXFileReference; explicitFileType = archive.ar; includeInIndex = 0; path = libLibJpeg.a; sourceTree = BUILT_PRODUCTS_DIR; };
/* End PBXFileReference section */

/* Begin PBXFrameworksBuildPhase section */
		4947D969169877E6008971EF /* Frameworks */ = {
			isa = PBXFrameworksBuildPhase;
			buildActionMask = 2147483647;
			files = (
			);
			runOnlyForDeploymentPostprocessing = 0;
		};
		4947D9DB16987892008971EF /* Frameworks */ = {
			isa = PBXFrameworksBuildPhase;
			buildActionMask = 2147483647;
			files = (
			);
			runOnlyForDeploymentPostprocessing = 0;
		};
		4947D9F616988AD5008971EF /* Frameworks */ = {
			isa = PBXFrameworksBuildPhase;
			buildActionMask = 2147483647;
			files = (
			);
			runOnlyForDeploymentPostprocessing = 0;
		};
/* End PBXFrameworksBuildPhase section */

/* Begin PBXGroup section */
		493E05BA1691F30A0011CE7C /* Frameworks */ = {
			isa = PBXGroup;
			children = (
			);
			name = Frameworks;
			sourceTree = "<group>";
		};
		497D1E9615484C5900530DBB = {
			isa = PBXGroup;
			children = (
				497D1EA815484C6100530DBB /* Sources */,
				493E05BA1691F30A0011CE7C /* Frameworks */,
				497D1EA215484C5900530DBB /* Products */,
			);
			sourceTree = "<group>";
		};
		497D1EA215484C5900530DBB /* Products */ = {
			isa = PBXGroup;
			children = (
				4947D96C169877E6008971EF /* libLibJpeg-iphonesimulator.a */,
				4947D9E516987892008971EF /* libLibJpeg-iphonesimulator copy.a */,
				4947D9F916988AD5008971EF /* libLibJpeg.a */,
			);
			name = Products;
			sourceTree = "<group>";
		};
		497D1EA815484C6100530DBB /* Sources */ = {
			isa = PBXGroup;
			children = (
				4947D91F169876FC008971EF /* jaricom.c */,
				4947D920169876FC008971EF /* jcapimin.c */,
				4947D921169876FC008971EF /* jcapistd.c */,
				4947D922169876FC008971EF /* jcarith.c */,
				4947D923169876FC008971EF /* jccoefct.c */,
				4947D924169876FC008971EF /* jccolor.c */,
				4947D925169876FC008971EF /* jcdctmgr.c */,
				4947D926169876FC008971EF /* jchuff.c */,
				4947D927169876FC008971EF /* jcinit.c */,
				4947D928169876FC008971EF /* jcmainct.c */,
				4947D929169876FC008971EF /* jcmarker.c */,
				4947D92A169876FC008971EF /* jcmaster.c */,
				4947D92B169876FC008971EF /* jcomapi.c */,
				4947D92C169876FC008971EF /* jconfig.h */,
				4947D92D169876FC008971EF /* jcparam.c */,
				4947D92E169876FC008971EF /* jcprepct.c */,
				4947D92F169876FC008971EF /* jcsample.c */,
				4947D930169876FC008971EF /* jctrans.c */,
				4947D931169876FC008971EF /* jdapimin.c */,
				4947D932169876FC008971EF /* jdapistd.c */,
				4947D933169876FC008971EF /* jdarith.c */,
				4947D934169876FC008971EF /* jdatadst.c */,
				4947D935169876FC008971EF /* jdatasrc.c */,
				4947D936169876FC008971EF /* jdcoefct.c */,
				4947D937169876FC008971EF /* jdcolor.c */,
				4947D938169876FC008971EF /* jdct.h */,
				4947D939169876FC008971EF /* jddctmgr.c */,
				4947D93A169876FC008971EF /* jdhuff.c */,
				4947D93B169876FC008971EF /* jdinput.c */,
				4947D93C169876FC008971EF /* jdmainct.c */,
				4947D93D169876FC008971EF /* jdmarker.c */,
				4947D93E169876FC008971EF /* jdmaster.c */,
				4947D93F169876FC008971EF /* jdmerge.c */,
				4947D940169876FC008971EF /* jdpostct.c */,
				4947D941169876FC008971EF /* jdsample.c */,
				4947D942169876FC008971EF /* jdtrans.c */,
				4947D943169876FC008971EF /* jerror.c */,
				4947D944169876FC008971EF /* jerror.h */,
				4947D945169876FC008971EF /* jfdctflt.c */,
				4947D946169876FC008971EF /* jfdctfst.c */,
				4947D947169876FC008971EF /* jfdctint.c */,
				4947D948169876FC008971EF /* jidctflt.c */,
				4947D949169876FC008971EF /* jidctfst.c */,
				4947D94A169876FC008971EF /* jidctint.c */,
				4947D94B169876FC008971EF /* jinclude.h */,
				4947D94C169876FC008971EF /* jmemmgr.c */,
				4947D94D169876FC008971EF /* jmemnobs.c */,
				4947D94E169876FC008971EF /* jmemsys.h */,
				4947D94F169876FC008971EF /* jmorecfg.h */,
				4947D950169876FC008971EF /* jpegint.h */,
				4947D951169876FC008971EF /* jpeglib.h */,
				4947D952169876FC008971EF /* jquant1.c */,
				4947D953169876FC008971EF /* jquant2.c */,
				4947D954169876FC008971EF /* jutils.c */,
				4947D955169876FC008971EF /* jversion.h */,
			);
			name = Sources;
			sourceTree = "<group>";
		};
/* End PBXGroup section */

/* Begin PBXHeadersBuildPhase section */
		4947D9A616987841008971EF /* Headers */ = {
			isa = PBXHeadersBuildPhase;
			buildActionMask = 2147483647;
			files = (
				4947D9A716987884008971EF /* jconfig.h in Headers */,
				4947D9A816987884008971EF /* jerror.h in Headers */,
				4947D9A916987884008971EF /* jmorecfg.h in Headers */,
				4947D9AA16987884008971EF /* jpeglib.h in Headers */,
			);
			runOnlyForDeploymentPostprocessing = 0;
		};
		4947D9DD16987892008971EF /* Headers */ = {
			isa = PBXHeadersBuildPhase;
			buildActionMask = 2147483647;
			files = (
				4947D9DE16987892008971EF /* jconfig.h in Headers */,
				4947D9DF16987892008971EF /* jerror.h in Headers */,
				4947D9E016987892008971EF /* jmorecfg.h in Headers */,
				4947D9E116987892008971EF /* jpeglib.h in Headers */,
			);
			runOnlyForDeploymentPostprocessing = 0;
		};
		4947D9F716988AD5008971EF /* Headers */ = {
			isa = PBXHeadersBuildPhase;
			buildActionMask = 2147483647;
			files = (
				4947DA2C16988B11008971EF /* jconfig.h in Headers */,
				4947DA2D16988B11008971EF /* jerror.h in Headers */,
				4947DA2E16988B11008971EF /* jmorecfg.h in Headers */,
				4947DA2F16988B11008971EF /* jpeglib.h in Headers */,
			);
			runOnlyForDeploymentPostprocessing = 0;
		};
/* End PBXHeadersBuildPhase section */

/* Begin PBXNativeTarget section */
		4947D96B169877E6008971EF /* LibJpeg-iphonesimulator */ = {
			isa = PBXNativeTarget;
			buildConfigurationList = 4947D975169877E6008971EF /* Build configuration list for PBXNativeTarget "LibJpeg-iphonesimulator" */;
			buildPhases = (
				4947D968169877E6008971EF /* Sources */,
				4947D969169877E6008971EF /* Frameworks */,
				4947D96A169877E6008971EF /* CopyFiles */,
				4947D9A616987841008971EF /* Headers */,
			);
			buildRules = (
			);
			dependencies = (
			);
			name = "LibJpeg-iphonesimulator";
			productName = "LibJpeg-iphonesimulator";
			productReference = 4947D96C169877E6008971EF /* libLibJpeg-iphonesimulator.a */;
			productType = "com.apple.product-type.library.static";
		};
		4947D9AB16987892008971EF /* LibJpeg-iphoneos */ = {
			isa = PBXNativeTarget;
			buildConfigurationList = 4947D9E216987892008971EF /* Build configuration list for PBXNativeTarget "LibJpeg-iphoneos" */;
			buildPhases = (
				4947D9AC16987892008971EF /* Sources */,
				4947D9DB16987892008971EF /* Frameworks */,
				4947D9DC16987892008971EF /* CopyFiles */,
				4947D9DD16987892008971EF /* Headers */,
			);
			buildRules = (
			);
			dependencies = (
			);
			name = "LibJpeg-iphoneos";
			productName = "LibJpeg-iphonesimulator";
			productReference = 4947D9E516987892008971EF /* libLibJpeg-iphonesimulator copy.a */;
			productType = "com.apple.product-type.library.static";
		};
		4947D9F816988AD5008971EF /* LibJpeg */ = {
			isa = PBXNativeTarget;
			buildConfigurationList = 4947D9FC16988AD5008971EF /* Build configuration list for PBXNativeTarget "LibJpeg" */;
			buildPhases = (
				4947D9F516988AD5008971EF /* Sources */,
				4947D9F616988AD5008971EF /* Frameworks */,
				4947D9F716988AD5008971EF /* Headers */,
			);
			buildRules = (
			);
			dependencies = (
			);
			name = LibJpeg;
			productName = LibJpeg;
			productReference = 4947D9F916988AD5008971EF /* libLibJpeg.a */;
			productType = "com.apple.product-type.library.static";
		};
/* End PBXNativeTarget section */

/* Begin PBXProject section */
		497D1E9815484C5900530DBB /* Project object */ = {
			isa = PBXProject;
			attributes = {
				LastUpgradeCheck = 0450;
				ORGANIZATIONNAME = "gal.kahana@hotmail.com";
			};
			buildConfigurationList = 497D1E9B15484C5900530DBB /* Build configuration list for PBXProject "LibJpeg" */;
			compatibilityVersion = "Xcode 3.2";
			developmentRegion = English;
			hasScannedForEncodings = 0;
			knownRegions = (
				en,
			);
			mainGroup = 497D1E9615484C5900530DBB;
			productRefGroup = 497D1EA215484C5900530DBB /* Products */;
			projectDirPath = "";
			projectRoot = "";
			targets = (
				4947D9F816988AD5008971EF /* LibJpeg */,
				4947D96B169877E6008971EF /* LibJpeg-iphonesimulator */,
				4947D9AB16987892008971EF /* LibJpeg-iphoneos */,
				4947D9E616987A15008971EF /* LibJpegIOSUniversal */,
			);
		};
/* End PBXProject section */

/* Begin PBXShellScriptBuildPhase section */
		4947D9EA16987A21008971EF /* ShellScript */ = {
			isa = PBXShellScriptBuildPhase;
			buildActionMask = 2147483647;
			files = (
			);
			inputPaths = (
			);
			outputPaths = (
			);
			runOnlyForDeploymentPostprocessing = 0;
			shellPath = /bin/sh;
			shellScript = "rm -rf ${BUILT_PRODUCTS_DIR}/libLibJpegIOSUniversal.a\n\nlipo -create \"${BUILT_PRODUCTS_DIR}/../${CONFIGURATION}-iphonesimulator/libLibJpeg-iphonesimulator.a\" \\\n\"${BUILT_PRODUCTS_DIR}/../${CONFIGURATION}-iphoneos/libLibJpeg-iphoneos.a\" -output \\\n\"${BUILT_PRODUCTS_DIR}/libLibJpegIOSUniversal.a\"";
		};
/* End PBXShellScriptBuildPhase section */

/* Begin PBXSourcesBuildPhase section */
		4947D968169877E6008971EF /* Sources */ = {
			isa = PBXSourcesBuildPhase;
			buildActionMask = 2147483647;
			files = (
				4947D9781698783A008971EF /* jaricom.c in Sources */,
				4947D9791698783A008971EF /* jcapimin.c in Sources */,
				4947D97A1698783A008971EF /* jcapistd.c in Sources */,
				4947D97B1698783A008971EF /* jcarith.c in Sources */,
				4947D97C1698783A008971EF /* jccoefct.c in Sources */,
				4947D97D1698783A008971EF /* jccolor.c in Sources */,
				4947D97E1698783A008971EF /* jcdctmgr.c in Sources */,
				4947D97F1698783A008971EF /* jchuff.c in Sources */,
				4947D9801698783A008971EF /* jcinit.c in Sources */,
				4947D9811698783A008971EF /* jcmainct.c in Sources */,
				4947D9821698783A008971EF /* jcmarker.c in Sources */,
				4947D9831698783A008971EF /* jcmaster.c in Sources */,
				4947D9841698783A008971EF /* jcomapi.c in Sources */,
				4947D9851698783A008971EF /* jcparam.c in Sources */,
				4947D9861698783A008971EF /* jcprepct.c in Sources */,
				4947D9871698783A008971EF /* jcsample.c in Sources */,
				4947D9881698783A008971EF /* jctrans.c in Sources */,
				4947D9891698783A008971EF /* jdapimin.c in Sources */,
				4947D98A1698783A008971EF /* jdapistd.c in Sources */,
				4947D98B1698783A008971EF /* jdarith.c in Sources */,
				4947D98C1698783A008971EF /* jdatadst.c in Sources */,
				4947D98D1698783A008971EF /* jdatasrc.c in Sources */,
				4947D98E1698783A008971EF /* jdcoefct.c in Sources */,
				4947D98F1698783A008971EF /* jdcolor.c in Sources */,
				4947D9901698783A008971EF /* jddctmgr.c in Sources */,
				4947D9911698783A008971EF /* jdhuff.c in Sources */,
				4947D9921698783A008971EF /* jdinput.c in Sources */,
				4947D9931698783A008971EF /* jdmainct.c in Sources */,
				4947D9941698783A008971EF /* jdmarker.c in Sources */,
				4947D9951698783A008971EF /* jdmaster.c in Sources */,
				4947D9961698783A008971EF /* jdmerge.c in Sources */,
				4947D9971698783A008971EF /* jdpostct.c in Sources */,
				4947D9981698783A008971EF /* jdsample.c in Sources */,
				4947D9991698783A008971EF /* jdtrans.c in Sources */,
				4947D99A1698783A008971EF /* jerror.c in Sources */,
				4947D99B1698783A008971EF /* jfdctflt.c in Sources */,
				4947D99C1698783A008971EF /* jfdctfst.c in Sources */,
				4947D99D1698783A008971EF /* jfdctint.c in Sources */,
				4947D99E1698783A008971EF /* jidctflt.c in Sources */,
				4947D99F1698783A008971EF /* jidctfst.c in Sources */,
				4947D9A01698783A008971EF /* jidctint.c in Sources */,
				4947D9A11698783A008971EF /* jmemmgr.c in Sources */,
				4947D9A21698783A008971EF /* jmemnobs.c in Sources */,
				4947D9A31698783A008971EF /* jquant1.c in Sources */,
				4947D9A41698783A008971EF /* jquant2.c in Sources */,
				4947D9A51698783A008971EF /* jutils.c in Sources */,
			);
			runOnlyForDeploymentPostprocessing = 0;
		};
		4947D9AC16987892008971EF /* Sources */ = {
			isa = PBXSourcesBuildPhase;
			buildActionMask = 2147483647;
			files = (
				4947D9AD16987892008971EF /* jaricom.c in Sources */,
				4947D9AE16987892008971EF /* jcapimin.c in Sources */,
				4947D9AF16987892008971EF /* jcapistd.c in Sources */,
				4947D9B016987892008971EF /* jcarith.c in Sources */,
				4947D9B116987892008971EF /* jccoefct.c in Sources */,
				4947D9B216987892008971EF /* jccolor.c in Sources */,
				4947D9B316987892008971EF /* jcdctmgr.c in Sources */,
				4947D9B416987892008971EF /* jchuff.c in Sources */,
				4947D9B516987892008971EF /* jcinit.c in Sources */,
				4947D9B616987892008971EF /* jcmainct.c in Sources */,
				4947D9B716987892008971EF /* jcmarker.c in Sources */,
				4947D9B816987892008971EF /* jcmaster.c in Sources */,
				4947D9B916987892008971EF /* jcomapi.c in Sources */,
				4947D9BA16987892008971EF /* jcparam.c in Sources */,
				4947D9BB16987892008971EF /* jcprepct.c in Sources */,
				4947D9BC16987892008971EF /* jcsample.c in Sources */,
				4947D9BD16987892008971EF /* jctrans.c in Sources */,
				4947D9BE16987892008971EF /* jdapimin.c in Sources */,
				4947D9BF16987892008971EF /* jdapistd.c in Sources */,
				4947D9C016987892008971EF /* jdarith.c in Sources */,
				4947D9C116987892008971EF /* jdatadst.c in Sources */,
				4947D9C216987892008971EF /* jdatasrc.c in Sources */,
				4947D9C316987892008971EF /* jdcoefct.c in Sources */,
				4947D9C416987892008971EF /* jdcolor.c in Sources */,
				4947D9C516987892008971EF /* jddctmgr.c in Sources */,
				4947D9C616987892008971EF /* jdhuff.c in Sources */,
				4947D9C716987892008971EF /* jdinput.c in Sources */,
				4947D9C816987892008971EF /* jdmainct.c in Sources */,
				4947D9C916987892008971EF /* jdmarker.c in Sources */,
				4947D9CA16987892008971EF /* jdmaster.c in Sources */,
				4947D9CB16987892008971EF /* jdmerge.c in Sources */,
				4947D9CC16987892008971EF /* jdpostct.c in Sources */,
				4947D9CD16987892008971EF /* jdsample.c in Sources */,
				4947D9CE16987892008971EF /* jdtrans.c in Sources */,
				4947D9CF16987892008971EF /* jerror.c in Sources */,
				4947D9D016987892008971EF /* jfdctflt.c in Sources */,
				4947D9D116987892008971EF /* jfdctfst.c in Sources */,
				4947D9D216987892008971EF /* jfdctint.c in Sources */,
				4947D9D316987892008971EF /* jidctflt.c in Sources */,
				4947D9D416987892008971EF /* jidctfst.c in Sources */,
				4947D9D516987892008971EF /* jidctint.c in Sources */,
				4947D9D616987892008971EF /* jmemmgr.c in Sources */,
				4947D9D716987892008971EF /* jmemnobs.c in Sources */,
				4947D9D816987892008971EF /* jquant1.c in Sources */,
				4947D9D916987892008971EF /* jquant2.c in Sources */,
				4947D9DA16987892008971EF /* jutils.c in Sources */,
			);
			runOnlyForDeploymentPostprocessing = 0;
		};
		4947D9F516988AD5008971EF /* Sources */ = {
			isa = PBXSourcesBuildPhase;
			buildActionMask = 2147483647;
			files = (
				4947D9FE16988AED008971EF /* jaricom.c in Sources */,
				4947D9FF16988AED008971EF /* jcapimin.c in Sources */,
				4947DA0016988AED008971EF /* jcapistd.c in Sources */,
				4947DA0116988AED008971EF /* jcarith.c in Sources */,
				4947DA0216988AED008971EF /* jccoefct.c in Sources */,
				4947DA0316988AED008971EF /* jccolor.c in Sources */,
				4947DA0416988AED008971EF /* jcdctmgr.c in Sources */,
				4947DA0516988AED008971EF /* jchuff.c in Sources */,
				4947DA0616988AED008971EF /* jcinit.c in Sources */,
				4947DA0716988AED008971EF /* jcmainct.c in Sources */,
				4947DA0816988AED008971EF /* jcmarker.c in Sources */,
				4947DA0916988AED008971EF /* jcmaster.c in Sources */,
				4947DA0A16988AED008971EF /* jcomapi.c in Sources */,
				4947DA0B16988AED008971EF /* jcparam.c in Sources */,
				4947DA0C16988AED008971EF /* jcprepct.c in Sources */,
				4947DA0D16988AED008971EF /* jcsample.c in Sources */,
				4947DA0E16988AED008971EF /* jctrans.c in Sources */,
				4947DA0F16988AED008971EF /* jdapimin.c in Sources */,
				4947DA1016988AED008971EF /* jdapistd.c in Sources */,
				4947DA1116988AED008971EF /* jdarith.c in Sources */,
				4947DA1216988AED008971EF /* jdatadst.c in Sources */,
				4947DA1316988AED008971EF /* jdatasrc.c in Sources */,
				4947DA1416988AED008971EF /* jdcoefct.c in Sources */,
				4947DA1516988AED008971EF /* jdcolor.c in Sources */,
				4947DA1616988AED008971EF /* jddctmgr.c in Sources */,
				4947DA1716988AED008971EF /* jdhuff.c in Sources */,
				4947DA1816988AED008971EF /* jdinput.c in Sources */,
				4947DA1916988AED008971EF /* jdmainct.c in Sources */,
				4947DA1A16988AED008971EF /* jdmarker.c in Sources */,
				4947DA1B16988AED008971EF /* jdmaster.c in Sources */,
				4947DA1C16988AED008971EF /* jdmerge.c in Sources */,
				4947DA1D16988AED008971EF /* jdpostct.c in Sources */,
				4947DA1E16988AED008971EF /* jdsample.c in Sources */,
				4947DA1F16988AED008971EF /* jdtrans.c in Sources */,
				4947DA2016988AED008971EF /* jerror.c in Sources */,
				4947DA2116988AED008971EF /* jfdctflt.c in Sources */,
				4947DA2216988AED008971EF /* jfdctfst.c in Sources */,
				4947DA2316988AED008971EF /* jfdctint.c in Sources */,
				4947DA2416988AED008971EF /* jidctflt.c in Sources */,
				4947DA2516988AED008971EF /* jidctfst.c in Sources */,
				4947DA2616988AED008971EF /* jidctint.c in Sources */,
				4947DA2716988AED008971EF /* jmemmgr.c in Sources */,
				4947DA2816988AED008971EF /* jmemnobs.c in Sources */,
				4947DA2916988AED008971EF /* jquant1.c in Sources */,
				4947DA2A16988AED008971EF /* jquant2.c in Sources */,
				4947DA2B16988AED008971EF /* jutils.c in Sources */,
			);
			runOnlyForDeploymentPostprocessing = 0;
		};
/* End PBXSourcesBuildPhase section */

/* Begin XCBuildConfiguration section */
		4947D976169877E6008971EF /* Debug */ = {
			isa = XCBuildConfiguration;
			buildSettings = {
				ARCHS = "$(ARCHS_STANDARD_32_BIT)";
				CLANG_CXX_LANGUAGE_STANDARD = "gnu++0x";
				CLANG_CXX_LIBRARY = "libc++";
				CLANG_WARN_EMPTY_BODY = YES;
				CLANG_WARN__DUPLICATE_METHOD_MATCH = YES;
				DSTROOT = /tmp/LibJpeg_iphonesimulator.dst;
				GCC_PRECOMPILE_PREFIX_HEADER = NO;
				GCC_PREFIX_HEADER = "";
				IPHONEOS_DEPLOYMENT_TARGET = 6.0;
				OTHER_LDFLAGS = "-ObjC";
				PRODUCT_NAME = "$(TARGET_NAME)";
				SDKROOT = iphoneos;
				SKIP_INSTALL = YES;
				SUPPORTED_PLATFORMS = iphonesimulator;
			};
			name = Debug;
		};
		4947D977169877E6008971EF /* Release */ = {
			isa = XCBuildConfiguration;
			buildSettings = {
				ARCHS = "$(ARCHS_STANDARD_32_BIT)";
				CLANG_CXX_LANGUAGE_STANDARD = "gnu++0x";
				CLANG_CXX_LIBRARY = "libc++";
				CLANG_WARN_EMPTY_BODY = YES;
				CLANG_WARN__DUPLICATE_METHOD_MATCH = YES;
				DSTROOT = /tmp/LibJpeg_iphonesimulator.dst;
				GCC_PRECOMPILE_PREFIX_HEADER = NO;
				GCC_PREFIX_HEADER = "";
				IPHONEOS_DEPLOYMENT_TARGET = 6.0;
				OTHER_LDFLAGS = "-ObjC";
				PRODUCT_NAME = "$(TARGET_NAME)";
				SDKROOT = iphoneos;
				SKIP_INSTALL = YES;
				SUPPORTED_PLATFORMS = iphonesimulator;
				VALIDATE_PRODUCT = YES;
			};
			name = Release;
		};
		4947D9E316987892008971EF /* Debug */ = {
			isa = XCBuildConfiguration;
			buildSettings = {
				ARCHS = "$(ARCHS_STANDARD_32_BIT)";
				CLANG_CXX_LANGUAGE_STANDARD = "gnu++0x";
				CLANG_CXX_LIBRARY = "libc++";
				CLANG_WARN_EMPTY_BODY = YES;
				CLANG_WARN__DUPLICATE_METHOD_MATCH = YES;
				DSTROOT = /tmp/LibJpeg_iphoneos.dst;
				GCC_PRECOMPILE_PREFIX_HEADER = NO;
				GCC_PREFIX_HEADER = "";
				IPHONEOS_DEPLOYMENT_TARGET = 6.0;
				OTHER_LDFLAGS = "-ObjC";
				PRODUCT_NAME = "LibJpeg-iphoneos";
				SDKROOT = iphoneos;
				SKIP_INSTALL = YES;
				SUPPORTED_PLATFORMS = iphoneos;
			};
			name = Debug;
		};
		4947D9E416987892008971EF /* Release */ = {
			isa = XCBuildConfiguration;
			buildSettings = {
				ARCHS = "$(ARCHS_STANDARD_32_BIT)";
				CLANG_CXX_LANGUAGE_STANDARD = "gnu++0x";
				CLANG_CXX_LIBRARY = "libc++";
				CLANG_WARN_EMPTY_BODY = YES;
				CLANG_WARN__DUPLICATE_METHOD_MATCH = YES;
				DSTROOT = /tmp/LibJpeg_iphoneos.dst;
				GCC_PRECOMPILE_PREFIX_HEADER = NO;
				GCC_PREFIX_HEADER = "";
				IPHONEOS_DEPLOYMENT_TARGET = 6.0;
				OTHER_LDFLAGS = "-ObjC";
				PRODUCT_NAME = "LibJpeg-iphoneos";
				SDKROOT = iphoneos;
				SKIP_INSTALL = YES;
				SUPPORTED_PLATFORMS = iphoneos;
				VALIDATE_PRODUCT = YES;
			};
			name = Release;
		};
		4947D9E816987A15008971EF /* Debug */ = {
			isa = XCBuildConfiguration;
			buildSettings = {
				ARCHS = "$(ARCHS_STANDARD_32_BIT)";
				PRODUCT_NAME = "$(TARGET_NAME)";
				SDKROOT = iphoneos6.0;
			};
			name = Debug;
		};
		4947D9E916987A15008971EF /* Release */ = {
			isa = XCBuildConfiguration;
			buildSettings = {
				ARCHS = "$(ARCHS_STANDARD_32_BIT)";
				PRODUCT_NAME = "$(TARGET_NAME)";
				SDKROOT = iphoneos6.0;
			};
			name = Release;
		};
		4947D9FA16988AD5008971EF /* Debug */ = {
			isa = XCBuildConfiguration;
			buildSettings = {
				CLANG_CXX_LANGUAGE_STANDARD = "gnu++0x";
				CLANG_CXX_LIBRARY = "libc++";
				CLANG_WARN_EMPTY_BODY = YES;
				CLANG_WARN__DUPLICATE_METHOD_MATCH = YES;
				EXECUTABLE_PREFIX = lib;
				MACOSX_DEPLOYMENT_TARGET = 10.8;
				PRODUCT_NAME = "$(TARGET_NAME)";
			};
			name = Debug;
		};
		4947D9FB16988AD5008971EF /* Release */ = {
			isa = XCBuildConfiguration;
			buildSettings = {
				CLANG_CXX_LANGUAGE_STANDARD = "gnu++0x";
				CLANG_CXX_LIBRARY = "libc++";
				CLANG_WARN_EMPTY_BODY = YES;
				CLANG_WARN__DUPLICATE_METHOD_MATCH = YES;
				EXECUTABLE_PREFIX = lib;
				MACOSX_DEPLOYMENT_TARGET = 10.8;
				PRODUCT_NAME = "$(TARGET_NAME)";
			};
			name = Release;
		};
		497D1EA315484C5900530DBB /* Debug */ = {
			isa = XCBuildConfiguration;
			buildSettings = {
				ALWAYS_SEARCH_USER_PATHS = NO;
				ARCHS = "$(ARCHS_STANDARD_64_BIT)";
				CLANG_ENABLE_OBJC_ARC = YES;
				COPY_PHASE_STRIP = NO;
				GCC_C_LANGUAGE_STANDARD = gnu99;
				GCC_DYNAMIC_NO_PIC = NO;
				GCC_ENABLE_OBJC_EXCEPTIONS = YES;
				GCC_OPTIMIZATION_LEVEL = 0;
				GCC_PREPROCESSOR_DEFINITIONS = (
					"DEBUG=1",
					"$(inherited)",
				);
				GCC_SYMBOLS_PRIVATE_EXTERN = NO;
				GCC_VERSION = com.apple.compilers.llvm.clang.1_0;
				GCC_WARN_64_TO_32_BIT_CONVERSION = YES;
				GCC_WARN_ABOUT_RETURN_TYPE = YES;
				GCC_WARN_UNINITIALIZED_AUTOS = YES;
				GCC_WARN_UNUSED_VARIABLE = YES;
				MACOSX_DEPLOYMENT_TARGET = 10.7;
				ONLY_ACTIVE_ARCH = YES;
				SDKROOT = macosx;
			};
			name = Debug;
		};
		497D1EA415484C5900530DBB /* Release */ = {
			isa = XCBuildConfiguration;
			buildSettings = {
				ALWAYS_SEARCH_USER_PATHS = NO;
				ARCHS = "$(ARCHS_STANDARD_64_BIT)";
				CLANG_ENABLE_OBJC_ARC = YES;
				COPY_PHASE_STRIP = YES;
				DEBUG_INFORMATION_FORMAT = "dwarf-with-dsym";
				GCC_C_LANGUAGE_STANDARD = gnu99;
				GCC_ENABLE_OBJC_EXCEPTIONS = YES;
				GCC_VERSION = com.apple.compilers.llvm.clang.1_0;
				GCC_WARN_64_TO_32_BIT_CONVERSION = YES;
				GCC_WARN_ABOUT_RETURN_TYPE = YES;
				GCC_WARN_UNINITIALIZED_AUTOS = YES;
				GCC_WARN_UNUSED_VARIABLE = YES;
				MACOSX_DEPLOYMENT_TARGET = 10.7;
				ONLY_ACTIVE_ARCH = NO;
				SDKROOT = macosx;
			};
			name = Release;
		};
/* End XCBuildConfiguration section */

/* Begin XCConfigurationList section */
		4947D975169877E6008971EF /* Build configuration list for PBXNativeTarget "LibJpeg-iphonesimulator" */ = {
			isa = XCConfigurationList;
			buildConfigurations = (
				4947D976169877E6008971EF /* Debug */,
				4947D977169877E6008971EF /* Release */,
			);
			defaultConfigurationIsVisible = 0;
			defaultConfigurationName = Release;
		};
		4947D9E216987892008971EF /* Build configuration list for PBXNativeTarget "LibJpeg-iphoneos" */ = {
			isa = XCConfigurationList;
			buildConfigurations = (
				4947D9E316987892008971EF /* Debug */,
				4947D9E416987892008971EF /* Release */,
			);
			defaultConfigurationIsVisible = 0;
			defaultConfigurationName = Release;
		};
		4947D9E716987A15008971EF /* Build configuration list for PBXAggregateTarget "LibJpegIOSUniversal" */ = {
			isa = XCConfigurationList;
			buildConfigurations = (
				4947D9E816987A15008971EF /* Debug */,
				4947D9E916987A15008971EF /* Release */,
			);
			defaultConfigurationIsVisible = 0;
			defaultConfigurationName = Release;
		};
		4947D9FC16988AD5008971EF /* Build configuration list for PBXNativeTarget "LibJpeg" */ = {
			isa = XCConfigurationList;
			buildConfigurations = (
				4947D9FA16988AD5008971EF /* Debug */,
				4947D9FB16988AD5008971EF /* Release */,
			);
			defaultConfigurationIsVisible = 0;
			defaultConfigurationName = Release;
		};
		497D1E9B15484C5900530DBB /* Build configuration list for PBXProject "LibJpeg" */ = {
			isa = XCConfigurationList;
			buildConfigurations = (
				497D1EA315484C5900530DBB /* Debug */,
				497D1EA415484C5900530DBB /* Release */,
			);
			defaultConfigurationIsVisible = 0;
			defaultConfigurationName = Release;
		};
/* End XCConfigurationList section */
	};
	rootObject = 497D1E9815484C5900530DBB /* Project object */;
}
