
Microsoft Visual Studio Solution File, Format Version 11.00
# Visual Studio 2010
Project("{8BC9CEB8-8B4A-11D0-8D11-00A0C91BC942}") = "ZLib", "ZLib\ZLib.vcxproj", "{BF2A88DE-3DCC-4B4E-8F38-B99283AE3325}"
EndProject
Project("{8BC9CEB8-8B4A-11D0-8D11-00A0C91BC942}") = "LibTiff", "LibTiff\LibTiff.vcxproj", "{4ECAFAAA-AFC9-4154-A122-EC407E0B6113}"
EndProject
Project("{8BC9CEB8-8B4A-11D0-8D11-00A0C91BC942}") = "LibJpeg", "LibJpeg\LibJpeg.vcxproj", "{05EE4283-E309-4FBB-888B-7BD0B0134FD9}"
EndProject
Global
	GlobalSection(SolutionConfigurationPlatforms) = preSolution
		Debug|Win32 = Debug|Win32
		Debug|x64 = Debug|x64
		Release|Win32 = Release|Win32
		Release|x64 = Release|x64
	EndGlobalSection
	GlobalSection(ProjectConfigurationPlatforms) = postSolution
		{BF2A88DE-3DCC-4B4E-8F38-B99283AE3325}.Debug|Win32.ActiveCfg = Debug|Win32
		{BF2A88DE-3DCC-4B4E-8F38-B99283AE3325}.Debug|Win32.Build.0 = Debug|Win32
		{BF2A88DE-3DCC-4B4E-8F38-B99283AE3325}.Debug|x64.ActiveCfg = Debug|x64
		{BF2A88DE-3DCC-4B4E-8F38-B99283AE3325}.Debug|x64.Build.0 = Debug|x64
		{BF2A88DE-3DCC-4B4E-8F38-B99283AE3325}.Release|Win32.ActiveCfg = Release|Win32
		{BF2A88DE-3DCC-4B4E-8F38-B99283AE3325}.Release|Win32.Build.0 = Release|Win32
		{BF2A88DE-3DCC-4B4E-8F38-B99283AE3325}.Release|x64.ActiveCfg = Release|x64
		{BF2A88DE-3DCC-4B4E-8F38-B99283AE3325}.Release|x64.Build.0 = Release|x64
		{4ECAFAAA-AFC9-4154-A122-EC407E0B6113}.Debug|Win32.ActiveCfg = Debug|Win32
		{4ECAFAAA-AFC9-4154-A122-EC407E0B6113}.Debug|Win32.Build.0 = Debug|Win32
		{4ECAFAAA-AFC9-4154-A122-EC407E0B6113}.Debug|x64.ActiveCfg = Debug|x64
		{4ECAFAAA-AFC9-4154-A122-EC407E0B6113}.Debug|x64.Build.0 = Debug|x64
		{4ECAFAAA-AFC9-4154-A122-EC407E0B6113}.Release|Win32.ActiveCfg = Release|Win32
		{4ECAFAAA-AFC9-4154-A122-EC407E0B6113}.Release|Win32.Build.0 = Release|Win32
		{4ECAFAAA-AFC9-4154-A122-EC407E0B6113}.Release|x64.ActiveCfg = Release|x64
		{4ECAFAAA-AFC9-4154-A122-EC407E0B6113}.Release|x64.Build.0 = Release|x64
		{05EE4283-E309-4FBB-888B-7BD0B0134FD9}.Debug|Win32.ActiveCfg = Debug|Win32
		{05EE4283-E309-4FBB-888B-7BD0B0134FD9}.Debug|Win32.Build.0 = Debug|Win32
		{05EE4283-E309-4FBB-888B-7BD0B0134FD9}.Debug|x64.ActiveCfg = Debug|x64
		{05EE4283-E309-4FBB-888B-7BD0B0134FD9}.Release|Win32.ActiveCfg = Release|Win32
		{05EE4283-E309-4FBB-888B-7BD0B0134FD9}.Release|Win32.Build.0 = Release|Win32
		{05EE4283-E309-4FBB-888B-7BD0B0134FD9}.Release|x64.ActiveCfg = Release|x64
		{05EE4283-E309-4FBB-888B-7BD0B0134FD9}.Release|x64.Build.0 = Release|x64
	EndGlobalSection
	GlobalSection(SolutionProperties) = preSolution
		HideSolutionNode = FALSE
	EndGlobalSection
EndGlobal
