// !$*UTF8*$!
{
	archiveVersion = 1;
	classes = {
	};
	objectVersion = 46;
	objects = {

/* Begin PBXBuildFile section */
		490BBEA915657BE900C28250 /* WindowsPath.cpp in Sources */ = {isa = PBXBuildFile; fileRef = 490BBEA815657BE900C28250 /* WindowsPath.cpp */; };
		490BBEAB15657C5900C28250 /* FileURL.cpp in Sources */ = {isa = PBXBuildFile; fileRef = 490BBEAA15657C5900C28250 /* FileURL.cpp */; };
		490BBEAF1566B80D00C28250 /* PosixPath.cpp in Sources */ = {isa = PBXBuildFile; fileRef = 490BBEAE1566B80D00C28250 /* PosixPath.cpp */; };
		490E2F6116D69E0000200604 /* CopyingAndMergingEmptyPages.cpp in Sources */ = {isa = PBXBuildFile; fileRef = 490E2F5F16D69E0000200604 /* CopyingAndMergingEmptyPages.cpp */; };
		495F847616B40B440047C11A /* TTCTest.cpp in Sources */ = {isa = PBXBuildFile; fileRef = 495F847416B40B440047C11A /* TTCTest.cpp */; };
		495F847916B434780047C11A /* DFontTest.cpp in Sources */ = {isa = PBXBuildFile; fileRef = 495F847716B434780047C11A /* DFontTest.cpp */; };
		497CD3C215A87136000B3C7C /* BasicModification.cpp in Sources */ = {isa = PBXBuildFile; fileRef = 497CD3C115A87136000B3C7C /* BasicModification.cpp */; };
		497CD3C415A8ABBE000B3C7C /* AppendingAndReading.cpp in Sources */ = {isa = PBXBuildFile; fileRef = 497CD3C315A8ABBE000B3C7C /* AppendingAndReading.cpp */; };
		497EF61A15C1E50E00286CAC /* MergeToPDFForm.cpp in Sources */ = {isa = PBXBuildFile; fileRef = 497EF61915C1E50E00286CAC /* MergeToPDFForm.cpp */; };
		4989F37C15BA977800F91EAF /* ModifyingExistingFileContent.cpp in Sources */ = {isa = PBXBuildFile; fileRef = 4989F37B15BA977800F91EAF /* ModifyingExistingFileContent.cpp */; };
		4989F38215BAB98000F91EAF /* PDFComment.cpp in Sources */ = {isa = PBXBuildFile; fileRef = 4989F37E15BAB97F00F91EAF /* PDFComment.cpp */; };
		4989F38315BAB98000F91EAF /* PDFCommentWriter.cpp in Sources */ = {isa = PBXBuildFile; fileRef = 4989F38015BAB97F00F91EAF /* PDFCommentWriter.cpp */; };
		498C3F0715C5B67E009EA9F8 /* JpegLibTest.cpp in Sources */ = {isa = PBXBuildFile; fileRef = 498C3F0615C5B67E009EA9F8 /* JpegLibTest.cpp */; };
		498C3F1615CBF64E009EA9F8 /* DCTDecodeFilterTest.cpp in Sources */ = {isa = PBXBuildFile; fileRef = 498C3F1515CBF64E009EA9F8 /* DCTDecodeFilterTest.cpp */; };
		499721A9169F3A1400D5068D /* libFreetype.a in Frameworks */ = {isa = PBXBuildFile; fileRef = 499721A7169F3A1400D5068D /* libFreetype.a */; };
		49B70DFD155C5F3500C0FD9F /* AppendPagesTest.cpp in Sources */ = {isa = PBXBuildFile; fileRef = 49B70DA8155C5F3500C0FD9F /* AppendPagesTest.cpp */; };
		49B70DFE155C5F3500C0FD9F /* AppendSpecialPagesTest.cpp in Sources */ = {isa = PBXBuildFile; fileRef = 49B70DAA155C5F3500C0FD9F /* AppendSpecialPagesTest.cpp */; };
		49B70DFF155C5F3500C0FD9F /* BoxingBaseTest.cpp in Sources */ = {isa = PBXBuildFile; fileRef = 49B70DAC155C5F3500C0FD9F /* BoxingBaseTest.cpp */; };
		49B70E00155C5F3500C0FD9F /* BufferedOutputStreamTest.cpp in Sources */ = {isa = PBXBuildFile; fileRef = 49B70DAE155C5F3500C0FD9F /* BufferedOutputStreamTest.cpp */; };
		49B70E01155C5F3500C0FD9F /* CustomLogTest.cpp in Sources */ = {isa = PBXBuildFile; fileRef = 49B70DB0155C5F3500C0FD9F /* CustomLogTest.cpp */; };
		49B70E02155C5F3500C0FD9F /* EmptyFileTest.cpp in Sources */ = {isa = PBXBuildFile; fileRef = 49B70DB2155C5F3500C0FD9F /* EmptyFileTest.cpp */; };
		49B70E03155C5F3500C0FD9F /* EmptyPagesPDF.cpp in Sources */ = {isa = PBXBuildFile; fileRef = 49B70DB4155C5F3500C0FD9F /* EmptyPagesPDF.cpp */; };
		49B70E04155C5F3500C0FD9F /* FlateEncryptionTest.cpp in Sources */ = {isa = PBXBuildFile; fileRef = 49B70DB6155C5F3500C0FD9F /* FlateEncryptionTest.cpp */; };
		49B70E05155C5F3500C0FD9F /* FormXObjectTest.cpp in Sources */ = {isa = PBXBuildFile; fileRef = 49B70DB8155C5F3500C0FD9F /* FormXObjectTest.cpp */; };
		49B70E06155C5F3500C0FD9F /* FreeTypeInitializationTest.cpp in Sources */ = {isa = PBXBuildFile; fileRef = 49B70DBA155C5F3500C0FD9F /* FreeTypeInitializationTest.cpp */; };
		49B70E07155C5F3500C0FD9F /* ImagesAndFormsForwardReferenceTest.cpp in Sources */ = {isa = PBXBuildFile; fileRef = 49B70DBC155C5F3500C0FD9F /* ImagesAndFormsForwardReferenceTest.cpp */; };
		49B70E08155C5F3500C0FD9F /* InputFlateDecodeTester.cpp in Sources */ = {isa = PBXBuildFile; fileRef = 49B70DBF155C5F3500C0FD9F /* InputFlateDecodeTester.cpp */; };
		49B70E09155C5F3500C0FD9F /* InputImagesAsStreamsTest.cpp in Sources */ = {isa = PBXBuildFile; fileRef = 49B70DC1155C5F3500C0FD9F /* InputImagesAsStreamsTest.cpp */; };
		49B70E0A155C5F3500C0FD9F /* JPGImageTest.cpp in Sources */ = {isa = PBXBuildFile; fileRef = 49B70DC4155C5F3500C0FD9F /* JPGImageTest.cpp */; };
		49B70E0B155C5F3500C0FD9F /* LinksTest.cpp in Sources */ = {isa = PBXBuildFile; fileRef = 49B70DC6155C5F3500C0FD9F /* LinksTest.cpp */; };
		49B70E0C155C5F3500C0FD9F /* LogTest.cpp in Sources */ = {isa = PBXBuildFile; fileRef = 49B70DC8155C5F3500C0FD9F /* LogTest.cpp */; };
		49B70E0D155C5F3500C0FD9F /* MergePDFPages.cpp in Sources */ = {isa = PBXBuildFile; fileRef = 49B70DCA155C5F3500C0FD9F /* MergePDFPages.cpp */; };
		49B70E0F155C5F3500C0FD9F /* OpenTypeTest.cpp in Sources */ = {isa = PBXBuildFile; fileRef = 49B70DCE155C5F3500C0FD9F /* OpenTypeTest.cpp */; };
		49B70E10155C5F3500C0FD9F /* OutputFileStreamTest.cpp in Sources */ = {isa = PBXBuildFile; fileRef = 49B70DD0155C5F3500C0FD9F /* OutputFileStreamTest.cpp */; };
		49B70E11155C5F3500C0FD9F /* PDFCopyingContextTest.cpp in Sources */ = {isa = PBXBuildFile; fileRef = 49B70DD2155C5F3500C0FD9F /* PDFCopyingContextTest.cpp */; };
		49B70E12155C5F3500C0FD9F /* PDFDateTest.cpp in Sources */ = {isa = PBXBuildFile; fileRef = 49B70DD4155C5F3500C0FD9F /* PDFDateTest.cpp */; };
		49B70E13155C5F3500C0FD9F /* PDFEmbedTest.cpp in Sources */ = {isa = PBXBuildFile; fileRef = 49B70DD6155C5F3500C0FD9F /* PDFEmbedTest.cpp */; };
		49B70E14155C5F3500C0FD9F /* PDFObjectCastTest.cpp in Sources */ = {isa = PBXBuildFile; fileRef = 49B70DD8155C5F3500C0FD9F /* PDFObjectCastTest.cpp */; };
		49B70E15155C5F3500C0FD9F /* PDFParserTest.cpp in Sources */ = {isa = PBXBuildFile; fileRef = 49B70DDA155C5F3500C0FD9F /* PDFParserTest.cpp */; };
		49B70E16155C5F3500C0FD9F /* PDFTextStringTest.cpp in Sources */ = {isa = PBXBuildFile; fileRef = 49B70DDC155C5F3500C0FD9F /* PDFTextStringTest.cpp */; };
		49B70E17155C5F3500C0FD9F /* PDFWriterTestPlayground.cpp in Sources */ = {isa = PBXBuildFile; fileRef = 49B70DDE155C5F3500C0FD9F /* PDFWriterTestPlayground.cpp */; };
		49B70E18155C5F3500C0FD9F /* PFBStreamTest.cpp in Sources */ = {isa = PBXBuildFile; fileRef = 49B70DE2155C5F3500C0FD9F /* PFBStreamTest.cpp */; };
		49B70E19155C5F3500C0FD9F /* RefCountTest.cpp in Sources */ = {isa = PBXBuildFile; fileRef = 49B70DE4155C5F3500C0FD9F /* RefCountTest.cpp */; };
		49B70E1A155C5F3500C0FD9F /* ShutDownRestartTest.cpp in Sources */ = {isa = PBXBuildFile; fileRef = 49B70DE6155C5F3500C0FD9F /* ShutDownRestartTest.cpp */; };
		49B70E1B155C5F3500C0FD9F /* SimpleContentPageTest.cpp in Sources */ = {isa = PBXBuildFile; fileRef = 49B70DE8155C5F3500C0FD9F /* SimpleContentPageTest.cpp */; };
		49B70E1C155C5F3500C0FD9F /* SimpleTextUsage.cpp in Sources */ = {isa = PBXBuildFile; fileRef = 49B70DEA155C5F3500C0FD9F /* SimpleTextUsage.cpp */; };
		49B70E1E155C5F3500C0FD9F /* TestsRunner.cpp in Sources */ = {isa = PBXBuildFile; fileRef = 49B70DEF155C5F3500C0FD9F /* TestsRunner.cpp */; };
		49B70E1F155C5F3500C0FD9F /* TIFFImageTest.cpp in Sources */ = {isa = PBXBuildFile; fileRef = 49B70DF1155C5F3500C0FD9F /* TIFFImageTest.cpp */; };
		49B70E20155C5F3500C0FD9F /* TiffSpecialsTest.cpp in Sources */ = {isa = PBXBuildFile; fileRef = 49B70DF3155C5F3500C0FD9F /* TiffSpecialsTest.cpp */; };
		49B70E21155C5F3500C0FD9F /* TimerTest.cpp in Sources */ = {isa = PBXBuildFile; fileRef = 49B70DF5155C5F3500C0FD9F /* TimerTest.cpp */; };
		49B70E22155C5F3500C0FD9F /* TrueTypeTest.cpp in Sources */ = {isa = PBXBuildFile; fileRef = 49B70DF7155C5F3500C0FD9F /* TrueTypeTest.cpp */; };
		49B70E23155C5F3500C0FD9F /* Type1Test.cpp in Sources */ = {isa = PBXBuildFile; fileRef = 49B70DF9155C5F3500C0FD9F /* Type1Test.cpp */; };
		49B70E24155C5F3500C0FD9F /* UppercaseSequanceTest.cpp in Sources */ = {isa = PBXBuildFile; fileRef = 49B70DFB155C5F3500C0FD9F /* UppercaseSequanceTest.cpp */; };
		49E5A56C155C601B00ED8A29 /* CoreFoundation.framework in Frameworks */ = {isa = PBXBuildFile; fileRef = 49E5A56B155C601B00ED8A29 /* CoreFoundation.framework */; };
		49E5A56F155C602500ED8A29 /* libz.dylib in Frameworks */ = {isa = PBXBuildFile; fileRef = 49E5A56E155C602500ED8A29 /* libz.dylib */; };
		49E5A571155C603300ED8A29 /* libPDFWriter.a in Frameworks */ = {isa = PBXBuildFile; fileRef = 49E5A570155C603300ED8A29 /* libPDFWriter.a */; };
		49EF594816BD35DD00531FD7 /* libLibJpeg.a in Frameworks */ = {isa = PBXBuildFile; fileRef = 49EF594716BD35DD00531FD7 /* libLibJpeg.a */; };
		49EF594E16BD3C7900531FD7 /* libLibTiff.a in Frameworks */ = {isa = PBXBuildFile; fileRef = 49EF594D16BD3C7800531FD7 /* libLibTiff.a */; };
/* End PBXBuildFile section */

/* Begin PBXCopyFilesBuildPhase section */
		4989C528155C5EED00D93089 /* CopyFiles */ = {
			isa = PBXCopyFilesBuildPhase;
			buildActionMask = 2147483647;
			dstPath = /usr/share/man/man1/;
			dstSubfolderSpec = 0;
			files = (
			);
			runOnlyForDeploymentPostprocessing = 1;
		};
/* End PBXCopyFilesBuildPhase section */

/* Begin PBXFileReference section */
		490BBEA715657BD400C28250 /* WindowsPath.h */ = {isa = PBXFileReference; fileEncoding = 4; lastKnownFileType = sourcecode.c.h; path = WindowsPath.h; sourceTree = "<group>"; };
		490BBEA815657BE900C28250 /* WindowsPath.cpp */ = {isa = PBXFileReference; fileEncoding = 4; lastKnownFileType = sourcecode.cpp.cpp; path = WindowsPath.cpp; sourceTree = "<group>"; };
		490BBEAA15657C5900C28250 /* FileURL.cpp */ = {isa = PBXFileReference; fileEncoding = 4; lastKnownFileType = sourcecode.cpp.cpp; path = FileURL.cpp; sourceTree = "<group>"; };
		490BBEAC15657C6A00C28250 /* FileURL.h */ = {isa = PBXFileReference; fileEncoding = 4; lastKnownFileType = sourcecode.c.h; path = FileURL.h; sourceTree = "<group>"; };
		490BBEAD1566B7FD00C28250 /* PosixPath.h */ = {isa = PBXFileReference; fileEncoding = 4; lastKnownFileType = sourcecode.c.h; path = PosixPath.h; sourceTree = "<group>"; };
		490BBEAE1566B80D00C28250 /* PosixPath.cpp */ = {isa = PBXFileReference; fileEncoding = 4; lastKnownFileType = sourcecode.cpp.cpp; path = PosixPath.cpp; sourceTree = "<group>"; };
		490E2F5F16D69E0000200604 /* CopyingAndMergingEmptyPages.cpp */ = {isa = PBXFileReference; fileEncoding = 4; lastKnownFileType = sourcecode.cpp.cpp; path = CopyingAndMergingEmptyPages.cpp; sourceTree = "<group>"; };
		490E2F6016D69E0000200604 /* CopyingAndMergingEmptyPages.h */ = {isa = PBXFileReference; fileEncoding = 4; lastKnownFileType = sourcecode.c.h; path = CopyingAndMergingEmptyPages.h; sourceTree = "<group>"; };
		495F847416B40B440047C11A /* TTCTest.cpp */ = {isa = PBXFileReference; fileEncoding = 4; lastKnownFileType = sourcecode.cpp.cpp; path = TTCTest.cpp; sourceTree = "<group>"; };
		495F847516B40B440047C11A /* TTCTest.h */ = {isa = PBXFileReference; fileEncoding = 4; lastKnownFileType = sourcecode.c.h; path = TTCTest.h; sourceTree = "<group>"; };
		495F847716B434780047C11A /* DFontTest.cpp */ = {isa = PBXFileReference; fileEncoding = 4; lastKnownFileType = sourcecode.cpp.cpp; path = DFontTest.cpp; sourceTree = "<group>"; };
		495F847816B434780047C11A /* DFontTest.h */ = {isa = PBXFileReference; fileEncoding = 4; lastKnownFileType = sourcecode.c.h; path = DFontTest.h; sourceTree = "<group>"; };
		497CD3C015A87124000B3C7C /* BasicModification.h */ = {isa = PBXFileReference; lastKnownFileType = sourcecode.c.h; path = BasicModification.h; sourceTree = "<group>"; };
		497CD3C115A87136000B3C7C /* BasicModification.cpp */ = {isa = PBXFileReference; fileEncoding = 4; lastKnownFileType = sourcecode.cpp.cpp; path = BasicModification.cpp; sourceTree = "<group>"; };
		497CD3C315A8ABBE000B3C7C /* AppendingAndReading.cpp */ = {isa = PBXFileReference; fileEncoding = 4; lastKnownFileType = sourcecode.cpp.cpp; path = AppendingAndReading.cpp; sourceTree = "<group>"; };
		497CD3C515A8ABCF000B3C7C /* AppendingAndReading.h */ = {isa = PBXFileReference; lastKnownFileType = sourcecode.c.h; path = AppendingAndReading.h; sourceTree = "<group>"; };
		497EF61715C1E4F600286CAC /* MergeToPDFForm.h */ = {isa = PBXFileReference; fileEncoding = 4; lastKnownFileType = sourcecode.c.h; path = MergeToPDFForm.h; sourceTree = "<group>"; };
		497EF61915C1E50E00286CAC /* MergeToPDFForm.cpp */ = {isa = PBXFileReference; fileEncoding = 4; lastKnownFileType = sourcecode.cpp.cpp; path = MergeToPDFForm.cpp; sourceTree = "<group>"; };
		4989C52A155C5EED00D93089 /* PDFWriterTestPlayground */ = {isa = PBXFileReference; explicitFileType = "compiled.mach-o.executable"; includeInIndex = 0; path = PDFWriterTestPlayground; sourceTree = BUILT_PRODUCTS_DIR; };
		4989F37915BA976700F91EAF /* ModifyingExistingFileContent.h */ = {isa = PBXFileReference; lastKnownFileType = sourcecode.c.h; path = ModifyingExistingFileContent.h; sourceTree = "<group>"; };
		4989F37B15BA977800F91EAF /* ModifyingExistingFileContent.cpp */ = {isa = PBXFileReference; fileEncoding = 4; lastKnownFileType = sourcecode.cpp.cpp; path = ModifyingExistingFileContent.cpp; sourceTree = "<group>"; };
		4989F37E15BAB97F00F91EAF /* PDFComment.cpp */ = {isa = PBXFileReference; fileEncoding = 4; lastKnownFileType = sourcecode.cpp.cpp; path = PDFComment.cpp; sourceTree = "<group>"; };
		4989F37F15BAB97F00F91EAF /* PDFComment.h */ = {isa = PBXFileReference; fileEncoding = 4; lastKnownFileType = sourcecode.c.h; path = PDFComment.h; sourceTree = "<group>"; };
		4989F38015BAB97F00F91EAF /* PDFCommentWriter.cpp */ = {isa = PBXFileReference; fileEncoding = 4; lastKnownFileType = sourcecode.cpp.cpp; path = PDFCommentWriter.cpp; sourceTree = "<group>"; };
		4989F38115BAB97F00F91EAF /* PDFCommentWriter.h */ = {isa = PBXFileReference; fileEncoding = 4; lastKnownFileType = sourcecode.c.h; path = PDFCommentWriter.h; sourceTree = "<group>"; };
		498C3F0515C5B66D009EA9F8 /* JpegLibTest.h */ = {isa = PBXFileReference; fileEncoding = 4; lastKnownFileType = sourcecode.c.h; path = JpegLibTest.h; sourceTree = "<group>"; };
		498C3F0615C5B67E009EA9F8 /* JpegLibTest.cpp */ = {isa = PBXFileReference; fileEncoding = 4; lastKnownFileType = sourcecode.cpp.cpp; path = JpegLibTest.cpp; sourceTree = "<group>"; };
		498C3F1415CBF63F009EA9F8 /* DCTDecodeFilterTest.h */ = {isa = PBXFileReference; fileEncoding = 4; lastKnownFileType = sourcecode.c.h; path = DCTDecodeFilterTest.h; sourceTree = "<group>"; };
		498C3F1515CBF64E009EA9F8 /* DCTDecodeFilterTest.cpp */ = {isa = PBXFileReference; fileEncoding = 4; lastKnownFileType = sourcecode.cpp.cpp; path = DCTDecodeFilterTest.cpp; sourceTree = "<group>"; };
		499721A7169F3A1400D5068D /* libFreetype.a */ = {isa = PBXFileReference; lastKnownFileType = archive.ar; name = libFreetype.a; path = Build/Products/Debug/libFreetype.a; sourceTree = "<group>"; };
		49B70DA8155C5F3500C0FD9F /* AppendPagesTest.cpp */ = {isa = PBXFileReference; fileEncoding = 4; lastKnownFileType = sourcecode.cpp.cpp; name = AppendPagesTest.cpp; path = ../PDFWriterTestPlayground/AppendPagesTest.cpp; sourceTree = SOURCE_ROOT; };
		49B70DA9155C5F3500C0FD9F /* AppendPagesTest.h */ = {isa = PBXFileReference; fileEncoding = 4; lastKnownFileType = sourcecode.c.h; name = AppendPagesTest.h; path = ../PDFWriterTestPlayground/AppendPagesTest.h; sourceTree = SOURCE_ROOT; };
		49B70DAA155C5F3500C0FD9F /* AppendSpecialPagesTest.cpp */ = {isa = PBXFileReference; fileEncoding = 4; lastKnownFileType = sourcecode.cpp.cpp; name = AppendSpecialPagesTest.cpp; path = ../PDFWriterTestPlayground/AppendSpecialPagesTest.cpp; sourceTree = SOURCE_ROOT; };
		49B70DAB155C5F3500C0FD9F /* AppendSpecialPagesTest.h */ = {isa = PBXFileReference; fileEncoding = 4; lastKnownFileType = sourcecode.c.h; name = AppendSpecialPagesTest.h; path = ../PDFWriterTestPlayground/AppendSpecialPagesTest.h; sourceTree = SOURCE_ROOT; };
		49B70DAC155C5F3500C0FD9F /* BoxingBaseTest.cpp */ = {isa = PBXFileReference; fileEncoding = 4; lastKnownFileType = sourcecode.cpp.cpp; name = BoxingBaseTest.cpp; path = ../PDFWriterTestPlayground/BoxingBaseTest.cpp; sourceTree = SOURCE_ROOT; };
		49B70DAD155C5F3500C0FD9F /* BoxingBaseTest.h */ = {isa = PBXFileReference; fileEncoding = 4; lastKnownFileType = sourcecode.c.h; name = BoxingBaseTest.h; path = ../PDFWriterTestPlayground/BoxingBaseTest.h; sourceTree = SOURCE_ROOT; };
		49B70DAE155C5F3500C0FD9F /* BufferedOutputStreamTest.cpp */ = {isa = PBXFileReference; fileEncoding = 4; lastKnownFileType = sourcecode.cpp.cpp; name = BufferedOutputStreamTest.cpp; path = ../PDFWriterTestPlayground/BufferedOutputStreamTest.cpp; sourceTree = SOURCE_ROOT; };
		49B70DAF155C5F3500C0FD9F /* BufferedOutputStreamTest.h */ = {isa = PBXFileReference; fileEncoding = 4; lastKnownFileType = sourcecode.c.h; name = BufferedOutputStreamTest.h; path = ../PDFWriterTestPlayground/BufferedOutputStreamTest.h; sourceTree = SOURCE_ROOT; };
		49B70DB0155C5F3500C0FD9F /* CustomLogTest.cpp */ = {isa = PBXFileReference; fileEncoding = 4; lastKnownFileType = sourcecode.cpp.cpp; name = CustomLogTest.cpp; path = ../PDFWriterTestPlayground/CustomLogTest.cpp; sourceTree = SOURCE_ROOT; };
		49B70DB1155C5F3500C0FD9F /* CustomLogTest.h */ = {isa = PBXFileReference; fileEncoding = 4; lastKnownFileType = sourcecode.c.h; name = CustomLogTest.h; path = ../PDFWriterTestPlayground/CustomLogTest.h; sourceTree = SOURCE_ROOT; };
		49B70DB2155C5F3500C0FD9F /* EmptyFileTest.cpp */ = {isa = PBXFileReference; fileEncoding = 4; lastKnownFileType = sourcecode.cpp.cpp; name = EmptyFileTest.cpp; path = ../PDFWriterTestPlayground/EmptyFileTest.cpp; sourceTree = SOURCE_ROOT; };
		49B70DB3155C5F3500C0FD9F /* EmptyFileTest.h */ = {isa = PBXFileReference; fileEncoding = 4; lastKnownFileType = sourcecode.c.h; name = EmptyFileTest.h; path = ../PDFWriterTestPlayground/EmptyFileTest.h; sourceTree = SOURCE_ROOT; };
		49B70DB4155C5F3500C0FD9F /* EmptyPagesPDF.cpp */ = {isa = PBXFileReference; fileEncoding = 4; lastKnownFileType = sourcecode.cpp.cpp; name = EmptyPagesPDF.cpp; path = ../PDFWriterTestPlayground/EmptyPagesPDF.cpp; sourceTree = SOURCE_ROOT; };
		49B70DB5155C5F3500C0FD9F /* EmptyPagesPDF.h */ = {isa = PBXFileReference; fileEncoding = 4; lastKnownFileType = sourcecode.c.h; name = EmptyPagesPDF.h; path = ../PDFWriterTestPlayground/EmptyPagesPDF.h; sourceTree = SOURCE_ROOT; };
		49B70DB6155C5F3500C0FD9F /* FlateEncryptionTest.cpp */ = {isa = PBXFileReference; fileEncoding = 4; lastKnownFileType = sourcecode.cpp.cpp; name = FlateEncryptionTest.cpp; path = ../PDFWriterTestPlayground/FlateEncryptionTest.cpp; sourceTree = SOURCE_ROOT; };
		49B70DB7155C5F3500C0FD9F /* FlateEncryptionTest.h */ = {isa = PBXFileReference; fileEncoding = 4; lastKnownFileType = sourcecode.c.h; name = FlateEncryptionTest.h; path = ../PDFWriterTestPlayground/FlateEncryptionTest.h; sourceTree = SOURCE_ROOT; };
		49B70DB8155C5F3500C0FD9F /* FormXObjectTest.cpp */ = {isa = PBXFileReference; fileEncoding = 4; lastKnownFileType = sourcecode.cpp.cpp; name = FormXObjectTest.cpp; path = ../PDFWriterTestPlayground/FormXObjectTest.cpp; sourceTree = SOURCE_ROOT; };
		49B70DB9155C5F3500C0FD9F /* FormXObjectTest.h */ = {isa = PBXFileReference; fileEncoding = 4; lastKnownFileType = sourcecode.c.h; name = FormXObjectTest.h; path = ../PDFWriterTestPlayground/FormXObjectTest.h; sourceTree = SOURCE_ROOT; };
		49B70DBA155C5F3500C0FD9F /* FreeTypeInitializationTest.cpp */ = {isa = PBXFileReference; fileEncoding = 4; lastKnownFileType = sourcecode.cpp.cpp; name = FreeTypeInitializationTest.cpp; path = ../PDFWriterTestPlayground/FreeTypeInitializationTest.cpp; sourceTree = SOURCE_ROOT; };
		49B70DBB155C5F3500C0FD9F /* FreeTypeInitializationTest.h */ = {isa = PBXFileReference; fileEncoding = 4; lastKnownFileType = sourcecode.c.h; name = FreeTypeInitializationTest.h; path = ../PDFWriterTestPlayground/FreeTypeInitializationTest.h; sourceTree = SOURCE_ROOT; };
		49B70DBC155C5F3500C0FD9F /* ImagesAndFormsForwardReferenceTest.cpp */ = {isa = PBXFileReference; fileEncoding = 4; lastKnownFileType = sourcecode.cpp.cpp; name = ImagesAndFormsForwardReferenceTest.cpp; path = ../PDFWriterTestPlayground/ImagesAndFormsForwardReferenceTest.cpp; sourceTree = SOURCE_ROOT; };
		49B70DBD155C5F3500C0FD9F /* ImagesAndFormsForwardReferenceTest.h */ = {isa = PBXFileReference; fileEncoding = 4; lastKnownFileType = sourcecode.c.h; name = ImagesAndFormsForwardReferenceTest.h; path = ../PDFWriterTestPlayground/ImagesAndFormsForwardReferenceTest.h; sourceTree = SOURCE_ROOT; };
		49B70DBF155C5F3500C0FD9F /* InputFlateDecodeTester.cpp */ = {isa = PBXFileReference; fileEncoding = 4; lastKnownFileType = sourcecode.cpp.cpp; name = InputFlateDecodeTester.cpp; path = ../PDFWriterTestPlayground/InputFlateDecodeTester.cpp; sourceTree = SOURCE_ROOT; };
		49B70DC0155C5F3500C0FD9F /* InputFlateDecodeTester.h */ = {isa = PBXFileReference; fileEncoding = 4; lastKnownFileType = sourcecode.c.h; name = InputFlateDecodeTester.h; path = ../PDFWriterTestPlayground/InputFlateDecodeTester.h; sourceTree = SOURCE_ROOT; };
		49B70DC1155C5F3500C0FD9F /* InputImagesAsStreamsTest.cpp */ = {isa = PBXFileReference; fileEncoding = 4; lastKnownFileType = sourcecode.cpp.cpp; name = InputImagesAsStreamsTest.cpp; path = ../PDFWriterTestPlayground/InputImagesAsStreamsTest.cpp; sourceTree = SOURCE_ROOT; };
		49B70DC2155C5F3500C0FD9F /* InputImagesAsStreamsTest.h */ = {isa = PBXFileReference; fileEncoding = 4; lastKnownFileType = sourcecode.c.h; name = InputImagesAsStreamsTest.h; path = ../PDFWriterTestPlayground/InputImagesAsStreamsTest.h; sourceTree = SOURCE_ROOT; };
		49B70DC3155C5F3500C0FD9F /* ITestUnit.h */ = {isa = PBXFileReference; fileEncoding = 4; lastKnownFileType = sourcecode.c.h; name = ITestUnit.h; path = ../PDFWriterTestPlayground/ITestUnit.h; sourceTree = SOURCE_ROOT; };
		49B70DC4155C5F3500C0FD9F /* JPGImageTest.cpp */ = {isa = PBXFileReference; fileEncoding = 4; lastKnownFileType = sourcecode.cpp.cpp; name = JPGImageTest.cpp; path = ../PDFWriterTestPlayground/JPGImageTest.cpp; sourceTree = SOURCE_ROOT; };
		49B70DC5155C5F3500C0FD9F /* JPGImageTest.h */ = {isa = PBXFileReference; fileEncoding = 4; lastKnownFileType = sourcecode.c.h; name = JPGImageTest.h; path = ../PDFWriterTestPlayground/JPGImageTest.h; sourceTree = SOURCE_ROOT; };
		49B70DC6155C5F3500C0FD9F /* LinksTest.cpp */ = {isa = PBXFileReference; fileEncoding = 4; lastKnownFileType = sourcecode.cpp.cpp; name = LinksTest.cpp; path = ../PDFWriterTestPlayground/LinksTest.cpp; sourceTree = SOURCE_ROOT; };
		49B70DC7155C5F3500C0FD9F /* LinksTest.h */ = {isa = PBXFileReference; fileEncoding = 4; lastKnownFileType = sourcecode.c.h; name = LinksTest.h; path = ../PDFWriterTestPlayground/LinksTest.h; sourceTree = SOURCE_ROOT; };
		49B70DC8155C5F3500C0FD9F /* LogTest.cpp */ = {isa = PBXFileReference; fileEncoding = 4; lastKnownFileType = sourcecode.cpp.cpp; name = LogTest.cpp; path = ../PDFWriterTestPlayground/LogTest.cpp; sourceTree = SOURCE_ROOT; };
		49B70DC9155C5F3500C0FD9F /* LogTest.h */ = {isa = PBXFileReference; fileEncoding = 4; lastKnownFileType = sourcecode.c.h; name = LogTest.h; path = ../PDFWriterTestPlayground/LogTest.h; sourceTree = SOURCE_ROOT; };
		49B70DCA155C5F3500C0FD9F /* MergePDFPages.cpp */ = {isa = PBXFileReference; fileEncoding = 4; lastKnownFileType = sourcecode.cpp.cpp; name = MergePDFPages.cpp; path = ../PDFWriterTestPlayground/MergePDFPages.cpp; sourceTree = SOURCE_ROOT; };
		49B70DCB155C5F3500C0FD9F /* MergePDFPages.h */ = {isa = PBXFileReference; fileEncoding = 4; lastKnownFileType = sourcecode.c.h; name = MergePDFPages.h; path = ../PDFWriterTestPlayground/MergePDFPages.h; sourceTree = SOURCE_ROOT; };
		49B70DCE155C5F3500C0FD9F /* OpenTypeTest.cpp */ = {isa = PBXFileReference; fileEncoding = 4; lastKnownFileType = sourcecode.cpp.cpp; name = OpenTypeTest.cpp; path = ../PDFWriterTestPlayground/OpenTypeTest.cpp; sourceTree = SOURCE_ROOT; };
		49B70DCF155C5F3500C0FD9F /* OpenTypeTest.h */ = {isa = PBXFileReference; fileEncoding = 4; lastKnownFileType = sourcecode.c.h; name = OpenTypeTest.h; path = ../PDFWriterTestPlayground/OpenTypeTest.h; sourceTree = SOURCE_ROOT; };
		49B70DD0155C5F3500C0FD9F /* OutputFileStreamTest.cpp */ = {isa = PBXFileReference; fileEncoding = 4; lastKnownFileType = sourcecode.cpp.cpp; name = OutputFileStreamTest.cpp; path = ../PDFWriterTestPlayground/OutputFileStreamTest.cpp; sourceTree = SOURCE_ROOT; };
		49B70DD1155C5F3500C0FD9F /* OutputFileStreamTest.h */ = {isa = PBXFileReference; fileEncoding = 4; lastKnownFileType = sourcecode.c.h; name = OutputFileStreamTest.h; path = ../PDFWriterTestPlayground/OutputFileStreamTest.h; sourceTree = SOURCE_ROOT; };
		49B70DD2155C5F3500C0FD9F /* PDFCopyingContextTest.cpp */ = {isa = PBXFileReference; fileEncoding = 4; lastKnownFileType = sourcecode.cpp.cpp; name = PDFCopyingContextTest.cpp; path = ../PDFWriterTestPlayground/PDFCopyingContextTest.cpp; sourceTree = SOURCE_ROOT; };
		49B70DD3155C5F3500C0FD9F /* PDFCopyingContextTest.h */ = {isa = PBXFileReference; fileEncoding = 4; lastKnownFileType = sourcecode.c.h; name = PDFCopyingContextTest.h; path = ../PDFWriterTestPlayground/PDFCopyingContextTest.h; sourceTree = SOURCE_ROOT; };
		49B70DD4155C5F3500C0FD9F /* PDFDateTest.cpp */ = {isa = PBXFileReference; fileEncoding = 4; lastKnownFileType = sourcecode.cpp.cpp; name = PDFDateTest.cpp; path = ../PDFWriterTestPlayground/PDFDateTest.cpp; sourceTree = SOURCE_ROOT; };
		49B70DD5155C5F3500C0FD9F /* PDFDateTest.h */ = {isa = PBXFileReference; fileEncoding = 4; lastKnownFileType = sourcecode.c.h; name = PDFDateTest.h; path = ../PDFWriterTestPlayground/PDFDateTest.h; sourceTree = SOURCE_ROOT; };
		49B70DD6155C5F3500C0FD9F /* PDFEmbedTest.cpp */ = {isa = PBXFileReference; fileEncoding = 4; lastKnownFileType = sourcecode.cpp.cpp; name = PDFEmbedTest.cpp; path = ../PDFWriterTestPlayground/PDFEmbedTest.cpp; sourceTree = SOURCE_ROOT; };
		49B70DD7155C5F3500C0FD9F /* PDFEmbedTest.h */ = {isa = PBXFileReference; fileEncoding = 4; lastKnownFileType = sourcecode.c.h; name = PDFEmbedTest.h; path = ../PDFWriterTestPlayground/PDFEmbedTest.h; sourceTree = SOURCE_ROOT; };
		49B70DD8155C5F3500C0FD9F /* PDFObjectCastTest.cpp */ = {isa = PBXFileReference; fileEncoding = 4; lastKnownFileType = sourcecode.cpp.cpp; name = PDFObjectCastTest.cpp; path = ../PDFWriterTestPlayground/PDFObjectCastTest.cpp; sourceTree = SOURCE_ROOT; };
		49B70DD9155C5F3500C0FD9F /* PDFObjectCastTest.h */ = {isa = PBXFileReference; fileEncoding = 4; lastKnownFileType = sourcecode.c.h; name = PDFObjectCastTest.h; path = ../PDFWriterTestPlayground/PDFObjectCastTest.h; sourceTree = SOURCE_ROOT; };
		49B70DDA155C5F3500C0FD9F /* PDFParserTest.cpp */ = {isa = PBXFileReference; fileEncoding = 4; lastKnownFileType = sourcecode.cpp.cpp; name = PDFParserTest.cpp; path = ../PDFWriterTestPlayground/PDFParserTest.cpp; sourceTree = SOURCE_ROOT; };
		49B70DDB155C5F3500C0FD9F /* PDFParserTest.h */ = {isa = PBXFileReference; fileEncoding = 4; lastKnownFileType = sourcecode.c.h; name = PDFParserTest.h; path = ../PDFWriterTestPlayground/PDFParserTest.h; sourceTree = SOURCE_ROOT; };
		49B70DDC155C5F3500C0FD9F /* PDFTextStringTest.cpp */ = {isa = PBXFileReference; fileEncoding = 4; lastKnownFileType = sourcecode.cpp.cpp; name = PDFTextStringTest.cpp; path = ../PDFWriterTestPlayground/PDFTextStringTest.cpp; sourceTree = SOURCE_ROOT; };
		49B70DDD155C5F3500C0FD9F /* PDFTextStringTest.h */ = {isa = PBXFileReference; fileEncoding = 4; lastKnownFileType = sourcecode.c.h; name = PDFTextStringTest.h; path = ../PDFWriterTestPlayground/PDFTextStringTest.h; sourceTree = SOURCE_ROOT; };
		49B70DDE155C5F3500C0FD9F /* PDFWriterTestPlayground.cpp */ = {isa = PBXFileReference; fileEncoding = 4; lastKnownFileType = sourcecode.cpp.cpp; name = PDFWriterTestPlayground.cpp; path = ../PDFWriterTestPlayground/PDFWriterTestPlayground.cpp; sourceTree = SOURCE_ROOT; };
		49B70DE2155C5F3500C0FD9F /* PFBStreamTest.cpp */ = {isa = PBXFileReference; fileEncoding = 4; lastKnownFileType = sourcecode.cpp.cpp; name = PFBStreamTest.cpp; path = ../PDFWriterTestPlayground/PFBStreamTest.cpp; sourceTree = SOURCE_ROOT; };
		49B70DE3155C5F3500C0FD9F /* PFBStreamTest.h */ = {isa = PBXFileReference; fileEncoding = 4; lastKnownFileType = sourcecode.c.h; name = PFBStreamTest.h; path = ../PDFWriterTestPlayground/PFBStreamTest.h; sourceTree = SOURCE_ROOT; };
		49B70DE4155C5F3500C0FD9F /* RefCountTest.cpp */ = {isa = PBXFileReference; fileEncoding = 4; lastKnownFileType = sourcecode.cpp.cpp; name = RefCountTest.cpp; path = ../PDFWriterTestPlayground/RefCountTest.cpp; sourceTree = SOURCE_ROOT; };
		49B70DE5155C5F3500C0FD9F /* RefCountTest.h */ = {isa = PBXFileReference; fileEncoding = 4; lastKnownFileType = sourcecode.c.h; name = RefCountTest.h; path = ../PDFWriterTestPlayground/RefCountTest.h; sourceTree = SOURCE_ROOT; };
		49B70DE6155C5F3500C0FD9F /* ShutDownRestartTest.cpp */ = {isa = PBXFileReference; fileEncoding = 4; lastKnownFileType = sourcecode.cpp.cpp; name = ShutDownRestartTest.cpp; path = ../PDFWriterTestPlayground/ShutDownRestartTest.cpp; sourceTree = SOURCE_ROOT; };
		49B70DE7155C5F3500C0FD9F /* ShutDownRestartTest.h */ = {isa = PBXFileReference; fileEncoding = 4; lastKnownFileType = sourcecode.c.h; name = ShutDownRestartTest.h; path = ../PDFWriterTestPlayground/ShutDownRestartTest.h; sourceTree = SOURCE_ROOT; };
		49B70DE8155C5F3500C0FD9F /* SimpleContentPageTest.cpp */ = {isa = PBXFileReference; fileEncoding = 4; lastKnownFileType = sourcecode.cpp.cpp; name = SimpleContentPageTest.cpp; path = ../PDFWriterTestPlayground/SimpleContentPageTest.cpp; sourceTree = SOURCE_ROOT; };
		49B70DE9155C5F3500C0FD9F /* SimpleContentPageTest.h */ = {isa = PBXFileReference; fileEncoding = 4; lastKnownFileType = sourcecode.c.h; name = SimpleContentPageTest.h; path = ../PDFWriterTestPlayground/SimpleContentPageTest.h; sourceTree = SOURCE_ROOT; };
		49B70DEA155C5F3500C0FD9F /* SimpleTextUsage.cpp */ = {isa = PBXFileReference; fileEncoding = 4; lastKnownFileType = sourcecode.cpp.cpp; name = SimpleTextUsage.cpp; path = ../PDFWriterTestPlayground/SimpleTextUsage.cpp; sourceTree = SOURCE_ROOT; };
		49B70DEB155C5F3500C0FD9F /* SimpleTextUsage.h */ = {isa = PBXFileReference; fileEncoding = 4; lastKnownFileType = sourcecode.c.h; name = SimpleTextUsage.h; path = ../PDFWriterTestPlayground/SimpleTextUsage.h; sourceTree = SOURCE_ROOT; };
		49B70DEF155C5F3500C0FD9F /* TestsRunner.cpp */ = {isa = PBXFileReference; fileEncoding = 4; lastKnownFileType = sourcecode.cpp.cpp; name = TestsRunner.cpp; path = ../PDFWriterTestPlayground/TestsRunner.cpp; sourceTree = SOURCE_ROOT; };
		49B70DF0155C5F3500C0FD9F /* TestsRunner.h */ = {isa = PBXFileReference; fileEncoding = 4; lastKnownFileType = sourcecode.c.h; name = TestsRunner.h; path = ../PDFWriterTestPlayground/TestsRunner.h; sourceTree = SOURCE_ROOT; };
		49B70DF1155C5F3500C0FD9F /* TIFFImageTest.cpp */ = {isa = PBXFileReference; fileEncoding = 4; lastKnownFileType = sourcecode.cpp.cpp; name = TIFFImageTest.cpp; path = ../PDFWriterTestPlayground/TIFFImageTest.cpp; sourceTree = SOURCE_ROOT; };
		49B70DF2155C5F3500C0FD9F /* TIFFImageTest.h */ = {isa = PBXFileReference; fileEncoding = 4; lastKnownFileType = sourcecode.c.h; name = TIFFImageTest.h; path = ../PDFWriterTestPlayground/TIFFImageTest.h; sourceTree = SOURCE_ROOT; };
		49B70DF3155C5F3500C0FD9F /* TiffSpecialsTest.cpp */ = {isa = PBXFileReference; fileEncoding = 4; lastKnownFileType = sourcecode.cpp.cpp; name = TiffSpecialsTest.cpp; path = ../PDFWriterTestPlayground/TiffSpecialsTest.cpp; sourceTree = SOURCE_ROOT; };
		49B70DF4155C5F3500C0FD9F /* TiffSpecialsTest.h */ = {isa = PBXFileReference; fileEncoding = 4; lastKnownFileType = sourcecode.c.h; name = TiffSpecialsTest.h; path = ../PDFWriterTestPlayground/TiffSpecialsTest.h; sourceTree = SOURCE_ROOT; };
		49B70DF5155C5F3500C0FD9F /* TimerTest.cpp */ = {isa = PBXFileReference; fileEncoding = 4; lastKnownFileType = sourcecode.cpp.cpp; name = TimerTest.cpp; path = ../PDFWriterTestPlayground/TimerTest.cpp; sourceTree = SOURCE_ROOT; };
		49B70DF6155C5F3500C0FD9F /* TimerTest.h */ = {isa = PBXFileReference; fileEncoding = 4; lastKnownFileType = sourcecode.c.h; name = TimerTest.h; path = ../PDFWriterTestPlayground/TimerTest.h; sourceTree = SOURCE_ROOT; };
		49B70DF7155C5F3500C0FD9F /* TrueTypeTest.cpp */ = {isa = PBXFileReference; fileEncoding = 4; lastKnownFileType = sourcecode.cpp.cpp; name = TrueTypeTest.cpp; path = ../PDFWriterTestPlayground/TrueTypeTest.cpp; sourceTree = SOURCE_ROOT; };
		49B70DF8155C5F3500C0FD9F /* TrueTypeTest.h */ = {isa = PBXFileReference; fileEncoding = 4; lastKnownFileType = sourcecode.c.h; name = TrueTypeTest.h; path = ../PDFWriterTestPlayground/TrueTypeTest.h; sourceTree = SOURCE_ROOT; };
		49B70DF9155C5F3500C0FD9F /* Type1Test.cpp */ = {isa = PBXFileReference; fileEncoding = 4; lastKnownFileType = sourcecode.cpp.cpp; name = Type1Test.cpp; path = ../PDFWriterTestPlayground/Type1Test.cpp; sourceTree = SOURCE_ROOT; };
		49B70DFA155C5F3500C0FD9F /* Type1Test.h */ = {isa = PBXFileReference; fileEncoding = 4; lastKnownFileType = sourcecode.c.h; name = Type1Test.h; path = ../PDFWriterTestPlayground/Type1Test.h; sourceTree = SOURCE_ROOT; };
		49B70DFB155C5F3500C0FD9F /* UppercaseSequanceTest.cpp */ = {isa = PBXFileReference; fileEncoding = 4; lastKnownFileType = sourcecode.cpp.cpp; name = UppercaseSequanceTest.cpp; path = ../PDFWriterTestPlayground/UppercaseSequanceTest.cpp; sourceTree = SOURCE_ROOT; };
		49B70DFC155C5F3500C0FD9F /* UppercaseSequanceTest.h */ = {isa = PBXFileReference; fileEncoding = 4; lastKnownFileType = sourcecode.c.h; name = UppercaseSequanceTest.h; path = ../PDFWriterTestPlayground/UppercaseSequanceTest.h; sourceTree = SOURCE_ROOT; };
		49E5A56B155C601B00ED8A29 /* CoreFoundation.framework */ = {isa = PBXFileReference; lastKnownFileType = wrapper.framework; name = CoreFoundation.framework; path = System/Library/Frameworks/CoreFoundation.framework; sourceTree = SDKROOT; };
		49E5A56E155C602500ED8A29 /* libz.dylib */ = {isa = PBXFileReference; lastKnownFileType = "compiled.mach-o.dylib"; name = libz.dylib; path = usr/lib/libz.dylib; sourceTree = SDKROOT; };
		49E5A570155C603300ED8A29 /* libPDFWriter.a */ = {isa = PBXFileReference; lastKnownFileType = archive.ar; name = libPDFWriter.a; path = Build/Products/Debug/libPDFWriter.a; sourceTree = "<group>"; };
		49EF594716BD35DD00531FD7 /* libLibJpeg.a */ = {isa = PBXFileReference; lastKnownFileType = archive.ar; name = libLibJpeg.a; path = Build/Products/Debug/libLibJpeg.a; sourceTree = "<group>"; };
		49EF594D16BD3C7800531FD7 /* libLibTiff.a */ = {isa = PBXFileReference; lastKnownFileType = archive.ar; name = libLibTiff.a; path = Build/Products/Debug/libLibTiff.a; sourceTree = "<group>"; };
/* End PBXFileReference section */

/* Begin PBXFrameworksBuildPhase section */
		4989C527155C5EED00D93089 /* Frameworks */ = {
			isa = PBXFrameworksBuildPhase;
			buildActionMask = 2147483647;
			files = (
				499721A9169F3A1400D5068D /* libFreetype.a in Frameworks */,
				49E5A571155C603300ED8A29 /* libPDFWriter.a in Frameworks */,
				49E5A56F155C602500ED8A29 /* libz.dylib in Frameworks */,
				49E5A56C155C601B00ED8A29 /* CoreFoundation.framework in Frameworks */,
				49EF594816BD35DD00531FD7 /* libLibJpeg.a in Frameworks */,
				49EF594E16BD3C7900531FD7 /* libLibTiff.a in Frameworks */,
			);
			runOnlyForDeploymentPostprocessing = 0;
		};
/* End PBXFrameworksBuildPhase section */

/* Begin PBXGroup section */
		490BBEA515657B9F00C28250 /* Hummus Paths */ = {
			isa = PBXGroup;
			children = (
				490BBEA715657BD400C28250 /* WindowsPath.h */,
				490BBEA815657BE900C28250 /* WindowsPath.cpp */,
				490BBEAA15657C5900C28250 /* FileURL.cpp */,
				490BBEAC15657C6A00C28250 /* FileURL.h */,
				490BBEAE1566B80D00C28250 /* PosixPath.cpp */,
				490BBEAD1566B7FD00C28250 /* PosixPath.h */,
			);
			name = "Hummus Paths";
			sourceTree = "<group>";
		};
		495F846F16B40ACA0047C11A /* Font Packages */ = {
			isa = PBXGroup;
			children = (
				495F847416B40B440047C11A /* TTCTest.cpp */,
				495F847516B40B440047C11A /* TTCTest.h */,
				495F847716B434780047C11A /* DFontTest.cpp */,
				495F847816B434780047C11A /* DFontTest.h */,
			);
			name = "Font Packages";
			sourceTree = "<group>";
		};
		497CD3BE15A8710D000B3C7C /* Modification */ = {
			isa = PBXGroup;
			children = (
				4989F37D15BAB95400F91EAF /* Comments Infrastracture */,
				497CD3C015A87124000B3C7C /* BasicModification.h */,
				497CD3C115A87136000B3C7C /* BasicModification.cpp */,
				497CD3C515A8ABCF000B3C7C /* AppendingAndReading.h */,
				497CD3C315A8ABBE000B3C7C /* AppendingAndReading.cpp */,
				4989F37915BA976700F91EAF /* ModifyingExistingFileContent.h */,
				4989F37B15BA977800F91EAF /* ModifyingExistingFileContent.cpp */,
			);
			name = Modification;
			sourceTree = "<group>";
		};
		4989C51F155C5EED00D93089 = {
			isa = PBXGroup;
			children = (
				49EF594D16BD3C7800531FD7 /* libLibTiff.a */,
				499721A7169F3A1400D5068D /* libFreetype.a */,
				49E5A570155C603300ED8A29 /* libPDFWriter.a */,
				49EF594716BD35DD00531FD7 /* libLibJpeg.a */,
				49E5A56E155C602500ED8A29 /* libz.dylib */,
				49E5A56B155C601B00ED8A29 /* CoreFoundation.framework */,
				4989C52D155C5EED00D93089 /* PDFWriterTestPlayground */,
				4989C52B155C5EED00D93089 /* Products */,
			);
			sourceTree = "<group>";
		};
		4989C52B155C5EED00D93089 /* Products */ = {
			isa = PBXGroup;
			children = (
				4989C52A155C5EED00D93089 /* PDFWriterTestPlayground */,
			);
			name = Products;
			sourceTree = "<group>";
		};
		4989C52D155C5EED00D93089 /* PDFWriterTestPlayground */ = {
			isa = PBXGroup;
			children = (
				49DB92A0155D135200C949D7 /* Testing System */,
				49DB929F155D12B300C949D7 /* Main */,
				49B70E25155C5F5000C0FD9F /* Tests */,
			);
			name = PDFWriterTestPlayground;
			path = ../PDFWriterTestPlayground;
			sourceTree = SOURCE_ROOT;
		};
		4989F37D15BAB95400F91EAF /* Comments Infrastracture */ = {
			isa = PBXGroup;
			children = (
				4989F37E15BAB97F00F91EAF /* PDFComment.cpp */,
				4989F37F15BAB97F00F91EAF /* PDFComment.h */,
				4989F38015BAB97F00F91EAF /* PDFCommentWriter.cpp */,
				4989F38115BAB97F00F91EAF /* PDFCommentWriter.h */,
			);
			name = "Comments Infrastracture";
			sourceTree = "<group>";
		};
		498C3F0315C5B3C1009EA9F8 /* DCT decode */ = {
			isa = PBXGroup;
			children = (
				498C3F0515C5B66D009EA9F8 /* JpegLibTest.h */,
				498C3F0615C5B67E009EA9F8 /* JpegLibTest.cpp */,
				498C3F1415CBF63F009EA9F8 /* DCTDecodeFilterTest.h */,
				498C3F1515CBF64E009EA9F8 /* DCTDecodeFilterTest.cpp */,
			);
			name = "DCT decode";
			sourceTree = "<group>";
		};
		49B70E25155C5F5000C0FD9F /* Tests */ = {
			isa = PBXGroup;
			children = (
				495F846F16B40ACA0047C11A /* Font Packages */,
				498C3F0315C5B3C1009EA9F8 /* DCT decode */,
				497CD3BE15A8710D000B3C7C /* Modification */,
				49DB92AD155D149C00C949D7 /* Type1 */,
				49DB92AC155D149300C949D7 /* TrueType */,
				49DB92A8155D145E00C949D7 /* PDFs */,
				49DB92A7155D13E500C949D7 /* PDFEmbedding */,
				49DB92A6155D13DC00C949D7 /* Patterns */,
				49DB92A5155D13D100C949D7 /* Object Context Level */,
				49DB92A4155D13C900C949D7 /* IO */,
				49DB92A3155D13C000C949D7 /* FreeType */,
				49DB92A2155D13B800C949D7 /* CFF */,
				49DB92A1155D13AE00C949D7 /* Basics */,
			);
			name = Tests;
			path = ../PDFWriterTestPlayground;
			sourceTree = SOURCE_ROOT;
		};
		49DB929F155D12B300C949D7 /* Main */ = {
			isa = PBXGroup;
			children = (
				49B70DDE155C5F3500C0FD9F /* PDFWriterTestPlayground.cpp */,
			);
			name = Main;
			sourceTree = "<group>";
		};
		49DB92A0155D135200C949D7 /* Testing System */ = {
			isa = PBXGroup;
			children = (
				490BBEA515657B9F00C28250 /* Hummus Paths */,
				49B70DC3155C5F3500C0FD9F /* ITestUnit.h */,
				49B70DEF155C5F3500C0FD9F /* TestsRunner.cpp */,
				49B70DF0155C5F3500C0FD9F /* TestsRunner.h */,
			);
			name = "Testing System";
			path = ../PDFWriterTestPlayground;
			sourceTree = SOURCE_ROOT;
		};
		49DB92A1155D13AE00C949D7 /* Basics */ = {
			isa = PBXGroup;
			children = (
				49B70DF5155C5F3500C0FD9F /* TimerTest.cpp */,
				49B70DF6155C5F3500C0FD9F /* TimerTest.h */,
			);
			name = Basics;
			sourceTree = "<group>";
		};
		49DB92A2155D13B800C949D7 /* CFF */ = {
			isa = PBXGroup;
			children = (
				49B70DCE155C5F3500C0FD9F /* OpenTypeTest.cpp */,
				49B70DCF155C5F3500C0FD9F /* OpenTypeTest.h */,
			);
			name = CFF;
			sourceTree = "<group>";
		};
		49DB92A3155D13C000C949D7 /* FreeType */ = {
			isa = PBXGroup;
			children = (
				49B70DBA155C5F3500C0FD9F /* FreeTypeInitializationTest.cpp */,
				49B70DBB155C5F3500C0FD9F /* FreeTypeInitializationTest.h */,
			);
			name = FreeType;
			sourceTree = "<group>";
		};
		49DB92A4155D13C900C949D7 /* IO */ = {
			isa = PBXGroup;
			children = (
				49B70DD0155C5F3500C0FD9F /* OutputFileStreamTest.cpp */,
				49B70DD1155C5F3500C0FD9F /* OutputFileStreamTest.h */,
				49B70DC8155C5F3500C0FD9F /* LogTest.cpp */,
				49B70DC9155C5F3500C0FD9F /* LogTest.h */,
				49B70DB6155C5F3500C0FD9F /* FlateEncryptionTest.cpp */,
				49B70DB7155C5F3500C0FD9F /* FlateEncryptionTest.h */,
				49B70DAE155C5F3500C0FD9F /* BufferedOutputStreamTest.cpp */,
				49B70DAF155C5F3500C0FD9F /* BufferedOutputStreamTest.h */,
			);
			name = IO;
			sourceTree = "<group>";
		};
		49DB92A5155D13D100C949D7 /* Object Context Level */ = {
			isa = PBXGroup;
			children = (
				49B70DFB155C5F3500C0FD9F /* UppercaseSequanceTest.cpp */,
				49B70DFC155C5F3500C0FD9F /* UppercaseSequanceTest.h */,
				49B70DDC155C5F3500C0FD9F /* PDFTextStringTest.cpp */,
				49B70DDD155C5F3500C0FD9F /* PDFTextStringTest.h */,
				49B70DD4155C5F3500C0FD9F /* PDFDateTest.cpp */,
				49B70DD5155C5F3500C0FD9F /* PDFDateTest.h */,
			);
			name = "Object Context Level";
			sourceTree = "<group>";
		};
		49DB92A6155D13DC00C949D7 /* Patterns */ = {
			isa = PBXGroup;
			children = (
				49B70DAC155C5F3500C0FD9F /* BoxingBaseTest.cpp */,
				49B70DAD155C5F3500C0FD9F /* BoxingBaseTest.h */,
			);
			name = Patterns;
			sourceTree = "<group>";
		};
		49DB92A7155D13E500C949D7 /* PDFEmbedding */ = {
			isa = PBXGroup;
			children = (
				49B70DA8155C5F3500C0FD9F /* AppendPagesTest.cpp */,
				49B70DA9155C5F3500C0FD9F /* AppendPagesTest.h */,
				49B70DAA155C5F3500C0FD9F /* AppendSpecialPagesTest.cpp */,
				49B70DAB155C5F3500C0FD9F /* AppendSpecialPagesTest.h */,
				49B70DBF155C5F3500C0FD9F /* InputFlateDecodeTester.cpp */,
				49B70DC0155C5F3500C0FD9F /* InputFlateDecodeTester.h */,
				49B70DCA155C5F3500C0FD9F /* MergePDFPages.cpp */,
				49B70DCB155C5F3500C0FD9F /* MergePDFPages.h */,
				49B70DD2155C5F3500C0FD9F /* PDFCopyingContextTest.cpp */,
				49B70DD3155C5F3500C0FD9F /* PDFCopyingContextTest.h */,
				49B70DD6155C5F3500C0FD9F /* PDFEmbedTest.cpp */,
				49B70DD7155C5F3500C0FD9F /* PDFEmbedTest.h */,
				49B70DD8155C5F3500C0FD9F /* PDFObjectCastTest.cpp */,
				49B70DD9155C5F3500C0FD9F /* PDFObjectCastTest.h */,
				49B70DE4155C5F3500C0FD9F /* RefCountTest.cpp */,
				49B70DE5155C5F3500C0FD9F /* RefCountTest.h */,
				49B70DDA155C5F3500C0FD9F /* PDFParserTest.cpp */,
				49B70DDB155C5F3500C0FD9F /* PDFParserTest.h */,
				497EF61715C1E4F600286CAC /* MergeToPDFForm.h */,
				497EF61915C1E50E00286CAC /* MergeToPDFForm.cpp */,
				490E2F5F16D69E0000200604 /* CopyingAndMergingEmptyPages.cpp */,
				490E2F6016D69E0000200604 /* CopyingAndMergingEmptyPages.h */,
			);
			name = PDFEmbedding;
			sourceTree = "<group>";
		};
		49DB92A8155D145E00C949D7 /* PDFs */ = {
			isa = PBXGroup;
			children = (
				49DB92AE155D153B00C949D7 /* CustomStreamsIO */,
				49DB92AB155D147800C949D7 /* Text */,
				49DB92AA155D147000C949D7 /* Images In PDF */,
				49DB92A9155D146400C949D7 /* Generic */,
			);
			name = PDFs;
			path = ../PDFWriterTestPlayground;
			sourceTree = SOURCE_ROOT;
		};
		49DB92A9155D146400C949D7 /* Generic */ = {
			isa = PBXGroup;
			children = (
				49B70DE6155C5F3500C0FD9F /* ShutDownRestartTest.cpp */,
				49B70DE7155C5F3500C0FD9F /* ShutDownRestartTest.h */,
				49B70DE8155C5F3500C0FD9F /* SimpleContentPageTest.cpp */,
				49B70DE9155C5F3500C0FD9F /* SimpleContentPageTest.h */,
				49B70DB2155C5F3500C0FD9F /* EmptyFileTest.cpp */,
				49B70DB3155C5F3500C0FD9F /* EmptyFileTest.h */,
				49B70DC6155C5F3500C0FD9F /* LinksTest.cpp */,
				49B70DC7155C5F3500C0FD9F /* LinksTest.h */,
				49B70DB8155C5F3500C0FD9F /* FormXObjectTest.cpp */,
				49B70DB9155C5F3500C0FD9F /* FormXObjectTest.h */,
				49B70DB4155C5F3500C0FD9F /* EmptyPagesPDF.cpp */,
				49B70DB5155C5F3500C0FD9F /* EmptyPagesPDF.h */,
			);
			name = Generic;
			path = ../PDFWriterTestPlayground;
			sourceTree = SOURCE_ROOT;
		};
		49DB92AA155D147000C949D7 /* Images In PDF */ = {
			isa = PBXGroup;
			children = (
				49B70DF1155C5F3500C0FD9F /* TIFFImageTest.cpp */,
				49B70DF2155C5F3500C0FD9F /* TIFFImageTest.h */,
				49B70DF3155C5F3500C0FD9F /* TiffSpecialsTest.cpp */,
				49B70DF4155C5F3500C0FD9F /* TiffSpecialsTest.h */,
				49B70DC4155C5F3500C0FD9F /* JPGImageTest.cpp */,
				49B70DC5155C5F3500C0FD9F /* JPGImageTest.h */,
				49B70DBC155C5F3500C0FD9F /* ImagesAndFormsForwardReferenceTest.cpp */,
				49B70DBD155C5F3500C0FD9F /* ImagesAndFormsForwardReferenceTest.h */,
			);
			name = "Images In PDF";
			path = ../PDFWriterTestPlayground;
			sourceTree = SOURCE_ROOT;
		};
		49DB92AB155D147800C949D7 /* Text */ = {
			isa = PBXGroup;
			children = (
				49B70DEA155C5F3500C0FD9F /* SimpleTextUsage.cpp */,
				49B70DEB155C5F3500C0FD9F /* SimpleTextUsage.h */,
			);
			name = Text;
			path = ../PDFWriterTestPlayground;
			sourceTree = SOURCE_ROOT;
		};
		49DB92AC155D149300C949D7 /* TrueType */ = {
			isa = PBXGroup;
			children = (
				49B70DF7155C5F3500C0FD9F /* TrueTypeTest.cpp */,
				49B70DF8155C5F3500C0FD9F /* TrueTypeTest.h */,
			);
			name = TrueType;
			sourceTree = "<group>";
		};
		49DB92AD155D149C00C949D7 /* Type1 */ = {
			isa = PBXGroup;
			children = (
				49B70DF9155C5F3500C0FD9F /* Type1Test.cpp */,
				49B70DFA155C5F3500C0FD9F /* Type1Test.h */,
				49B70DE2155C5F3500C0FD9F /* PFBStreamTest.cpp */,
				49B70DE3155C5F3500C0FD9F /* PFBStreamTest.h */,
			);
			name = Type1;
			sourceTree = "<group>";
		};
		49DB92AE155D153B00C949D7 /* CustomStreamsIO */ = {
			isa = PBXGroup;
			children = (
				49B70DB0155C5F3500C0FD9F /* CustomLogTest.cpp */,
				49B70DB1155C5F3500C0FD9F /* CustomLogTest.h */,
				49B70DC1155C5F3500C0FD9F /* InputImagesAsStreamsTest.cpp */,
				49B70DC2155C5F3500C0FD9F /* InputImagesAsStreamsTest.h */,
			);
			name = CustomStreamsIO;
			path = ../PDFWriterTestPlayground;
			sourceTree = SOURCE_ROOT;
		};
/* End PBXGroup section */

/* Begin PBXNativeTarget section */
		4989C529155C5EED00D93089 /* PDFWriterTestPlayground */ = {
			isa = PBXNativeTarget;
			buildConfigurationList = 4989C534155C5EED00D93089 /* Build configuration list for PBXNativeTarget "PDFWriterTestPlayground" */;
			buildPhases = (
				4989C526155C5EED00D93089 /* Sources */,
				4989C527155C5EED00D93089 /* Frameworks */,
				4989C528155C5EED00D93089 /* CopyFiles */,
			);
			buildRules = (
			);
			dependencies = (
			);
			name = PDFWriterTestPlayground;
			productName = PDFWriterTestPlayground;
			productReference = 4989C52A155C5EED00D93089 /* PDFWriterTestPlayground */;
			productType = "com.apple.product-type.tool";
		};
/* End PBXNativeTarget section */

/* Begin PBXProject section */
		4989C521155C5EED00D93089 /* Project object */ = {
			isa = PBXProject;
			attributes = {
				LastUpgradeCheck = 0460;
				ORGANIZATIONNAME = "gal.kahana@hotmail.com";
			};
			buildConfigurationList = 4989C524155C5EED00D93089 /* Build configuration list for PBXProject "PDFWriterTestPlayground" */;
			compatibilityVersion = "Xcode 3.2";
			developmentRegion = English;
			hasScannedForEncodings = 0;
			knownRegions = (
				en,
			);
			mainGroup = 4989C51F155C5EED00D93089;
			productRefGroup = 4989C52B155C5EED00D93089 /* Products */;
			projectDirPath = "";
			projectRoot = "";
			targets = (
				4989C529155C5EED00D93089 /* PDFWriterTestPlayground */,
			);
		};
/* End PBXProject section */

/* Begin PBXSourcesBuildPhase section */
		4989C526155C5EED00D93089 /* Sources */ = {
			isa = PBXSourcesBuildPhase;
			buildActionMask = 2147483647;
			files = (
				49B70DFD155C5F3500C0FD9F /* AppendPagesTest.cpp in Sources */,
				49B70DFE155C5F3500C0FD9F /* AppendSpecialPagesTest.cpp in Sources */,
				49B70DFF155C5F3500C0FD9F /* BoxingBaseTest.cpp in Sources */,
				49B70E00155C5F3500C0FD9F /* BufferedOutputStreamTest.cpp in Sources */,
				49B70E01155C5F3500C0FD9F /* CustomLogTest.cpp in Sources */,
				49B70E02155C5F3500C0FD9F /* EmptyFileTest.cpp in Sources */,
				49B70E03155C5F3500C0FD9F /* EmptyPagesPDF.cpp in Sources */,
				49B70E04155C5F3500C0FD9F /* FlateEncryptionTest.cpp in Sources */,
				49B70E05155C5F3500C0FD9F /* FormXObjectTest.cpp in Sources */,
				49B70E06155C5F3500C0FD9F /* FreeTypeInitializationTest.cpp in Sources */,
				49B70E07155C5F3500C0FD9F /* ImagesAndFormsForwardReferenceTest.cpp in Sources */,
				49B70E08155C5F3500C0FD9F /* InputFlateDecodeTester.cpp in Sources */,
				49B70E09155C5F3500C0FD9F /* InputImagesAsStreamsTest.cpp in Sources */,
				49B70E0A155C5F3500C0FD9F /* JPGImageTest.cpp in Sources */,
				49B70E0B155C5F3500C0FD9F /* LinksTest.cpp in Sources */,
				49B70E0C155C5F3500C0FD9F /* LogTest.cpp in Sources */,
				49B70E0D155C5F3500C0FD9F /* MergePDFPages.cpp in Sources */,
				49B70E0F155C5F3500C0FD9F /* OpenTypeTest.cpp in Sources */,
				49B70E10155C5F3500C0FD9F /* OutputFileStreamTest.cpp in Sources */,
				49B70E11155C5F3500C0FD9F /* PDFCopyingContextTest.cpp in Sources */,
				49B70E12155C5F3500C0FD9F /* PDFDateTest.cpp in Sources */,
				49B70E13155C5F3500C0FD9F /* PDFEmbedTest.cpp in Sources */,
				49B70E14155C5F3500C0FD9F /* PDFObjectCastTest.cpp in Sources */,
				49B70E15155C5F3500C0FD9F /* PDFParserTest.cpp in Sources */,
				49B70E16155C5F3500C0FD9F /* PDFTextStringTest.cpp in Sources */,
				49B70E17155C5F3500C0FD9F /* PDFWriterTestPlayground.cpp in Sources */,
				49B70E18155C5F3500C0FD9F /* PFBStreamTest.cpp in Sources */,
				49B70E19155C5F3500C0FD9F /* RefCountTest.cpp in Sources */,
				49B70E1A155C5F3500C0FD9F /* ShutDownRestartTest.cpp in Sources */,
				49B70E1B155C5F3500C0FD9F /* SimpleContentPageTest.cpp in Sources */,
				49B70E1C155C5F3500C0FD9F /* SimpleTextUsage.cpp in Sources */,
				49B70E1E155C5F3500C0FD9F /* TestsRunner.cpp in Sources */,
				49B70E1F155C5F3500C0FD9F /* TIFFImageTest.cpp in Sources */,
				49B70E20155C5F3500C0FD9F /* TiffSpecialsTest.cpp in Sources */,
				49B70E21155C5F3500C0FD9F /* TimerTest.cpp in Sources */,
				49B70E22155C5F3500C0FD9F /* TrueTypeTest.cpp in Sources */,
				49B70E23155C5F3500C0FD9F /* Type1Test.cpp in Sources */,
				49B70E24155C5F3500C0FD9F /* UppercaseSequanceTest.cpp in Sources */,
				490BBEA915657BE900C28250 /* WindowsPath.cpp in Sources */,
				490BBEAB15657C5900C28250 /* FileURL.cpp in Sources */,
				490BBEAF1566B80D00C28250 /* PosixPath.cpp in Sources */,
				497CD3C215A87136000B3C7C /* BasicModification.cpp in Sources */,
				497CD3C415A8ABBE000B3C7C /* AppendingAndReading.cpp in Sources */,
				4989F37C15BA977800F91EAF /* ModifyingExistingFileContent.cpp in Sources */,
				4989F38215BAB98000F91EAF /* PDFComment.cpp in Sources */,
				4989F38315BAB98000F91EAF /* PDFCommentWriter.cpp in Sources */,
				497EF61A15C1E50E00286CAC /* MergeToPDFForm.cpp in Sources */,
				498C3F0715C5B67E009EA9F8 /* JpegLibTest.cpp in Sources */,
				498C3F1615CBF64E009EA9F8 /* DCTDecodeFilterTest.cpp in Sources */,
				495F847616B40B440047C11A /* TTCTest.cpp in Sources */,
				495F847916B434780047C11A /* DFontTest.cpp in Sources */,
				490E2F6116D69E0000200604 /* CopyingAndMergingEmptyPages.cpp in Sources */,
			);
			runOnlyForDeploymentPostprocessing = 0;
		};
/* End PBXSourcesBuildPhase section */

/* Begin XCBuildConfiguration section */
		4989C532155C5EED00D93089 /* Debug */ = {
			isa = XCBuildConfiguration;
			buildSettings = {
				ALWAYS_SEARCH_USER_PATHS = NO;
				ARCHS = "$(ARCHS_STANDARD_64_BIT)";
				CLANG_ENABLE_OBJC_ARC = YES;
				CLANG_WARN_CONSTANT_CONVERSION = YES;
				CLANG_WARN_ENUM_CONVERSION = YES;
				CLANG_WARN_INT_CONVERSION = YES;
				CLANG_WARN__DUPLICATE_METHOD_MATCH = YES;
				COPY_PHASE_STRIP = NO;
				GCC_C_LANGUAGE_STANDARD = gnu99;
				GCC_DYNAMIC_NO_PIC = NO;
				GCC_ENABLE_OBJC_EXCEPTIONS = YES;
				GCC_OPTIMIZATION_LEVEL = 0;
				GCC_PREPROCESSOR_DEFINITIONS = (
					"DEBUG=1",
					"$(inherited)",
				);
				GCC_SYMBOLS_PRIVATE_EXTERN = NO;
				GCC_VERSION = com.apple.compilers.llvm.clang.1_0;
				GCC_WARN_64_TO_32_BIT_CONVERSION = YES;
				GCC_WARN_ABOUT_RETURN_TYPE = YES;
				GCC_WARN_UNINITIALIZED_AUTOS = YES;
				GCC_WARN_UNUSED_VARIABLE = YES;
				MACOSX_DEPLOYMENT_TARGET = 10.7;
				ONLY_ACTIVE_ARCH = YES;
				SDKROOT = macosx;
			};
			name = Debug;
		};
		4989C533155C5EED00D93089 /* Release */ = {
			isa = XCBuildConfiguration;
			buildSettings = {
				ALWAYS_SEARCH_USER_PATHS = NO;
				ARCHS = "$(ARCHS_STANDARD_64_BIT)";
				CLANG_ENABLE_OBJC_ARC = YES;
				CLANG_WARN_CONSTANT_CONVERSION = YES;
				CLANG_WARN_ENUM_CONVERSION = YES;
				CLANG_WARN_INT_CONVERSION = YES;
				CLANG_WARN__DUPLICATE_METHOD_MATCH = YES;
				COPY_PHASE_STRIP = YES;
				DEBUG_INFORMATION_FORMAT = "dwarf-with-dsym";
				GCC_C_LANGUAGE_STANDARD = gnu99;
				GCC_ENABLE_OBJC_EXCEPTIONS = YES;
				GCC_VERSION = com.apple.compilers.llvm.clang.1_0;
				GCC_WARN_64_TO_32_BIT_CONVERSION = YES;
				GCC_WARN_ABOUT_RETURN_TYPE = YES;
				GCC_WARN_UNINITIALIZED_AUTOS = YES;
				GCC_WARN_UNUSED_VARIABLE = YES;
				MACOSX_DEPLOYMENT_TARGET = 10.7;
				SDKROOT = macosx;
			};
			name = Release;
		};
		4989C535155C5EED00D93089 /* Debug */ = {
			isa = XCBuildConfiguration;
			buildSettings = {
				CLANG_CXX_LIBRARY = "compiler-default";
				GCC_PREPROCESSOR_DEFINITIONS = "";
				HEADER_SEARCH_PATHS = (
					../FreeType/Include,
					../PDFWriter,
					../LibJpeg,
				);
				LIBRARY_SEARCH_PATHS = (
					"$(inherited)",
					"\"$(SRCROOT)/Build/Products/Debug\"",
					"\"$(SRCROOT)\"",
				);
				PRODUCT_NAME = "$(TARGET_NAME)";
			};
			name = Debug;
		};
		4989C536155C5EED00D93089 /* Release */ = {
			isa = XCBuildConfiguration;
			buildSettings = {
				CLANG_CXX_LIBRARY = "compiler-default";
				GCC_PREPROCESSOR_DEFINITIONS = "";
				HEADER_SEARCH_PATHS = (
					../FreeType/Include,
					../PDFWriter,
					../LibJpeg,
				);
				LIBRARY_SEARCH_PATHS = (
					"$(inherited)",
					"\"$(SRCROOT)/Build/Products/Debug\"",
					"\"$(SRCROOT)\"",
				);
				PRODUCT_NAME = "$(TARGET_NAME)";
			};
			name = Release;
		};
/* End XCBuildConfiguration section */

/* Begin XCConfigurationList section */
		4989C524155C5EED00D93089 /* Build configuration list for PBXProject "PDFWriterTestPlayground" */ = {
			isa = XCConfigurationList;
			buildConfigurations = (
				4989C532155C5EED00D93089 /* Debug */,
				4989C533155C5EED00D93089 /* Release */,
			);
			defaultConfigurationIsVisible = 0;
			defaultConfigurationName = Release;
		};
		4989C534155C5EED00D93089 /* Build configuration list for PBXNativeTarget "PDFWriterTestPlayground" */ = {
			isa = XCConfigurationList;
			buildConfigurations = (
				4989C535155C5EED00D93089 /* Debug */,
				4989C536155C5EED00D93089 /* Release */,
			);
			defaultConfigurationIsVisible = 0;
			defaultConfigurationName = Release;
		};
/* End XCConfigurationList section */
	};
	rootObject = 4989C521155C5EED00D93089 /* Project object */;
}
