<?xml version="1.0" encoding="utf-8"?>
<Project ToolsVersion="4.0" xmlns="http://schemas.microsoft.com/developer/msbuild/2003">
  <ItemGroup>
    <Filter Include="Main">
      <UniqueIdentifier>{4FC737F1-C7A5-4376-A066-2A32D752A2FF}</UniqueIdentifier>
    </Filter>
    <Filter Include="TestingSystem">
      <UniqueIdentifier>{b41a337f-c13f-4175-a22e-e029291170bd}</UniqueIdentifier>
    </Filter>
    <Filter Include="Tests">
      <UniqueIdentifier>{03595df4-95a0-46ed-95b6-13daa8771fd9}</UniqueIdentifier>
    </Filter>
    <Filter Include="Tests\IO">
      <UniqueIdentifier>{56afcaf5-ae21-4d75-8ebb-161ee335891c}</UniqueIdentifier>
    </Filter>
    <Filter Include="Tests\Object Context Level">
      <UniqueIdentifier>{35c82baa-02d3-45db-bb97-560c05683b79}</UniqueIdentifier>
    </Filter>
    <Filter Include="Tests\PDFs">
      <UniqueIdentifier>{1656897a-e162-4c9b-9d6d-0955e1643420}</UniqueIdentifier>
    </Filter>
    <Filter Include="Tests\PDFs\Images in PDF">
      <UniqueIdentifier>{dee47082-ea0f-4099-b003-b1e96b370828}</UniqueIdentifier>
    </Filter>
    <Filter Include="Tests\PDFs\Generic">
      <UniqueIdentifier>{20501cca-8018-4f84-8868-ab6971e1adc4}</UniqueIdentifier>
    </Filter>
    <Filter Include="Tests\PDFs\Text">
      <UniqueIdentifier>{d72ad3e8-a283-4f5c-86d0-fda069980fd5}</UniqueIdentifier>
    </Filter>
    <Filter Include="Tests\Patterns">
      <UniqueIdentifier>{16776673-6716-49d5-a59f-d04102826f55}</UniqueIdentifier>
    </Filter>
    <Filter Include="Tests\Basics">
      <UniqueIdentifier>{19b5ae9a-a6ec-426d-a659-4a6030391070}</UniqueIdentifier>
    </Filter>
    <Filter Include="Tests\FreeType">
      <UniqueIdentifier>{015937ca-e4a1-42d5-bcc9-bc4a8efaddb1}</UniqueIdentifier>
    </Filter>
    <Filter Include="Tests\TrueType">
      <UniqueIdentifier>{e5a660f4-0a16-4054-8150-706731f61438}</UniqueIdentifier>
    </Filter>
    <Filter Include="Tests\CFF">
      <UniqueIdentifier>{3fde7efe-9872-484b-8152-3cc511b4ea7e}</UniqueIdentifier>
    </Filter>
    <Filter Include="Tests\Type1">
      <UniqueIdentifier>{eb841021-fcf6-4d20-a2ad-da96ecdeac7f}</UniqueIdentifier>
    </Filter>
    <Filter Include="Tests\PDFEmbedding">
      <UniqueIdentifier>{0af2b333-1f07-4faf-9093-20dc09c661b0}</UniqueIdentifier>
    </Filter>
    <Filter Include="TestingSystem\Hummus Paths">
      <UniqueIdentifier>{6ac9ed7e-7102-4e0f-9a8d-1f7ff3678b51}</UniqueIdentifier>
    </Filter>
    <Filter Include="Tests\DCT Decode">
      <UniqueIdentifier>{36655f11-6c0c-4f7a-9c3b-5c628a626031}</UniqueIdentifier>
    </Filter>
    <Filter Include="Tests\Modification">
      <UniqueIdentifier>{6f4450ff-b7eb-4334-9aa3-7d1853263948}</UniqueIdentifier>
    </Filter>
    <Filter Include="Tests\Modification\Comments infrastracture">
      <UniqueIdentifier>{7edf588f-cd11-4acb-b335-b4894bd6c549}</UniqueIdentifier>
    </Filter>
    <Filter Include="Tests\PDFs\CustomStreamsIO">
      <UniqueIdentifier>{847b8432-7229-4916-9076-f9639ebe8772}</UniqueIdentifier>
    </Filter>
    <Filter Include="Tests\Font Packages">
      <UniqueIdentifier>{337e38ac-be9d-4d6d-a749-46d9c6839b6f}</UniqueIdentifier>
    </Filter>
  </ItemGroup>
  <ItemGroup>
    <ClCompile Include="PDFWriterTestPlayground.cpp">
      <Filter>Main</Filter>
    </ClCompile>
    <ClCompile Include="TestsRunner.cpp">
      <Filter>TestingSystem</Filter>
    </ClCompile>
    <ClCompile Include="BufferedOutputStreamTest.cpp">
      <Filter>Tests\IO</Filter>
    </ClCompile>
    <ClCompile Include="FlateEncryptionTest.cpp">
      <Filter>Tests\IO</Filter>
    </ClCompile>
    <ClCompile Include="LogTest.cpp">
      <Filter>Tests\IO</Filter>
    </ClCompile>
    <ClCompile Include="OutputFileStreamTest.cpp">
      <Filter>Tests\IO</Filter>
    </ClCompile>
    <ClCompile Include="PDFDateTest.cpp">
      <Filter>Tests\Object Context Level</Filter>
    </ClCompile>
    <ClCompile Include="PDFTextStringTest.cpp">
      <Filter>Tests\Object Context Level</Filter>
    </ClCompile>
    <ClCompile Include="UppercaseSequanceTest.cpp">
      <Filter>Tests\Object Context Level</Filter>
    </ClCompile>
    <ClCompile Include="ImagesAndFormsForwardReferenceTest.cpp">
      <Filter>Tests\PDFs\Images in PDF</Filter>
    </ClCompile>
    <ClCompile Include="JPGImageTest.cpp">
      <Filter>Tests\PDFs\Images in PDF</Filter>
    </ClCompile>
    <ClCompile Include="TIFFImageTest.cpp">
      <Filter>Tests\PDFs\Images in PDF</Filter>
    </ClCompile>
    <ClCompile Include="TiffSpecialsTest.cpp">
      <Filter>Tests\PDFs\Images in PDF</Filter>
    </ClCompile>
    <ClCompile Include="EmptyFileTest.cpp">
      <Filter>Tests\PDFs\Generic</Filter>
    </ClCompile>
    <ClCompile Include="EmptyPagesPDF.cpp">
      <Filter>Tests\PDFs\Generic</Filter>
    </ClCompile>
    <ClCompile Include="FormXObjectTest.cpp">
      <Filter>Tests\PDFs\Generic</Filter>
    </ClCompile>
    <ClCompile Include="ShutDownRestartTest.cpp">
      <Filter>Tests\PDFs\Generic</Filter>
    </ClCompile>
    <ClCompile Include="SimpleContentPageTest.cpp">
      <Filter>Tests\PDFs\Generic</Filter>
    </ClCompile>
    <ClCompile Include="SimpleTextUsage.cpp">
      <Filter>Tests\PDFs\Text</Filter>
    </ClCompile>
    <ClCompile Include="BoxingBaseTest.cpp">
      <Filter>Tests\Patterns</Filter>
    </ClCompile>
    <ClCompile Include="TimerTest.cpp">
      <Filter>Tests\Basics</Filter>
    </ClCompile>
    <ClCompile Include="FreeTypeInitializationTest.cpp">
      <Filter>Tests\FreeType</Filter>
    </ClCompile>
    <ClCompile Include="TrueTypeTest.cpp">
      <Filter>Tests\TrueType</Filter>
    </ClCompile>
    <ClCompile Include="OpenTypeTest.cpp">
      <Filter>Tests\CFF</Filter>
    </ClCompile>
    <ClCompile Include="PFBStreamTest.cpp">
      <Filter>Tests\Type1</Filter>
    </ClCompile>
    <ClCompile Include="Type1Test.cpp">
      <Filter>Tests\Type1</Filter>
    </ClCompile>
    <ClCompile Include="AppendPagesTest.cpp">
      <Filter>Tests\PDFEmbedding</Filter>
    </ClCompile>
    <ClCompile Include="AppendSpecialPagesTest.cpp">
      <Filter>Tests\PDFEmbedding</Filter>
    </ClCompile>
    <ClCompile Include="InputFlateDecodeTester.cpp">
      <Filter>Tests\PDFEmbedding</Filter>
    </ClCompile>
    <ClCompile Include="PDFCopyingContextTest.cpp">
      <Filter>Tests\PDFEmbedding</Filter>
    </ClCompile>
    <ClCompile Include="PDFEmbedTest.cpp">
      <Filter>Tests\PDFEmbedding</Filter>
    </ClCompile>
    <ClCompile Include="PDFObjectCastTest.cpp">
      <Filter>Tests\PDFEmbedding</Filter>
    </ClCompile>
    <ClCompile Include="PDFParserTest.cpp">
      <Filter>Tests\PDFEmbedding</Filter>
    </ClCompile>
    <ClCompile Include="RefCountTest.cpp">
      <Filter>Tests\PDFEmbedding</Filter>
    </ClCompile>
    <ClCompile Include="MergePDFPages.cpp">
      <Filter>Tests\PDFEmbedding</Filter>
    </ClCompile>
    <ClCompile Include="WindowsPath.cpp">
      <Filter>TestingSystem\Hummus Paths</Filter>
    </ClCompile>
    <ClCompile Include="FileURL.cpp">
      <Filter>TestingSystem\Hummus Paths</Filter>
    </ClCompile>
    <ClCompile Include="PosixPath.cpp">
      <Filter>TestingSystem\Hummus Paths</Filter>
    </ClCompile>
    <ClCompile Include="DCTDecodeFilterTest.cpp">
      <Filter>Tests\DCT Decode</Filter>
    </ClCompile>
    <ClCompile Include="JpegLibTest.cpp">
      <Filter>Tests\DCT Decode</Filter>
    </ClCompile>
    <ClCompile Include="PDFComment.cpp">
      <Filter>Tests\Modification\Comments infrastracture</Filter>
    </ClCompile>
    <ClCompile Include="PDFCommentWriter.cpp">
      <Filter>Tests\Modification\Comments infrastracture</Filter>
    </ClCompile>
    <ClCompile Include="AppendingAndReading.cpp">
      <Filter>Tests\Modification</Filter>
    </ClCompile>
    <ClCompile Include="BasicModification.cpp">
      <Filter>Tests\Modification</Filter>
    </ClCompile>
    <ClCompile Include="ModifyingExistingFileContent.cpp">
      <Filter>Tests\Modification</Filter>
    </ClCompile>
    <ClCompile Include="MergeToPDFForm.cpp">
      <Filter>Tests\PDFEmbedding</Filter>
    </ClCompile>
    <ClCompile Include="LinksTest.cpp">
      <Filter>Tests\PDFs\Generic</Filter>
    </ClCompile>
    <ClCompile Include="CustomLogTest.cpp">
      <Filter>Tests\PDFs\CustomStreamsIO</Filter>
    </ClCompile>
    <ClCompile Include="InputImagesAsStreamsTest.cpp">
      <Filter>Tests\PDFs\CustomStreamsIO</Filter>
    </ClCompile>
    <ClCompile Include="DFontTest.cpp">
      <Filter>Tests\Font Packages</Filter>
    </ClCompile>
    <ClCompile Include="TTCTest.cpp">
      <Filter>Tests\Font Packages</Filter>
    </ClCompile>
  </ItemGroup>
  <ItemGroup>
    <ClInclude Include="ITestUnit.h">
      <Filter>TestingSystem</Filter>
    </ClInclude>
    <ClInclude Include="TestsRunner.h">
      <Filter>TestingSystem</Filter>
    </ClInclude>
    <ClInclude Include="BufferedOutputStreamTest.h">
      <Filter>Tests\IO</Filter>
    </ClInclude>
    <ClInclude Include="FlateEncryptionTest.h">
      <Filter>Tests\IO</Filter>
    </ClInclude>
    <ClInclude Include="LogTest.h">
      <Filter>Tests\IO</Filter>
    </ClInclude>
    <ClInclude Include="OutputFileStreamTest.h">
      <Filter>Tests\IO</Filter>
    </ClInclude>
    <ClInclude Include="PDFDateTest.h">
      <Filter>Tests\Object Context Level</Filter>
    </ClInclude>
    <ClInclude Include="PDFTextStringTest.h">
      <Filter>Tests\Object Context Level</Filter>
    </ClInclude>
    <ClInclude Include="UppercaseSequanceTest.h">
      <Filter>Tests\Object Context Level</Filter>
    </ClInclude>
    <ClInclude Include="ImagesAndFormsForwardReferenceTest.h">
      <Filter>Tests\PDFs\Images in PDF</Filter>
    </ClInclude>
    <ClInclude Include="JPGImageTest.h">
      <Filter>Tests\PDFs\Images in PDF</Filter>
    </ClInclude>
    <ClInclude Include="TIFFImageTest.h">
      <Filter>Tests\PDFs\Images in PDF</Filter>
    </ClInclude>
    <ClInclude Include="TiffSpecialsTest.h">
      <Filter>Tests\PDFs\Images in PDF</Filter>
    </ClInclude>
    <ClInclude Include="EmptyFileTest.h">
      <Filter>Tests\PDFs\Generic</Filter>
    </ClInclude>
    <ClInclude Include="EmptyPagesPDF.h">
      <Filter>Tests\PDFs\Generic</Filter>
    </ClInclude>
    <ClInclude Include="FormXObjectTest.h">
      <Filter>Tests\PDFs\Generic</Filter>
    </ClInclude>
    <ClInclude Include="ShutDownRestartTest.h">
      <Filter>Tests\PDFs\Generic</Filter>
    </ClInclude>
    <ClInclude Include="SimpleContentPageTest.h">
      <Filter>Tests\PDFs\Generic</Filter>
    </ClInclude>
    <ClInclude Include="SimpleTextUsage.h">
      <Filter>Tests\PDFs\Text</Filter>
    </ClInclude>
    <ClInclude Include="BoxingBaseTest.h">
      <Filter>Tests\Patterns</Filter>
    </ClInclude>
    <ClInclude Include="TimerTest.h">
      <Filter>Tests\Basics</Filter>
    </ClInclude>
    <ClInclude Include="FreeTypeInitializationTest.h">
      <Filter>Tests\FreeType</Filter>
    </ClInclude>
    <ClInclude Include="TrueTypeTest.h">
      <Filter>Tests\TrueType</Filter>
    </ClInclude>
    <ClInclude Include="OpenTypeTest.h">
      <Filter>Tests\CFF</Filter>
    </ClInclude>
    <ClInclude Include="PFBStreamTest.h">
      <Filter>Tests\Type1</Filter>
    </ClInclude>
    <ClInclude Include="Type1Test.h">
      <Filter>Tests\Type1</Filter>
    </ClInclude>
    <ClInclude Include="AppendPagesTest.h">
      <Filter>Tests\PDFEmbedding</Filter>
    </ClInclude>
    <ClInclude Include="AppendSpecialPagesTest.h">
      <Filter>Tests\PDFEmbedding</Filter>
    </ClInclude>
    <ClInclude Include="InputFlateDecodeTester.h">
      <Filter>Tests\PDFEmbedding</Filter>
    </ClInclude>
    <ClInclude Include="PDFCopyingContextTest.h">
      <Filter>Tests\PDFEmbedding</Filter>
    </ClInclude>
    <ClInclude Include="PDFEmbedTest.h">
      <Filter>Tests\PDFEmbedding</Filter>
    </ClInclude>
    <ClInclude Include="PDFObjectCastTest.h">
      <Filter>Tests\PDFEmbedding</Filter>
    </ClInclude>
    <ClInclude Include="PDFParserTest.h">
      <Filter>Tests\PDFEmbedding</Filter>
    </ClInclude>
    <ClInclude Include="RefCountTest.h">
      <Filter>Tests\PDFEmbedding</Filter>
    </ClInclude>
    <ClInclude Include="MergePDFPages.h">
      <Filter>Tests\PDFEmbedding</Filter>
    </ClInclude>
    <ClInclude Include="PosixPath.h">
      <Filter>TestingSystem\Hummus Paths</Filter>
    </ClInclude>
    <ClInclude Include="WindowsPath.h">
      <Filter>TestingSystem\Hummus Paths</Filter>
    </ClInclude>
    <ClInclude Include="FileURL.h">
      <Filter>TestingSystem\Hummus Paths</Filter>
    </ClInclude>
    <ClInclude Include="DCTDecodeFilterTest.h">
      <Filter>Tests\DCT Decode</Filter>
    </ClInclude>
    <ClInclude Include="JpegLibTest.h">
      <Filter>Tests\DCT Decode</Filter>
    </ClInclude>
    <ClInclude Include="PDFComment.h">
      <Filter>Tests\Modification\Comments infrastracture</Filter>
    </ClInclude>
    <ClInclude Include="PDFCommentWriter.h">
      <Filter>Tests\Modification\Comments infrastracture</Filter>
    </ClInclude>
    <ClInclude Include="AppendingAndReading.h">
      <Filter>Tests\Modification</Filter>
    </ClInclude>
    <ClInclude Include="BasicModification.h">
      <Filter>Tests\Modification</Filter>
    </ClInclude>
    <ClInclude Include="ModifyingExistingFileContent.h">
      <Filter>Tests\Modification</Filter>
    </ClInclude>
    <ClInclude Include="MergeToPDFForm.h">
      <Filter>Tests\PDFEmbedding</Filter>
    </ClInclude>
    <ClInclude Include="LinksTest.h">
      <Filter>Tests\PDFs\Generic</Filter>
    </ClInclude>
    <ClInclude Include="CustomLogTest.h">
      <Filter>Tests\PDFs\CustomStreamsIO</Filter>
    </ClInclude>
    <ClInclude Include="InputImagesAsStreamsTest.h">
      <Filter>Tests\PDFs\CustomStreamsIO</Filter>
    </ClInclude>
    <ClInclude Include="DFontTest.h">
      <Filter>Tests\Font Packages</Filter>
    </ClInclude>
    <ClInclude Include="TTCTest.h">
      <Filter>Tests\Font Packages</Filter>
    </ClInclude>
  </ItemGroup>
  <ItemGroup>
    <None Include="ImportantReadme.txt" />
  </ItemGroup>
</Project>